{
  "version": 4,
  "terraform_version": "1.1.5",
  "serial": 173,
  "lineage": "affea382-0b68-5721-30ea-fd6c9692dcf2",
  "outputs": {
    "application_url": {
      "value": "alb-soma-deploy-cli-1053740613.us-gov-west-1.elb.amazonaws.com",
      "type": "string"
    },
    "swagger_endpoint": {
      "value": "alb-soma-deploy-ser-593936164.us-gov-west-1.elb.amazonaws.com/api/docs",
      "type": "string"
    }
  },
  "resources": [
    {
      "mode": "data",
      "type": "aws_caller_identity",
      "name": "id_current_account",
      "provider": "provider[\"registry.terraform.io/hashicorp/aws\"]",
      "instances": [
        {
          "schema_version": 0,
          "attributes": {
            "account_id": "343663719667",
            "arn": "arn:aws-us-gov:iam::343663719667:user/chrisdev",
            "id": "343663719667",
            "user_id": "AIDAVAA7UGTZY5WLGJJJ3"
          },
          "sensitive_attributes": []
        }
      ]
    },
    {
      "mode": "managed",
      "type": "random_id",
      "name": "RANDOM_ID",
      "provider": "provider[\"registry.terraform.io/hashicorp/random\"]",
      "instances": [
        {
          "schema_version": 0,
          "attributes": {
            "b64_std": "cN0=",
            "b64_url": "cN0",
            "byte_length": 2,
            "dec": "28893",
            "hex": "70dd",
            "id": "cN0",
            "keepers": null,
            "prefix": null
          },
          "sensitive_attributes": []
        }
      ]
    },
    {
      "module": "module.alb_client",
      "mode": "managed",
      "type": "aws_alb",
      "name": "alb",
      "provider": "provider[\"registry.terraform.io/hashicorp/aws\"]",
      "instances": [
        {
          "index_key": 0,
          "schema_version": 0,
          "attributes": {
            "access_logs": [
              {
                "bucket": "",
                "enabled": false,
                "prefix": ""
              }
            ],
            "arn": "arn:aws-us-gov:elasticloadbalancing:us-gov-west-1:343663719667:loadbalancer/app/alb-soma-deploy-cli/dba2d745131a2340",
            "arn_suffix": "app/alb-soma-deploy-cli/dba2d745131a2340",
            "customer_owned_ipv4_pool": "",
            "desync_mitigation_mode": "defensive",
            "dns_name": "alb-soma-deploy-cli-1053740613.us-gov-west-1.elb.amazonaws.com",
            "drop_invalid_header_fields": false,
            "enable_cross_zone_load_balancing": true,
            "enable_deletion_protection": false,
            "enable_http2": true,
            "enable_waf_fail_open": false,
            "id": "arn:aws-us-gov:elasticloadbalancing:us-gov-west-1:343663719667:loadbalancer/app/alb-soma-deploy-cli/dba2d745131a2340",
            "idle_timeout": 30,
            "internal": false,
            "ip_address_type": "ipv4",
            "load_balancer_type": "application",
            "name": "alb-soma-deploy-cli",
            "name_prefix": null,
            "security_groups": [
              "sg-0169ae8c53a30e548"
            ],
            "subnet_mapping": [
              {
                "allocation_id": "",
                "ipv6_address": "",
                "outpost_id": "",
                "private_ipv4_address": "",
                "subnet_id": "subnet-006f056179cfcbdbf"
              },
              {
                "allocation_id": "",
                "ipv6_address": "",
                "outpost_id": "",
                "private_ipv4_address": "",
                "subnet_id": "subnet-082461e00ea4f3e1d"
              }
            ],
            "subnets": [
              "subnet-006f056179cfcbdbf",
              "subnet-082461e00ea4f3e1d"
            ],
            "tags": {},
            "tags_all": {},
            "timeouts": null,
            "vpc_id": "vpc-0de999c9252cc5dee",
            "zone_id": "Z33AYJ8TM3BH4J"
          },
          "sensitive_attributes": [],
          "private": "eyJlMmJmYjczMC1lY2FhLTExZTYtOGY4OC0zNDM2M2JjN2M0YzAiOnsiY3JlYXRlIjo2MDAwMDAwMDAwMDAsImRlbGV0ZSI6NjAwMDAwMDAwMDAwLCJ1cGRhdGUiOjYwMDAwMDAwMDAwMH19",
          "dependencies": [
            "module.networking.aws_subnet.public_subnets",
            "module.networking.aws_vpc.aws_vpc",
            "module.networking.data.aws_availability_zones.az_availables",
            "module.security_group_alb_client.aws_security_group.sg"
          ],
          "create_before_destroy": true
        }
      ]
    },
    {
      "module": "module.alb_client",
      "mode": "managed",
      "type": "aws_alb_listener",
      "name": "http_listener",
      "provider": "provider[\"registry.terraform.io/hashicorp/aws\"]",
      "instances": [
        {
          "index_key": 0,
          "schema_version": 0,
          "attributes": {
            "alpn_policy": null,
            "arn": "arn:aws-us-gov:elasticloadbalancing:us-gov-west-1:343663719667:listener/app/alb-soma-deploy-cli/dba2d745131a2340/4be413ab4df07ef1",
            "certificate_arn": null,
            "default_action": [
              {
                "authenticate_cognito": [],
                "authenticate_oidc": [],
                "fixed_response": [],
                "forward": [],
                "order": 1,
                "redirect": [],
                "target_group_arn": "arn:aws-us-gov:elasticloadbalancing:us-gov-west-1:343663719667:targetgroup/tg-soma-deploy-c-g/eeaafb5168e80d21",
                "type": "forward"
              }
            ],
            "id": "arn:aws-us-gov:elasticloadbalancing:us-gov-west-1:343663719667:listener/app/alb-soma-deploy-cli/dba2d745131a2340/4be413ab4df07ef1",
            "load_balancer_arn": "arn:aws-us-gov:elasticloadbalancing:us-gov-west-1:343663719667:loadbalancer/app/alb-soma-deploy-cli/dba2d745131a2340",
            "port": 80,
            "protocol": "HTTP",
            "ssl_policy": "",
            "tags": {},
            "tags_all": {},
            "timeouts": null
          },
          "sensitive_attributes": [],
          "private": "eyJlMmJmYjczMC1lY2FhLTExZTYtOGY4OC0zNDM2M2JjN2M0YzAiOnsicmVhZCI6NjAwMDAwMDAwMDAwfX0=",
          "dependencies": [
            "module.alb_client.aws_alb.alb",
            "module.networking.aws_subnet.public_subnets",
            "module.networking.aws_vpc.aws_vpc",
            "module.networking.data.aws_availability_zones.az_availables",
            "module.security_group_alb_client.aws_security_group.sg",
            "module.target_group_client_blue.aws_alb_target_group.target_group"
          ],
          "create_before_destroy": true
        }
      ]
    },
    {
      "module": "module.alb_server",
      "mode": "managed",
      "type": "aws_alb",
      "name": "alb",
      "provider": "provider[\"registry.terraform.io/hashicorp/aws\"]",
      "instances": [
        {
          "index_key": 0,
          "schema_version": 0,
          "attributes": {
            "access_logs": [
              {
                "bucket": "",
                "enabled": false,
                "prefix": ""
              }
            ],
            "arn": "arn:aws-us-gov:elasticloadbalancing:us-gov-west-1:343663719667:loadbalancer/app/alb-soma-deploy-ser/d2dba280cef2a24c",
            "arn_suffix": "app/alb-soma-deploy-ser/d2dba280cef2a24c",
            "customer_owned_ipv4_pool": "",
            "desync_mitigation_mode": "defensive",
            "dns_name": "alb-soma-deploy-ser-593936164.us-gov-west-1.elb.amazonaws.com",
            "drop_invalid_header_fields": false,
            "enable_cross_zone_load_balancing": true,
            "enable_deletion_protection": false,
            "enable_http2": true,
            "enable_waf_fail_open": false,
            "id": "arn:aws-us-gov:elasticloadbalancing:us-gov-west-1:343663719667:loadbalancer/app/alb-soma-deploy-ser/d2dba280cef2a24c",
            "idle_timeout": 30,
            "internal": false,
            "ip_address_type": "ipv4",
            "load_balancer_type": "application",
            "name": "alb-soma-deploy-ser",
            "name_prefix": null,
            "security_groups": [
              "sg-042c21e476e10e4f8"
            ],
            "subnet_mapping": [
              {
                "allocation_id": "",
                "ipv6_address": "",
                "outpost_id": "",
                "private_ipv4_address": "",
                "subnet_id": "subnet-006f056179cfcbdbf"
              },
              {
                "allocation_id": "",
                "ipv6_address": "",
                "outpost_id": "",
                "private_ipv4_address": "",
                "subnet_id": "subnet-082461e00ea4f3e1d"
              }
            ],
            "subnets": [
              "subnet-006f056179cfcbdbf",
              "subnet-082461e00ea4f3e1d"
            ],
            "tags": {},
            "tags_all": {},
            "timeouts": null,
            "vpc_id": "vpc-0de999c9252cc5dee",
            "zone_id": "Z33AYJ8TM3BH4J"
          },
          "sensitive_attributes": [],
          "private": "eyJlMmJmYjczMC1lY2FhLTExZTYtOGY4OC0zNDM2M2JjN2M0YzAiOnsiY3JlYXRlIjo2MDAwMDAwMDAwMDAsImRlbGV0ZSI6NjAwMDAwMDAwMDAwLCJ1cGRhdGUiOjYwMDAwMDAwMDAwMH19",
          "dependencies": [
            "module.networking.aws_subnet.public_subnets",
            "module.networking.aws_vpc.aws_vpc",
            "module.networking.data.aws_availability_zones.az_availables",
            "module.security_group_alb_server.aws_security_group.sg"
          ],
          "create_before_destroy": true
        }
      ]
    },
    {
      "module": "module.alb_server",
      "mode": "managed",
      "type": "aws_alb_listener",
      "name": "http_listener",
      "provider": "provider[\"registry.terraform.io/hashicorp/aws\"]",
      "instances": [
        {
          "index_key": 0,
          "schema_version": 0,
          "attributes": {
            "alpn_policy": null,
            "arn": "arn:aws-us-gov:elasticloadbalancing:us-gov-west-1:343663719667:listener/app/alb-soma-deploy-ser/d2dba280cef2a24c/ef08b1139db5ef65",
            "certificate_arn": null,
            "default_action": [
              {
                "authenticate_cognito": [],
                "authenticate_oidc": [],
                "fixed_response": [],
                "forward": [],
                "order": 1,
                "redirect": [],
                "target_group_arn": "arn:aws-us-gov:elasticloadbalancing:us-gov-west-1:343663719667:targetgroup/tg-soma-deploy-s-g/2ba2de18a21735a8",
                "type": "forward"
              }
            ],
            "id": "arn:aws-us-gov:elasticloadbalancing:us-gov-west-1:343663719667:listener/app/alb-soma-deploy-ser/d2dba280cef2a24c/ef08b1139db5ef65",
            "load_balancer_arn": "arn:aws-us-gov:elasticloadbalancing:us-gov-west-1:343663719667:loadbalancer/app/alb-soma-deploy-ser/d2dba280cef2a24c",
            "port": 80,
            "protocol": "HTTP",
            "ssl_policy": "",
            "tags": {},
            "tags_all": {},
            "timeouts": null
          },
          "sensitive_attributes": [],
          "private": "eyJlMmJmYjczMC1lY2FhLTExZTYtOGY4OC0zNDM2M2JjN2M0YzAiOnsicmVhZCI6NjAwMDAwMDAwMDAwfX0=",
          "dependencies": [
            "module.alb_server.aws_alb.alb",
            "module.networking.aws_subnet.public_subnets",
            "module.networking.aws_vpc.aws_vpc",
            "module.networking.data.aws_availability_zones.az_availables",
            "module.security_group_alb_server.aws_security_group.sg",
            "module.target_group_server_blue.aws_alb_target_group.target_group"
          ],
          "create_before_destroy": true
        }
      ]
    },
    {
      "module": "module.codebuild_client",
      "mode": "managed",
      "type": "aws_codebuild_project",
      "name": "aws_codebuild",
      "provider": "provider[\"registry.terraform.io/hashicorp/aws\"]",
      "instances": [
        {
          "schema_version": 0,
          "attributes": {
            "arn": "arn:aws-us-gov:codebuild:us-gov-west-1:343663719667:project/codebuild-soma-deploy-client",
            "artifacts": [
              {
                "artifact_identifier": "",
                "bucket_owner_access": "",
                "encryption_disabled": false,
                "location": "",
                "name": "codebuild-soma-deploy-client",
                "namespace_type": "",
                "override_artifact_name": false,
                "packaging": "NONE",
                "path": "",
                "type": "CODEPIPELINE"
              }
            ],
            "badge_enabled": false,
            "badge_url": "",
            "build_batch_config": [],
            "build_timeout": 10,
            "cache": [
              {
                "location": "",
                "modes": [],
                "type": "NO_CACHE"
              }
            ],
            "concurrent_build_limit": 0,
            "description": "Terraform codebuild project",
            "encryption_key": "arn:aws-us-gov:kms:us-gov-west-1:343663719667:alias/aws/s3",
            "environment": [
              {
                "certificate": "",
                "compute_type": "BUILD_GENERAL1_SMALL",
                "environment_variable": [
                  {
                    "name": "AWS_REGION",
                    "type": "PLAINTEXT",
                    "value": "us-gov-west-1"
                  },
                  {
                    "name": "AWS_ACCOUNT_ID",
                    "type": "PLAINTEXT",
                    "value": "343663719667"
                  },
                  {
                    "name": "REPO_URL",
                    "type": "PLAINTEXT",
                    "value": "343663719667.dkr.ecr.us-gov-west-1.amazonaws.com/repo-client"
                  },
                  {
                    "name": "IMAGE_TAG",
                    "type": "PLAINTEXT",
                    "value": "latest"
                  },
                  {
                    "name": "DYNAMODB_TABLE",
                    "type": "PLAINTEXT",
                    "value": ""
                  },
                  {
                    "name": "TASK_DEFINITION_FAMILY",
                    "type": "PLAINTEXT",
                    "value": "task-definition-soma-deploy-client"
                  },
                  {
                    "name": "CONTAINER_NAME",
                    "type": "PLAINTEXT",
                    "value": "Container-client"
                  },
                  {
                    "name": "SERVICE_PORT",
                    "type": "PLAINTEXT",
                    "value": "80"
                  },
                  {
                    "name": "FOLDER_PATH",
                    "type": "PLAINTEXT",
                    "value": "./Code/client/."
                  },
                  {
                    "name": "ECS_ROLE",
                    "type": "PLAINTEXT",
                    "value": "ECS-task-excecution-Role"
                  },
                  {
                    "name": "ECS_TASK_ROLE",
                    "type": "PLAINTEXT",
                    "value": "null"
                  },
                  {
                    "name": "SERVER_ALB_URL",
                    "type": "PLAINTEXT",
                    "value": "alb-soma-deploy-ser-593936164.us-gov-west-1.elb.amazonaws.com"
                  }
                ],
                "image": "aws/codebuild/standard:4.0",
                "image_pull_credentials_type": "CODEBUILD",
                "privileged_mode": true,
                "registry_credential": [],
                "type": "LINUX_CONTAINER"
              }
            ],
            "file_system_locations": [],
            "id": "arn:aws-us-gov:codebuild:us-gov-west-1:343663719667:project/codebuild-soma-deploy-client",
            "logs_config": [
              {
                "cloudwatch_logs": [
                  {
                    "group_name": "log-group",
                    "status": "ENABLED",
                    "stream_name": "log-stream"
                  }
                ],
                "s3_logs": [
                  {
                    "bucket_owner_access": "",
                    "encryption_disabled": false,
                    "location": "",
                    "status": "DISABLED"
                  }
                ]
              }
            ],
            "name": "codebuild-soma-deploy-client",
            "project_visibility": "",
            "public_project_alias": "",
            "queued_timeout": 480,
            "resource_access_role": "",
            "secondary_artifacts": [],
            "secondary_source_version": [],
            "secondary_sources": [],
            "service_role": "arn:aws-us-gov:iam::343663719667:role/DevOps-Role",
            "source": [
              {
                "auth": [],
                "build_status_config": [],
                "buildspec": "./Infrastructure/Templates/buildspec.yml",
                "git_clone_depth": 0,
                "git_submodules_config": [],
                "insecure_ssl": false,
                "location": "",
                "report_build_status": false,
                "type": "CODEPIPELINE"
              }
            ],
            "source_version": "",
            "tags": {},
            "tags_all": {},
            "vpc_config": []
          },
          "sensitive_attributes": [],
          "private": "bnVsbA==",
          "dependencies": [
            "data.aws_caller_identity.id_current_account",
            "module.alb_server.aws_alb.alb",
            "module.devops_role.aws_iam_role.devops_role",
            "module.devops_role.aws_iam_role.ecs_task_excecution_role",
            "module.ecr_client.aws_ecr_repository.ecr_repository",
            "module.ecs_role.aws_iam_role.devops_role",
            "module.ecs_role.aws_iam_role.ecs_task_excecution_role",
            "module.ecs_role.aws_iam_role.ecs_task_role",
            "module.ecs_taks_definition_client.aws_ecs_task_definition.ecs_task_definition",
            "module.networking.aws_subnet.public_subnets",
            "module.networking.aws_vpc.aws_vpc",
            "module.networking.data.aws_availability_zones.az_availables",
            "module.security_group_alb_server.aws_security_group.sg"
          ],
          "create_before_destroy": true
        }
      ]
    },
    {
      "module": "module.codebuild_server",
      "mode": "managed",
      "type": "aws_codebuild_project",
      "name": "aws_codebuild",
      "provider": "provider[\"registry.terraform.io/hashicorp/aws\"]",
      "instances": [
        {
          "schema_version": 0,
          "attributes": {
            "arn": "arn:aws-us-gov:codebuild:us-gov-west-1:343663719667:project/codebuild-soma-deploy-server",
            "artifacts": [
              {
                "artifact_identifier": "",
                "bucket_owner_access": "",
                "encryption_disabled": false,
                "location": "",
                "name": "codebuild-soma-deploy-server",
                "namespace_type": "",
                "override_artifact_name": false,
                "packaging": "NONE",
                "path": "",
                "type": "CODEPIPELINE"
              }
            ],
            "badge_enabled": false,
            "badge_url": "",
            "build_batch_config": [],
            "build_timeout": 10,
            "cache": [
              {
                "location": "",
                "modes": [],
                "type": "NO_CACHE"
              }
            ],
            "concurrent_build_limit": 0,
            "description": "Terraform codebuild project",
            "encryption_key": "arn:aws-us-gov:kms:us-gov-west-1:343663719667:alias/aws/s3",
            "environment": [
              {
                "certificate": "",
                "compute_type": "BUILD_GENERAL1_SMALL",
                "environment_variable": [
                  {
                    "name": "AWS_REGION",
                    "type": "PLAINTEXT",
                    "value": "us-gov-west-1"
                  },
                  {
                    "name": "AWS_ACCOUNT_ID",
                    "type": "PLAINTEXT",
                    "value": "343663719667"
                  },
                  {
                    "name": "REPO_URL",
                    "type": "PLAINTEXT",
                    "value": "343663719667.dkr.ecr.us-gov-west-1.amazonaws.com/repo-server"
                  },
                  {
                    "name": "IMAGE_TAG",
                    "type": "PLAINTEXT",
                    "value": "latest"
                  },
                  {
                    "name": "DYNAMODB_TABLE",
                    "type": "PLAINTEXT",
                    "value": "assets-table-soma-deploy"
                  },
                  {
                    "name": "TASK_DEFINITION_FAMILY",
                    "type": "PLAINTEXT",
                    "value": "task-definition-soma-deploy-server"
                  },
                  {
                    "name": "CONTAINER_NAME",
                    "type": "PLAINTEXT",
                    "value": "Container-server"
                  },
                  {
                    "name": "SERVICE_PORT",
                    "type": "PLAINTEXT",
                    "value": "3001"
                  },
                  {
                    "name": "FOLDER_PATH",
                    "type": "PLAINTEXT",
                    "value": "./Code/server/."
                  },
                  {
                    "name": "ECS_ROLE",
                    "type": "PLAINTEXT",
                    "value": "ECS-task-excecution-Role"
                  },
                  {
                    "name": "ECS_TASK_ROLE",
                    "type": "PLAINTEXT",
                    "value": "ECS-task-Role"
                  },
                  {
                    "name": "SERVER_ALB_URL",
                    "type": "PLAINTEXT",
                    "value": ""
                  }
                ],
                "image": "aws/codebuild/standard:4.0",
                "image_pull_credentials_type": "CODEBUILD",
                "privileged_mode": true,
                "registry_credential": [],
                "type": "LINUX_CONTAINER"
              }
            ],
            "file_system_locations": [],
            "id": "arn:aws-us-gov:codebuild:us-gov-west-1:343663719667:project/codebuild-soma-deploy-server",
            "logs_config": [
              {
                "cloudwatch_logs": [
                  {
                    "group_name": "log-group",
                    "status": "ENABLED",
                    "stream_name": "log-stream"
                  }
                ],
                "s3_logs": [
                  {
                    "bucket_owner_access": "",
                    "encryption_disabled": false,
                    "location": "",
                    "status": "DISABLED"
                  }
                ]
              }
            ],
            "name": "codebuild-soma-deploy-server",
            "project_visibility": "",
            "public_project_alias": "",
            "queued_timeout": 480,
            "resource_access_role": "",
            "secondary_artifacts": [],
            "secondary_source_version": [],
            "secondary_sources": [],
            "service_role": "arn:aws-us-gov:iam::343663719667:role/DevOps-Role",
            "source": [
              {
                "auth": [],
                "build_status_config": [],
                "buildspec": "./Infrastructure/Templates/buildspec.yml",
                "git_clone_depth": 0,
                "git_submodules_config": [],
                "insecure_ssl": false,
                "location": "",
                "report_build_status": false,
                "type": "CODEPIPELINE"
              }
            ],
            "source_version": "",
            "tags": {},
            "tags_all": {},
            "vpc_config": []
          },
          "sensitive_attributes": [],
          "private": "bnVsbA==",
          "dependencies": [
            "data.aws_caller_identity.id_current_account",
            "module.devops_role.aws_iam_role.devops_role",
            "module.devops_role.aws_iam_role.ecs_task_excecution_role",
            "module.dynamodb_table.aws_dynamodb_table.dynamodb_table",
            "module.ecr_server.aws_ecr_repository.ecr_repository",
            "module.ecs_role.aws_iam_role.devops_role",
            "module.ecs_role.aws_iam_role.ecs_task_excecution_role",
            "module.ecs_role.aws_iam_role.ecs_task_role",
            "module.ecs_taks_definition_server.aws_ecs_task_definition.ecs_task_definition"
          ],
          "create_before_destroy": true
        }
      ]
    },
    {
      "module": "module.codedeploy_client",
      "mode": "managed",
      "type": "aws_codedeploy_app",
      "name": "main",
      "provider": "provider[\"registry.terraform.io/hashicorp/aws\"]",
      "instances": [
        {
          "schema_version": 0,
          "attributes": {
            "application_id": "03ea67eb-91d1-41c9-81f3-3ce3cc8e6cb1",
            "arn": "arn:aws-us-gov:codedeploy:us-gov-west-1:343663719667:application:Deploy-soma-deploy-client",
            "compute_platform": "ECS",
            "github_account_name": "",
            "id": "03ea67eb-91d1-41c9-81f3-3ce3cc8e6cb1:Deploy-soma-deploy-client",
            "linked_to_github": false,
            "name": "Deploy-soma-deploy-client",
            "tags": {},
            "tags_all": {}
          },
          "sensitive_attributes": [],
          "private": "bnVsbA==",
          "create_before_destroy": true
        }
      ]
    },
    {
      "module": "module.codedeploy_client",
      "mode": "managed",
      "type": "aws_codedeploy_deployment_group",
      "name": "main",
      "provider": "provider[\"registry.terraform.io/hashicorp/aws\"]",
      "instances": [
        {
          "schema_version": 0,
          "attributes": {
            "alarm_configuration": [],
            "app_name": "Deploy-soma-deploy-client",
            "arn": "arn:aws-us-gov:codedeploy:us-gov-west-1:343663719667:deploymentgroup:Deploy-soma-deploy-client/deployment-group-Deploy-soma-deploy-client",
            "auto_rollback_configuration": [
              {
                "enabled": true,
                "events": [
                  "DEPLOYMENT_FAILURE"
                ]
              }
            ],
            "autoscaling_groups": [],
            "blue_green_deployment_config": [
              {
                "deployment_ready_option": [
                  {
                    "action_on_timeout": "CONTINUE_DEPLOYMENT",
                    "wait_time_in_minutes": 0
                  }
                ],
                "green_fleet_provisioning_option": [],
                "terminate_blue_instances_on_deployment_success": [
                  {
                    "action": "TERMINATE",
                    "termination_wait_time_in_minutes": 5
                  }
                ]
              }
            ],
            "compute_platform": "ECS",
            "deployment_config_name": "CodeDeployDefault.ECSAllAtOnce",
            "deployment_group_id": "6d589c3c-a3bf-4ee3-bb20-5811c9ad8d7c",
            "deployment_group_name": "deployment-group-Deploy-soma-deploy-client",
            "deployment_style": [
              {
                "deployment_option": "WITH_TRAFFIC_CONTROL",
                "deployment_type": "BLUE_GREEN"
              }
            ],
            "ec2_tag_filter": [],
            "ec2_tag_set": [],
            "ecs_service": [
              {
                "cluster_name": "Cluster-soma-deploy",
                "service_name": "Service-soma-deploy-client"
              }
            ],
            "id": "6d589c3c-a3bf-4ee3-bb20-5811c9ad8d7c",
            "load_balancer_info": [
              {
                "elb_info": [],
                "target_group_info": [],
                "target_group_pair_info": [
                  {
                    "prod_traffic_route": [
                      {
                        "listener_arns": [
                          "arn:aws-us-gov:elasticloadbalancing:us-gov-west-1:343663719667:listener/app/alb-soma-deploy-cli/dba2d745131a2340/4be413ab4df07ef1"
                        ]
                      }
                    ],
                    "target_group": [
                      {
                        "name": "tg-soma-deploy-c-b"
                      },
                      {
                        "name": "tg-soma-deploy-c-g"
                      }
                    ],
                    "test_traffic_route": []
                  }
                ]
              }
            ],
            "on_premises_instance_tag_filter": [],
            "service_role_arn": "arn:aws-us-gov:iam::343663719667:role/CodeDeploy-Role",
            "tags": {},
            "tags_all": {},
            "trigger_configuration": [
              {
                "trigger_events": [
                  "DeploymentFailure",
                  "DeploymentSuccess"
                ],
                "trigger_name": "CodeDeploy_notification",
                "trigger_target_arn": "arn:aws-us-gov:sns:us-gov-west-1:343663719667:sns-soma-deploy"
              }
            ]
          },
          "sensitive_attributes": [],
          "private": "bnVsbA==",
          "dependencies": [
            "module.alb_client.aws_alb.alb",
            "module.alb_client.aws_alb_listener.http_listener",
            "module.alb_client.aws_alb_listener.https_listener",
            "module.alb_client.aws_alb_target_group.target_group",
            "module.codedeploy_client.aws_codedeploy_app.main",
            "module.codedeploy_role.aws_iam_role.codedeploy_role",
            "module.ecr_client.aws_ecr_repository.ecr_repository",
            "module.ecs_cluster.aws_ecs_cluster.ecs_cluster",
            "module.ecs_role.aws_iam_role.devops_role",
            "module.ecs_role.aws_iam_role.ecs_task_excecution_role",
            "module.ecs_role.aws_iam_role.ecs_task_role",
            "module.ecs_service_client.aws_ecs_service.ecs_service",
            "module.ecs_taks_definition_client.aws_ecs_task_definition.ecs_task_definition",
            "module.networking.aws_subnet.private_subnets_client",
            "module.networking.aws_subnet.public_subnets",
            "module.networking.aws_vpc.aws_vpc",
            "module.networking.data.aws_availability_zones.az_availables",
            "module.security_group_alb_client.aws_security_group.sg",
            "module.security_group_ecs_task_client.aws_security_group.sg",
            "module.sns.aws_sns_topic.sns_notifications",
            "module.target_group_client_blue.aws_alb_target_group.target_group",
            "module.target_group_client_green.aws_alb_target_group.target_group"
          ],
          "create_before_destroy": true
        }
      ]
    },
    {
      "module": "module.codedeploy_role",
      "mode": "data",
      "type": "aws_iam_policy_document",
      "name": "role_policy_devops_role",
      "provider": "provider[\"registry.terraform.io/hashicorp/aws\"]",
      "instances": [
        {
          "schema_version": 0,
          "attributes": {
            "id": "2438220261",
            "json": "{\n  \"Version\": \"2012-10-17\",\n  \"Statement\": [\n    {\n      \"Sid\": \"AllowS3Actions\",\n      \"Effect\": \"Allow\",\n      \"Action\": [\n        \"s3:PutObject\",\n        \"s3:List*\",\n        \"s3:GetObjectVersion\",\n        \"s3:GetObject\",\n        \"s3:GetBucketAcl\"\n      ],\n      \"Resource\": \"*\"\n    },\n    {\n      \"Sid\": \"AllowCodebuildActions\",\n      \"Effect\": \"Allow\",\n      \"Action\": [\n        \"codebuild:StopBuild\",\n        \"codebuild:StartBuildBatch\",\n        \"codebuild:StartBuild\",\n        \"codebuild:BatchGetBuilds\",\n        \"codebuild:BatchGetBuildBatches\"\n      ],\n      \"Resource\": \"*\"\n    },\n    {\n      \"Sid\": \"AllowCodebuildList\",\n      \"Effect\": \"Allow\",\n      \"Action\": \"codebuild:ListBuilds\",\n      \"Resource\": \"*\"\n    },\n    {\n      \"Sid\": \"AllowCodeDeployActions\",\n      \"Effect\": \"Allow\",\n      \"Action\": [\n        \"codedeploy:RegisterApplicationRevision\",\n        \"codedeploy:GetDeploymentGroup\",\n        \"codedeploy:GetDeployment\",\n        \"codedeploy:GetApplicationRevision\",\n        \"codedeploy:GetApplication\",\n        \"codedeploy:CreateDeployment\"\n      ],\n      \"Resource\": \"*\"\n    },\n    {\n      \"Sid\": \"AllowCodeDeployConfigs\",\n      \"Effect\": \"Allow\",\n      \"Action\": [\n        \"codedeploy:StopDeployment\",\n        \"codedeploy:ListDeployments\",\n        \"codedeploy:ListDeploymentGroups\",\n        \"codedeploy:ListDeploymentConfigs\",\n        \"codedeploy:ListApplications\",\n        \"codedeploy:GetDeploymentTarget\",\n        \"codedeploy:GetDeploymentConfig\",\n        \"codedeploy:CreateDeploymentGroup\",\n        \"codedeploy:CreateDeploymentConfig\"\n      ],\n      \"Resource\": \"*\"\n    },\n    {\n      \"Sid\": \"AllowECRActions\",\n      \"Effect\": \"Allow\",\n      \"Action\": [\n        \"ecr:UploadLayerPart\",\n        \"ecr:PutImage\",\n        \"ecr:InitiateLayerUpload\",\n        \"ecr:GetDownloadUrlForLayer\",\n        \"ecr:CompleteLayerUpload\",\n        \"ecr:BatchGetImage\",\n        \"ecr:BatchCheckLayerAvailability\"\n      ],\n      \"Resource\": \"*\"\n    },\n    {\n      \"Sid\": \"AllowECRAuthorization\",\n      \"Effect\": \"Allow\",\n      \"Action\": \"ecr:GetAuthorizationToken\",\n      \"Resource\": \"*\"\n    },\n    {\n      \"Sid\": \"AllowCECSServiceActions\",\n      \"Effect\": \"Allow\",\n      \"Action\": [\n        \"ecs:UpdateTaskSet\",\n        \"ecs:UpdateServicePrimaryTaskSet\",\n        \"ecs:UpdateService\",\n        \"ecs:UpdateCluster\",\n        \"ecs:UpdateCapacityProvider\",\n        \"ecs:StopTask\",\n        \"ecs:StartTask\",\n        \"ecs:RunTask\",\n        \"ecs:RegisterTaskDefinition\",\n        \"ecs:PutClusterCapacityProviders\",\n        \"ecs:ListTasks\",\n        \"ecs:ListServices\",\n        \"ecs:DescribeTasks\",\n        \"ecs:DescribeTaskSets\",\n        \"ecs:DescribeTaskDefinition\",\n        \"ecs:DescribeServices\",\n        \"ecs:DeregisterContainerInstance\",\n        \"ecs:DeleteTaskSet\",\n        \"ecs:CreateTaskSet\"\n      ],\n      \"Resource\": \"*\"\n    },\n    {\n      \"Sid\": \"AllowIAMPassRole\",\n      \"Effect\": \"Allow\",\n      \"Action\": \"iam:PassRole\",\n      \"Resource\": \"*\"\n    },\n    {\n      \"Sid\": \"AllowCloudWatchActions\",\n      \"Effect\": \"Allow\",\n      \"Action\": [\n        \"logs:PutLogEvents\",\n        \"logs:CreateLogStream\",\n        \"logs:CreateLogGroup\"\n      ],\n      \"Resource\": \"*\"\n    }\n  ]\n}",
            "override_json": null,
            "override_policy_documents": null,
            "policy_id": null,
            "source_json": null,
            "source_policy_documents": null,
            "statement": [
              {
                "actions": [
                  "s3:GetBucketAcl",
                  "s3:GetObject",
                  "s3:GetObjectVersion",
                  "s3:List*",
                  "s3:PutObject"
                ],
                "condition": [],
                "effect": "Allow",
                "not_actions": [],
                "not_principals": [],
                "not_resources": [],
                "principals": [],
                "resources": [
                  "*"
                ],
                "sid": "AllowS3Actions"
              },
              {
                "actions": [
                  "codebuild:BatchGetBuildBatches",
                  "codebuild:BatchGetBuilds",
                  "codebuild:StartBuild",
                  "codebuild:StartBuildBatch",
                  "codebuild:StopBuild"
                ],
                "condition": [],
                "effect": "Allow",
                "not_actions": [],
                "not_principals": [],
                "not_resources": [],
                "principals": [],
                "resources": [
                  "*"
                ],
                "sid": "AllowCodebuildActions"
              },
              {
                "actions": [
                  "codebuild:ListBuilds"
                ],
                "condition": [],
                "effect": "Allow",
                "not_actions": [],
                "not_principals": [],
                "not_resources": [],
                "principals": [],
                "resources": [
                  "*"
                ],
                "sid": "AllowCodebuildList"
              },
              {
                "actions": [
                  "codedeploy:CreateDeployment",
                  "codedeploy:GetApplication",
                  "codedeploy:GetApplicationRevision",
                  "codedeploy:GetDeployment",
                  "codedeploy:GetDeploymentGroup",
                  "codedeploy:RegisterApplicationRevision"
                ],
                "condition": [],
                "effect": "Allow",
                "not_actions": [],
                "not_principals": [],
                "not_resources": [],
                "principals": [],
                "resources": [
                  "*"
                ],
                "sid": "AllowCodeDeployActions"
              },
              {
                "actions": [
                  "codedeploy:CreateDeploymentConfig",
                  "codedeploy:CreateDeploymentGroup",
                  "codedeploy:GetDeploymentConfig",
                  "codedeploy:GetDeploymentTarget",
                  "codedeploy:ListApplications",
                  "codedeploy:ListDeploymentConfigs",
                  "codedeploy:ListDeploymentGroups",
                  "codedeploy:ListDeployments",
                  "codedeploy:StopDeployment"
                ],
                "condition": [],
                "effect": "Allow",
                "not_actions": [],
                "not_principals": [],
                "not_resources": [],
                "principals": [],
                "resources": [
                  "*"
                ],
                "sid": "AllowCodeDeployConfigs"
              },
              {
                "actions": [
                  "ecr:BatchCheckLayerAvailability",
                  "ecr:BatchGetImage",
                  "ecr:CompleteLayerUpload",
                  "ecr:GetDownloadUrlForLayer",
                  "ecr:InitiateLayerUpload",
                  "ecr:PutImage",
                  "ecr:UploadLayerPart"
                ],
                "condition": [],
                "effect": "Allow",
                "not_actions": [],
                "not_principals": [],
                "not_resources": [],
                "principals": [],
                "resources": [
                  "*"
                ],
                "sid": "AllowECRActions"
              },
              {
                "actions": [
                  "ecr:GetAuthorizationToken"
                ],
                "condition": [],
                "effect": "Allow",
                "not_actions": [],
                "not_principals": [],
                "not_resources": [],
                "principals": [],
                "resources": [
                  "*"
                ],
                "sid": "AllowECRAuthorization"
              },
              {
                "actions": [
                  "ecs:CreateTaskSet",
                  "ecs:DeleteTaskSet",
                  "ecs:DeregisterContainerInstance",
                  "ecs:DescribeServices",
                  "ecs:DescribeTaskDefinition",
                  "ecs:DescribeTaskSets",
                  "ecs:DescribeTasks",
                  "ecs:ListServices",
                  "ecs:ListTasks",
                  "ecs:PutClusterCapacityProviders",
                  "ecs:RegisterTaskDefinition",
                  "ecs:RunTask",
                  "ecs:StartTask",
                  "ecs:StopTask",
                  "ecs:UpdateCapacityProvider",
                  "ecs:UpdateCluster",
                  "ecs:UpdateService",
                  "ecs:UpdateServicePrimaryTaskSet",
                  "ecs:UpdateTaskSet"
                ],
                "condition": [],
                "effect": "Allow",
                "not_actions": [],
                "not_principals": [],
                "not_resources": [],
                "principals": [],
                "resources": [
                  "*"
                ],
                "sid": "AllowCECSServiceActions"
              },
              {
                "actions": [
                  "iam:PassRole"
                ],
                "condition": [],
                "effect": "Allow",
                "not_actions": [],
                "not_principals": [],
                "not_resources": [],
                "principals": [],
                "resources": [
                  "*"
                ],
                "sid": "AllowIAMPassRole"
              },
              {
                "actions": [
                  "logs:CreateLogGroup",
                  "logs:CreateLogStream",
                  "logs:PutLogEvents"
                ],
                "condition": [],
                "effect": "Allow",
                "not_actions": [],
                "not_principals": [],
                "not_resources": [],
                "principals": [],
                "resources": [
                  "*"
                ],
                "sid": "AllowCloudWatchActions"
              }
            ],
            "version": "2012-10-17"
          },
          "sensitive_attributes": []
        }
      ]
    },
    {
      "module": "module.codedeploy_role",
      "mode": "data",
      "type": "aws_iam_policy_document",
      "name": "role_policy_ecs_task_role",
      "provider": "provider[\"registry.terraform.io/hashicorp/aws\"]",
      "instances": [
        {
          "schema_version": 0,
          "attributes": {
            "id": "3542866187",
            "json": "{\n  \"Version\": \"2012-10-17\",\n  \"Statement\": [\n    {\n      \"Sid\": \"AllowS3Actions\",\n      \"Effect\": \"Allow\",\n      \"Action\": [\n        \"s3:ListBucket\",\n        \"s3:GetObject\"\n      ],\n      \"Resource\": \"*\"\n    },\n    {\n      \"Sid\": \"AllowIAMPassRole\",\n      \"Effect\": \"Allow\",\n      \"Action\": \"iam:PassRole\",\n      \"Resource\": \"*\"\n    },\n    {\n      \"Sid\": \"AllowDynamodbActions\",\n      \"Effect\": \"Allow\",\n      \"Action\": [\n        \"dynamodb:Scan\",\n        \"dynamodb:Query\",\n        \"dynamodb:List*\",\n        \"dynamodb:GetItem\",\n        \"dynamodb:Describe*\",\n        \"dynamodb:BatchGetItem\"\n      ],\n      \"Resource\": \"*\"\n    }\n  ]\n}",
            "override_json": null,
            "override_policy_documents": null,
            "policy_id": null,
            "source_json": null,
            "source_policy_documents": null,
            "statement": [
              {
                "actions": [
                  "s3:GetObject",
                  "s3:ListBucket"
                ],
                "condition": [],
                "effect": "Allow",
                "not_actions": [],
                "not_principals": [],
                "not_resources": [],
                "principals": [],
                "resources": [
                  "*"
                ],
                "sid": "AllowS3Actions"
              },
              {
                "actions": [
                  "iam:PassRole"
                ],
                "condition": [],
                "effect": "Allow",
                "not_actions": [],
                "not_principals": [],
                "not_resources": [],
                "principals": [],
                "resources": [
                  "*"
                ],
                "sid": "AllowIAMPassRole"
              },
              {
                "actions": [
                  "dynamodb:BatchGetItem",
                  "dynamodb:Describe*",
                  "dynamodb:GetItem",
                  "dynamodb:List*",
                  "dynamodb:Query",
                  "dynamodb:Scan"
                ],
                "condition": [],
                "effect": "Allow",
                "not_actions": [],
                "not_principals": [],
                "not_resources": [],
                "principals": [],
                "resources": [
                  "*"
                ],
                "sid": "AllowDynamodbActions"
              }
            ],
            "version": "2012-10-17"
          },
          "sensitive_attributes": []
        }
      ]
    },
    {
      "module": "module.codedeploy_role",
      "mode": "managed",
      "type": "aws_iam_role",
      "name": "codedeploy_role",
      "provider": "provider[\"registry.terraform.io/hashicorp/aws\"]",
      "instances": [
        {
          "index_key": 0,
          "schema_version": 0,
          "attributes": {
            "arn": "arn:aws-us-gov:iam::343663719667:role/CodeDeploy-Role",
            "assume_role_policy": "{\"Version\":\"2012-10-17\",\"Statement\":[{\"Sid\":\"\",\"Effect\":\"Allow\",\"Principal\":{\"Service\":\"codedeploy.amazonaws.com\"},\"Action\":\"sts:AssumeRole\"}]}",
            "create_date": "2023-03-03T15:28:22Z",
            "description": "",
            "force_detach_policies": false,
            "id": "CodeDeploy-Role",
            "inline_policy": [
              {
                "name": "",
                "policy": ""
              }
            ],
            "managed_policy_arns": [
              "arn:aws-us-gov:iam::343663719667:policy/AdminFullAccess",
              "arn:aws-us-gov:iam::aws:policy/AWSCodeDeployRoleForECS"
            ],
            "max_session_duration": 3600,
            "name": "CodeDeploy-Role",
            "name_prefix": "",
            "path": "/",
            "permissions_boundary": null,
            "tags": {},
            "tags_all": {},
            "unique_id": "AROAVAA7UGTZUBL5NKJOJ"
          },
          "sensitive_attributes": [],
          "private": "bnVsbA==",
          "create_before_destroy": true
        }
      ]
    },
    {
      "module": "module.codedeploy_role",
      "mode": "managed",
      "type": "aws_iam_role_policy_attachment",
      "name": "codedeploy_attachment",
      "provider": "provider[\"registry.terraform.io/hashicorp/aws\"]",
      "instances": [
        {
          "index_key": 0,
          "schema_version": 0,
          "attributes": {
            "id": "CodeDeploy-Role-20230308183316042900000001",
            "policy_arn": "arn:aws-us-gov:iam::343663719667:policy/AdminFullAccess",
            "role": "CodeDeploy-Role"
          },
          "sensitive_attributes": [],
          "private": "bnVsbA==",
          "dependencies": [
            "module.codedeploy_role.aws_iam_role.codedeploy_role"
          ]
        }
      ]
    },
    {
      "module": "module.codedeploy_server",
      "mode": "managed",
      "type": "aws_codedeploy_app",
      "name": "main",
      "provider": "provider[\"registry.terraform.io/hashicorp/aws\"]",
      "instances": [
        {
          "schema_version": 0,
          "attributes": {
            "application_id": "d23be787-2107-4b01-b601-3165601b78b4",
            "arn": "arn:aws-us-gov:codedeploy:us-gov-west-1:343663719667:application:Deploy-soma-deploy-server",
            "compute_platform": "ECS",
            "github_account_name": "",
            "id": "d23be787-2107-4b01-b601-3165601b78b4:Deploy-soma-deploy-server",
            "linked_to_github": false,
            "name": "Deploy-soma-deploy-server",
            "tags": {},
            "tags_all": {}
          },
          "sensitive_attributes": [],
          "private": "bnVsbA==",
          "create_before_destroy": true
        }
      ]
    },
    {
      "module": "module.codedeploy_server",
      "mode": "managed",
      "type": "aws_codedeploy_deployment_group",
      "name": "main",
      "provider": "provider[\"registry.terraform.io/hashicorp/aws\"]",
      "instances": [
        {
          "schema_version": 0,
          "attributes": {
            "alarm_configuration": [],
            "app_name": "Deploy-soma-deploy-server",
            "arn": "arn:aws-us-gov:codedeploy:us-gov-west-1:343663719667:deploymentgroup:Deploy-soma-deploy-server/deployment-group-Deploy-soma-deploy-server",
            "auto_rollback_configuration": [
              {
                "enabled": true,
                "events": [
                  "DEPLOYMENT_FAILURE"
                ]
              }
            ],
            "autoscaling_groups": [],
            "blue_green_deployment_config": [
              {
                "deployment_ready_option": [
                  {
                    "action_on_timeout": "CONTINUE_DEPLOYMENT",
                    "wait_time_in_minutes": 0
                  }
                ],
                "green_fleet_provisioning_option": [],
                "terminate_blue_instances_on_deployment_success": [
                  {
                    "action": "TERMINATE",
                    "termination_wait_time_in_minutes": 5
                  }
                ]
              }
            ],
            "compute_platform": "ECS",
            "deployment_config_name": "CodeDeployDefault.ECSAllAtOnce",
            "deployment_group_id": "13346dff-002a-4ed3-892c-6dfe8b1aa244",
            "deployment_group_name": "deployment-group-Deploy-soma-deploy-server",
            "deployment_style": [
              {
                "deployment_option": "WITH_TRAFFIC_CONTROL",
                "deployment_type": "BLUE_GREEN"
              }
            ],
            "ec2_tag_filter": [],
            "ec2_tag_set": [],
            "ecs_service": [
              {
                "cluster_name": "Cluster-soma-deploy",
                "service_name": "Service-soma-deploy-server"
              }
            ],
            "id": "13346dff-002a-4ed3-892c-6dfe8b1aa244",
            "load_balancer_info": [
              {
                "elb_info": [],
                "target_group_info": [],
                "target_group_pair_info": [
                  {
                    "prod_traffic_route": [
                      {
                        "listener_arns": [
                          "arn:aws-us-gov:elasticloadbalancing:us-gov-west-1:343663719667:listener/app/alb-soma-deploy-ser/d2dba280cef2a24c/ef08b1139db5ef65"
                        ]
                      }
                    ],
                    "target_group": [
                      {
                        "name": "tg-soma-deploy-s-b"
                      },
                      {
                        "name": "tg-soma-deploy-s-g"
                      }
                    ],
                    "test_traffic_route": []
                  }
                ]
              }
            ],
            "on_premises_instance_tag_filter": [],
            "service_role_arn": "arn:aws-us-gov:iam::343663719667:role/CodeDeploy-Role",
            "tags": {},
            "tags_all": {},
            "trigger_configuration": [
              {
                "trigger_events": [
                  "DeploymentFailure",
                  "DeploymentSuccess"
                ],
                "trigger_name": "CodeDeploy_notification",
                "trigger_target_arn": "arn:aws-us-gov:sns:us-gov-west-1:343663719667:sns-soma-deploy"
              }
            ]
          },
          "sensitive_attributes": [],
          "private": "bnVsbA==",
          "dependencies": [
            "module.alb_server.aws_alb.alb",
            "module.alb_server.aws_alb_listener.http_listener",
            "module.alb_server.aws_alb_listener.https_listener",
            "module.alb_server.aws_alb_target_group.target_group",
            "module.codedeploy_role.aws_iam_role.codedeploy_role",
            "module.codedeploy_server.aws_codedeploy_app.main",
            "module.ecr_server.aws_ecr_repository.ecr_repository",
            "module.ecs_cluster.aws_ecs_cluster.ecs_cluster",
            "module.ecs_role.aws_iam_role.devops_role",
            "module.ecs_role.aws_iam_role.ecs_task_excecution_role",
            "module.ecs_role.aws_iam_role.ecs_task_role",
            "module.ecs_service_server.aws_ecs_service.ecs_service",
            "module.ecs_taks_definition_server.aws_ecs_task_definition.ecs_task_definition",
            "module.networking.aws_subnet.private_subnets_server",
            "module.networking.aws_subnet.public_subnets",
            "module.networking.aws_vpc.aws_vpc",
            "module.networking.data.aws_availability_zones.az_availables",
            "module.security_group_alb_server.aws_security_group.sg",
            "module.security_group_ecs_task_server.aws_security_group.sg",
            "module.sns.aws_sns_topic.sns_notifications",
            "module.target_group_server_blue.aws_alb_target_group.target_group",
            "module.target_group_server_green.aws_alb_target_group.target_group"
          ],
          "create_before_destroy": true
        }
      ]
    },
    {
      "module": "module.codepipeline",
      "mode": "managed",
      "type": "aws_codepipeline",
      "name": "aws_codepipeline",
      "provider": "provider[\"registry.terraform.io/hashicorp/aws\"]",
      "instances": [
        {
          "schema_version": 0,
          "attributes": {
            "arn": "arn:aws-us-gov:codepipeline:us-gov-west-1:343663719667:pipeline-soma-deploy",
            "artifact_store": [
              {
                "encryption_key": [],
                "location": "codepipeline-us-gov-west-1-70dd",
                "region": "",
                "type": "S3"
              }
            ],
            "id": "pipeline-soma-deploy",
            "name": "pipeline-soma-deploy",
            "role_arn": "arn:aws-us-gov:iam::343663719667:role/DevOps-Role",
            "stage": [
              {
                "action": [
                  {
                    "category": "Source",
                    "configuration": {
                      "Branch": "master",
                      "OAuthToken": "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",
                      "Owner": "getsoma",
                      "PollForSourceChanges": "true",
                      "Repo": "awscodedeploy"
                    },
                    "input_artifacts": null,
                    "name": "Source",
                    "namespace": "",
                    "output_artifacts": [
                      "SourceArtifact"
                    ],
                    "owner": "ThirdParty",
                    "provider": "GitHub",
                    "region": "",
                    "role_arn": "",
                    "run_order": 1,
                    "version": "1"
                  }
                ],
                "name": "Source"
              },
              {
                "action": [
                  {
                    "category": "Build",
                    "configuration": {
                      "ProjectName": "arn:aws-us-gov:codebuild:us-gov-west-1:343663719667:project/codebuild-soma-deploy-server"
                    },
                    "input_artifacts": [
                      "SourceArtifact"
                    ],
                    "name": "Build_server",
                    "namespace": "",
                    "output_artifacts": [
                      "BuildArtifact_server"
                    ],
                    "owner": "AWS",
                    "provider": "CodeBuild",
                    "region": "",
                    "role_arn": "",
                    "run_order": 1,
                    "version": "1"
                  },
                  {
                    "category": "Build",
                    "configuration": {
                      "ProjectName": "arn:aws-us-gov:codebuild:us-gov-west-1:343663719667:project/codebuild-soma-deploy-client"
                    },
                    "input_artifacts": [
                      "SourceArtifact"
                    ],
                    "name": "Build_client",
                    "namespace": "",
                    "output_artifacts": [
                      "BuildArtifact_client"
                    ],
                    "owner": "AWS",
                    "provider": "CodeBuild",
                    "region": "",
                    "role_arn": "",
                    "run_order": 1,
                    "version": "1"
                  }
                ],
                "name": "Build"
              },
              {
                "action": [
                  {
                    "category": "Deploy",
                    "configuration": {
                      "AppSpecTemplateArtifact": "BuildArtifact_server",
                      "AppSpecTemplatePath": "appspec.yaml",
                      "ApplicationName": "Deploy-soma-deploy-server",
                      "DeploymentGroupName": "deployment-group-Deploy-soma-deploy-server",
                      "TaskDefinitionTemplateArtifact": "BuildArtifact_server",
                      "TaskDefinitionTemplatePath": "taskdef.json"
                    },
                    "input_artifacts": [
                      "BuildArtifact_server"
                    ],
                    "name": "Deploy_server",
                    "namespace": "",
                    "output_artifacts": null,
                    "owner": "AWS",
                    "provider": "CodeDeployToECS",
                    "region": "",
                    "role_arn": "",
                    "run_order": 1,
                    "version": "1"
                  },
                  {
                    "category": "Deploy",
                    "configuration": {
                      "AppSpecTemplateArtifact": "BuildArtifact_client",
                      "AppSpecTemplatePath": "appspec.yaml",
                      "ApplicationName": "Deploy-soma-deploy-client",
                      "DeploymentGroupName": "deployment-group-Deploy-soma-deploy-client",
                      "TaskDefinitionTemplateArtifact": "BuildArtifact_client",
                      "TaskDefinitionTemplatePath": "taskdef.json"
                    },
                    "input_artifacts": [
                      "BuildArtifact_client"
                    ],
                    "name": "Deploy_client",
                    "namespace": "",
                    "output_artifacts": null,
                    "owner": "AWS",
                    "provider": "CodeDeployToECS",
                    "region": "",
                    "role_arn": "",
                    "run_order": 1,
                    "version": "1"
                  }
                ],
                "name": "Deploy"
              }
            ],
            "tags": null,
            "tags_all": {}
          },
          "sensitive_attributes": [
            [
              {
                "type": "get_attr",
                "value": "stage"
              },
              {
                "type": "index",
                "value": {
                  "value": 0,
                  "type": "number"
                }
              },
              {
                "type": "get_attr",
                "value": "action"
              },
              {
                "type": "index",
                "value": {
                  "value": 0,
                  "type": "number"
                }
              },
              {
                "type": "get_attr",
                "value": "configuration"
              },
              {
                "type": "index",
                "value": {
                  "value": "OAuthToken",
                  "type": "string"
                }
              }
            ]
          ],
          "private": "bnVsbA==",
          "dependencies": [
            "module.codebuild_client.aws_codebuild_project.aws_codebuild",
            "module.codebuild_server.aws_codebuild_project.aws_codebuild",
            "module.codedeploy_client.aws_codedeploy_app.main",
            "module.codedeploy_client.aws_codedeploy_deployment_group.main",
            "module.codedeploy_server.aws_codedeploy_app.main",
            "module.codedeploy_server.aws_codedeploy_deployment_group.main",
            "module.devops_role.aws_iam_role.devops_role",
            "module.devops_role.aws_iam_role.ecs_task_excecution_role",
            "module.ecr_client.aws_ecr_repository.ecr_repository",
            "module.ecr_server.aws_ecr_repository.ecr_repository",
            "module.policy_devops_role.aws_iam_policy.policy_for_ecs_task_role",
            "module.policy_devops_role.aws_iam_policy.policy_for_role",
            "module.policy_devops_role.aws_iam_role.codedeploy_role",
            "module.policy_devops_role.aws_iam_role.devops_role",
            "module.policy_devops_role.aws_iam_role.ecs_task_excecution_role",
            "module.policy_devops_role.aws_iam_role.ecs_task_role",
            "module.policy_devops_role.aws_iam_role_policy_attachment.attachment",
            "module.policy_devops_role.aws_iam_role_policy_attachment.attachment2",
            "module.policy_devops_role.aws_iam_role_policy_attachment.codedeploy_attachment",
            "module.policy_devops_role.aws_iam_role_policy_attachment.ecs_attachment",
            "module.policy_devops_role.data.aws_iam_policy_document.role_policy_devops_role",
            "module.policy_devops_role.data.aws_iam_policy_document.role_policy_ecs_task_role",
            "module.s3_codepipeline.aws_s3_bucket.s3_bucket"
          ]
        }
      ]
    },
    {
      "module": "module.devops_role",
      "mode": "data",
      "type": "aws_iam_policy_document",
      "name": "role_policy_devops_role",
      "provider": "provider[\"registry.terraform.io/hashicorp/aws\"]",
      "instances": [
        {
          "schema_version": 0,
          "attributes": {
            "id": "2438220261",
            "json": "{\n  \"Version\": \"2012-10-17\",\n  \"Statement\": [\n    {\n      \"Sid\": \"AllowS3Actions\",\n      \"Effect\": \"Allow\",\n      \"Action\": [\n        \"s3:PutObject\",\n        \"s3:List*\",\n        \"s3:GetObjectVersion\",\n        \"s3:GetObject\",\n        \"s3:GetBucketAcl\"\n      ],\n      \"Resource\": \"*\"\n    },\n    {\n      \"Sid\": \"AllowCodebuildActions\",\n      \"Effect\": \"Allow\",\n      \"Action\": [\n        \"codebuild:StopBuild\",\n        \"codebuild:StartBuildBatch\",\n        \"codebuild:StartBuild\",\n        \"codebuild:BatchGetBuilds\",\n        \"codebuild:BatchGetBuildBatches\"\n      ],\n      \"Resource\": \"*\"\n    },\n    {\n      \"Sid\": \"AllowCodebuildList\",\n      \"Effect\": \"Allow\",\n      \"Action\": \"codebuild:ListBuilds\",\n      \"Resource\": \"*\"\n    },\n    {\n      \"Sid\": \"AllowCodeDeployActions\",\n      \"Effect\": \"Allow\",\n      \"Action\": [\n        \"codedeploy:RegisterApplicationRevision\",\n        \"codedeploy:GetDeploymentGroup\",\n        \"codedeploy:GetDeployment\",\n        \"codedeploy:GetApplicationRevision\",\n        \"codedeploy:GetApplication\",\n        \"codedeploy:CreateDeployment\"\n      ],\n      \"Resource\": \"*\"\n    },\n    {\n      \"Sid\": \"AllowCodeDeployConfigs\",\n      \"Effect\": \"Allow\",\n      \"Action\": [\n        \"codedeploy:StopDeployment\",\n        \"codedeploy:ListDeployments\",\n        \"codedeploy:ListDeploymentGroups\",\n        \"codedeploy:ListDeploymentConfigs\",\n        \"codedeploy:ListApplications\",\n        \"codedeploy:GetDeploymentTarget\",\n        \"codedeploy:GetDeploymentConfig\",\n        \"codedeploy:CreateDeploymentGroup\",\n        \"codedeploy:CreateDeploymentConfig\"\n      ],\n      \"Resource\": \"*\"\n    },\n    {\n      \"Sid\": \"AllowECRActions\",\n      \"Effect\": \"Allow\",\n      \"Action\": [\n        \"ecr:UploadLayerPart\",\n        \"ecr:PutImage\",\n        \"ecr:InitiateLayerUpload\",\n        \"ecr:GetDownloadUrlForLayer\",\n        \"ecr:CompleteLayerUpload\",\n        \"ecr:BatchGetImage\",\n        \"ecr:BatchCheckLayerAvailability\"\n      ],\n      \"Resource\": \"*\"\n    },\n    {\n      \"Sid\": \"AllowECRAuthorization\",\n      \"Effect\": \"Allow\",\n      \"Action\": \"ecr:GetAuthorizationToken\",\n      \"Resource\": \"*\"\n    },\n    {\n      \"Sid\": \"AllowCECSServiceActions\",\n      \"Effect\": \"Allow\",\n      \"Action\": [\n        \"ecs:UpdateTaskSet\",\n        \"ecs:UpdateServicePrimaryTaskSet\",\n        \"ecs:UpdateService\",\n        \"ecs:UpdateCluster\",\n        \"ecs:UpdateCapacityProvider\",\n        \"ecs:StopTask\",\n        \"ecs:StartTask\",\n        \"ecs:RunTask\",\n        \"ecs:RegisterTaskDefinition\",\n        \"ecs:PutClusterCapacityProviders\",\n        \"ecs:ListTasks\",\n        \"ecs:ListServices\",\n        \"ecs:DescribeTasks\",\n        \"ecs:DescribeTaskSets\",\n        \"ecs:DescribeTaskDefinition\",\n        \"ecs:DescribeServices\",\n        \"ecs:DeregisterContainerInstance\",\n        \"ecs:DeleteTaskSet\",\n        \"ecs:CreateTaskSet\"\n      ],\n      \"Resource\": \"*\"\n    },\n    {\n      \"Sid\": \"AllowIAMPassRole\",\n      \"Effect\": \"Allow\",\n      \"Action\": \"iam:PassRole\",\n      \"Resource\": \"*\"\n    },\n    {\n      \"Sid\": \"AllowCloudWatchActions\",\n      \"Effect\": \"Allow\",\n      \"Action\": [\n        \"logs:PutLogEvents\",\n        \"logs:CreateLogStream\",\n        \"logs:CreateLogGroup\"\n      ],\n      \"Resource\": \"*\"\n    }\n  ]\n}",
            "override_json": null,
            "override_policy_documents": null,
            "policy_id": null,
            "source_json": null,
            "source_policy_documents": null,
            "statement": [
              {
                "actions": [
                  "s3:GetBucketAcl",
                  "s3:GetObject",
                  "s3:GetObjectVersion",
                  "s3:List*",
                  "s3:PutObject"
                ],
                "condition": [],
                "effect": "Allow",
                "not_actions": [],
                "not_principals": [],
                "not_resources": [],
                "principals": [],
                "resources": [
                  "*"
                ],
                "sid": "AllowS3Actions"
              },
              {
                "actions": [
                  "codebuild:BatchGetBuildBatches",
                  "codebuild:BatchGetBuilds",
                  "codebuild:StartBuild",
                  "codebuild:StartBuildBatch",
                  "codebuild:StopBuild"
                ],
                "condition": [],
                "effect": "Allow",
                "not_actions": [],
                "not_principals": [],
                "not_resources": [],
                "principals": [],
                "resources": [
                  "*"
                ],
                "sid": "AllowCodebuildActions"
              },
              {
                "actions": [
                  "codebuild:ListBuilds"
                ],
                "condition": [],
                "effect": "Allow",
                "not_actions": [],
                "not_principals": [],
                "not_resources": [],
                "principals": [],
                "resources": [
                  "*"
                ],
                "sid": "AllowCodebuildList"
              },
              {
                "actions": [
                  "codedeploy:CreateDeployment",
                  "codedeploy:GetApplication",
                  "codedeploy:GetApplicationRevision",
                  "codedeploy:GetDeployment",
                  "codedeploy:GetDeploymentGroup",
                  "codedeploy:RegisterApplicationRevision"
                ],
                "condition": [],
                "effect": "Allow",
                "not_actions": [],
                "not_principals": [],
                "not_resources": [],
                "principals": [],
                "resources": [
                  "*"
                ],
                "sid": "AllowCodeDeployActions"
              },
              {
                "actions": [
                  "codedeploy:CreateDeploymentConfig",
                  "codedeploy:CreateDeploymentGroup",
                  "codedeploy:GetDeploymentConfig",
                  "codedeploy:GetDeploymentTarget",
                  "codedeploy:ListApplications",
                  "codedeploy:ListDeploymentConfigs",
                  "codedeploy:ListDeploymentGroups",
                  "codedeploy:ListDeployments",
                  "codedeploy:StopDeployment"
                ],
                "condition": [],
                "effect": "Allow",
                "not_actions": [],
                "not_principals": [],
                "not_resources": [],
                "principals": [],
                "resources": [
                  "*"
                ],
                "sid": "AllowCodeDeployConfigs"
              },
              {
                "actions": [
                  "ecr:BatchCheckLayerAvailability",
                  "ecr:BatchGetImage",
                  "ecr:CompleteLayerUpload",
                  "ecr:GetDownloadUrlForLayer",
                  "ecr:InitiateLayerUpload",
                  "ecr:PutImage",
                  "ecr:UploadLayerPart"
                ],
                "condition": [],
                "effect": "Allow",
                "not_actions": [],
                "not_principals": [],
                "not_resources": [],
                "principals": [],
                "resources": [
                  "*"
                ],
                "sid": "AllowECRActions"
              },
              {
                "actions": [
                  "ecr:GetAuthorizationToken"
                ],
                "condition": [],
                "effect": "Allow",
                "not_actions": [],
                "not_principals": [],
                "not_resources": [],
                "principals": [],
                "resources": [
                  "*"
                ],
                "sid": "AllowECRAuthorization"
              },
              {
                "actions": [
                  "ecs:CreateTaskSet",
                  "ecs:DeleteTaskSet",
                  "ecs:DeregisterContainerInstance",
                  "ecs:DescribeServices",
                  "ecs:DescribeTaskDefinition",
                  "ecs:DescribeTaskSets",
                  "ecs:DescribeTasks",
                  "ecs:ListServices",
                  "ecs:ListTasks",
                  "ecs:PutClusterCapacityProviders",
                  "ecs:RegisterTaskDefinition",
                  "ecs:RunTask",
                  "ecs:StartTask",
                  "ecs:StopTask",
                  "ecs:UpdateCapacityProvider",
                  "ecs:UpdateCluster",
                  "ecs:UpdateService",
                  "ecs:UpdateServicePrimaryTaskSet",
                  "ecs:UpdateTaskSet"
                ],
                "condition": [],
                "effect": "Allow",
                "not_actions": [],
                "not_principals": [],
                "not_resources": [],
                "principals": [],
                "resources": [
                  "*"
                ],
                "sid": "AllowCECSServiceActions"
              },
              {
                "actions": [
                  "iam:PassRole"
                ],
                "condition": [],
                "effect": "Allow",
                "not_actions": [],
                "not_principals": [],
                "not_resources": [],
                "principals": [],
                "resources": [
                  "*"
                ],
                "sid": "AllowIAMPassRole"
              },
              {
                "actions": [
                  "logs:CreateLogGroup",
                  "logs:CreateLogStream",
                  "logs:PutLogEvents"
                ],
                "condition": [],
                "effect": "Allow",
                "not_actions": [],
                "not_principals": [],
                "not_resources": [],
                "principals": [],
                "resources": [
                  "*"
                ],
                "sid": "AllowCloudWatchActions"
              }
            ],
            "version": "2012-10-17"
          },
          "sensitive_attributes": []
        }
      ]
    },
    {
      "module": "module.devops_role",
      "mode": "data",
      "type": "aws_iam_policy_document",
      "name": "role_policy_ecs_task_role",
      "provider": "provider[\"registry.terraform.io/hashicorp/aws\"]",
      "instances": [
        {
          "schema_version": 0,
          "attributes": {
            "id": "3542866187",
            "json": "{\n  \"Version\": \"2012-10-17\",\n  \"Statement\": [\n    {\n      \"Sid\": \"AllowS3Actions\",\n      \"Effect\": \"Allow\",\n      \"Action\": [\n        \"s3:ListBucket\",\n        \"s3:GetObject\"\n      ],\n      \"Resource\": \"*\"\n    },\n    {\n      \"Sid\": \"AllowIAMPassRole\",\n      \"Effect\": \"Allow\",\n      \"Action\": \"iam:PassRole\",\n      \"Resource\": \"*\"\n    },\n    {\n      \"Sid\": \"AllowDynamodbActions\",\n      \"Effect\": \"Allow\",\n      \"Action\": [\n        \"dynamodb:Scan\",\n        \"dynamodb:Query\",\n        \"dynamodb:List*\",\n        \"dynamodb:GetItem\",\n        \"dynamodb:Describe*\",\n        \"dynamodb:BatchGetItem\"\n      ],\n      \"Resource\": \"*\"\n    }\n  ]\n}",
            "override_json": null,
            "override_policy_documents": null,
            "policy_id": null,
            "source_json": null,
            "source_policy_documents": null,
            "statement": [
              {
                "actions": [
                  "s3:GetObject",
                  "s3:ListBucket"
                ],
                "condition": [],
                "effect": "Allow",
                "not_actions": [],
                "not_principals": [],
                "not_resources": [],
                "principals": [],
                "resources": [
                  "*"
                ],
                "sid": "AllowS3Actions"
              },
              {
                "actions": [
                  "iam:PassRole"
                ],
                "condition": [],
                "effect": "Allow",
                "not_actions": [],
                "not_principals": [],
                "not_resources": [],
                "principals": [],
                "resources": [
                  "*"
                ],
                "sid": "AllowIAMPassRole"
              },
              {
                "actions": [
                  "dynamodb:BatchGetItem",
                  "dynamodb:Describe*",
                  "dynamodb:GetItem",
                  "dynamodb:List*",
                  "dynamodb:Query",
                  "dynamodb:Scan"
                ],
                "condition": [],
                "effect": "Allow",
                "not_actions": [],
                "not_principals": [],
                "not_resources": [],
                "principals": [],
                "resources": [
                  "*"
                ],
                "sid": "AllowDynamodbActions"
              }
            ],
            "version": "2012-10-17"
          },
          "sensitive_attributes": []
        }
      ]
    },
    {
      "module": "module.devops_role",
      "mode": "managed",
      "type": "aws_iam_role",
      "name": "devops_role",
      "provider": "provider[\"registry.terraform.io/hashicorp/aws\"]",
      "instances": [
        {
          "index_key": 0,
          "schema_version": 0,
          "attributes": {
            "arn": "arn:aws-us-gov:iam::343663719667:role/DevOps-Role",
            "assume_role_policy": "{\"Version\":\"2012-10-17\",\"Statement\":[{\"Effect\":\"Allow\",\"Principal\":{\"Service\":[\"codedeploy.amazonaws.com\",\"codebuild.amazonaws.com\",\"codepipeline.amazonaws.com\"]},\"Action\":\"sts:AssumeRole\"}]}",
            "create_date": "2023-03-03T15:28:22Z",
            "description": "",
            "force_detach_policies": false,
            "id": "DevOps-Role",
            "inline_policy": [
              {
                "name": "",
                "policy": ""
              }
            ],
            "managed_policy_arns": [
              "arn:aws-us-gov:iam::343663719667:policy/AdminFullAccess",
              "arn:aws-us-gov:iam::343663719667:policy/Policy-devops-soma-deploy",
              "arn:aws-us-gov:iam::aws:policy/AWSCodeDeployDeployerAccess",
              "arn:aws-us-gov:iam::aws:policy/AWSCodeDeployFullAccess",
              "arn:aws-us-gov:iam::aws:policy/AWSCodeDeployRoleForECS",
              "arn:aws-us-gov:iam::aws:policy/AWSCodePipeline_FullAccess",
              "arn:aws-us-gov:iam::aws:policy/service-role/AWSCodeDeployRole",
              "arn:aws-us-gov:iam::aws:policy/service-role/AmazonEC2RoleforAWSCodeDeploy"
            ],
            "max_session_duration": 3600,
            "name": "DevOps-Role",
            "name_prefix": "",
            "path": "/",
            "permissions_boundary": null,
            "tags": {
              "Name": "DevOps-Role"
            },
            "tags_all": {
              "Name": "DevOps-Role"
            },
            "unique_id": "AROAVAA7UGTZ6TCMHPXGE"
          },
          "sensitive_attributes": [],
          "private": "bnVsbA==",
          "create_before_destroy": true
        }
      ]
    },
    {
      "module": "module.dynamodb_table",
      "mode": "managed",
      "type": "aws_dynamodb_table",
      "name": "dynamodb_table",
      "provider": "provider[\"registry.terraform.io/hashicorp/aws\"]",
      "instances": [
        {
          "schema_version": 1,
          "attributes": {
            "arn": "arn:aws-us-gov:dynamodb:us-gov-west-1:343663719667:table/assets-table-soma-deploy",
            "attribute": [
              {
                "name": "id",
                "type": "N"
              }
            ],
            "billing_mode": "PAY_PER_REQUEST",
            "global_secondary_index": [],
            "hash_key": "id",
            "id": "assets-table-soma-deploy",
            "local_secondary_index": [],
            "name": "assets-table-soma-deploy",
            "point_in_time_recovery": [
              {
                "enabled": false
              }
            ],
            "range_key": null,
            "read_capacity": 0,
            "replica": [],
            "restore_date_time": null,
            "restore_source_name": null,
            "restore_to_latest_time": null,
            "server_side_encryption": [],
            "stream_arn": "",
            "stream_enabled": false,
            "stream_label": "",
            "stream_view_type": "",
            "table_class": "",
            "tags": {},
            "tags_all": {},
            "timeouts": null,
            "ttl": [
              {
                "attribute_name": "",
                "enabled": false
              }
            ],
            "write_capacity": 0
          },
          "sensitive_attributes": [],
          "private": "eyJlMmJmYjczMC1lY2FhLTExZTYtOGY4OC0zNDM2M2JjN2M0YzAiOnsiY3JlYXRlIjoxODAwMDAwMDAwMDAwLCJkZWxldGUiOjYwMDAwMDAwMDAwMCwidXBkYXRlIjozNjAwMDAwMDAwMDAwfSwic2NoZW1hX3ZlcnNpb24iOiIxIn0=",
          "create_before_destroy": true
        }
      ]
    },
    {
      "module": "module.ecr_client",
      "mode": "managed",
      "type": "aws_ecr_repository",
      "name": "ecr_repository",
      "provider": "provider[\"registry.terraform.io/hashicorp/aws\"]",
      "instances": [
        {
          "schema_version": 0,
          "attributes": {
            "arn": "arn:aws-us-gov:ecr:us-gov-west-1:343663719667:repository/repo-client",
            "encryption_configuration": [
              {
                "encryption_type": "AES256",
                "kms_key": ""
              }
            ],
            "id": "repo-client",
            "image_scanning_configuration": [
              {
                "scan_on_push": false
              }
            ],
            "image_tag_mutability": "MUTABLE",
            "name": "repo-client",
            "registry_id": "343663719667",
            "repository_url": "343663719667.dkr.ecr.us-gov-west-1.amazonaws.com/repo-client",
            "tags": {},
            "tags_all": {},
            "timeouts": null
          },
          "sensitive_attributes": [],
          "private": "eyJlMmJmYjczMC1lY2FhLTExZTYtOGY4OC0zNDM2M2JjN2M0YzAiOnsiZGVsZXRlIjoxMjAwMDAwMDAwMDAwfX0=",
          "create_before_destroy": true
        }
      ]
    },
    {
      "module": "module.ecr_server",
      "mode": "managed",
      "type": "aws_ecr_repository",
      "name": "ecr_repository",
      "provider": "provider[\"registry.terraform.io/hashicorp/aws\"]",
      "instances": [
        {
          "schema_version": 0,
          "attributes": {
            "arn": "arn:aws-us-gov:ecr:us-gov-west-1:343663719667:repository/repo-server",
            "encryption_configuration": [
              {
                "encryption_type": "AES256",
                "kms_key": ""
              }
            ],
            "id": "repo-server",
            "image_scanning_configuration": [
              {
                "scan_on_push": false
              }
            ],
            "image_tag_mutability": "MUTABLE",
            "name": "repo-server",
            "registry_id": "343663719667",
            "repository_url": "343663719667.dkr.ecr.us-gov-west-1.amazonaws.com/repo-server",
            "tags": {},
            "tags_all": {},
            "timeouts": null
          },
          "sensitive_attributes": [],
          "private": "eyJlMmJmYjczMC1lY2FhLTExZTYtOGY4OC0zNDM2M2JjN2M0YzAiOnsiZGVsZXRlIjoxMjAwMDAwMDAwMDAwfX0=",
          "create_before_destroy": true
        }
      ]
    },
    {
      "module": "module.ecs_autoscaling_client",
      "mode": "managed",
      "type": "aws_appautoscaling_policy",
      "name": "cpu",
      "provider": "provider[\"registry.terraform.io/hashicorp/aws\"]",
      "instances": [
        {
          "schema_version": 0,
          "attributes": {
            "arn": "arn:aws-us-gov:autoscaling:us-gov-west-1:343663719667:scalingPolicy:8dc164ea-a4bb-43b3-b06d-5af9f7217876:resource/ecs/service/Cluster-soma-deploy/Service-soma-deploy-client:policyName/ecs_scale_cpu_service_soma-deploy-client",
            "id": "ecs_scale_cpu_service_soma-deploy-client",
            "name": "ecs_scale_cpu_service_soma-deploy-client",
            "policy_type": "TargetTrackingScaling",
            "resource_id": "service/Cluster-soma-deploy/Service-soma-deploy-client",
            "scalable_dimension": "ecs:service:DesiredCount",
            "service_namespace": "ecs",
            "step_scaling_policy_configuration": [],
            "target_tracking_scaling_policy_configuration": [
              {
                "customized_metric_specification": [],
                "disable_scale_in": false,
                "predefined_metric_specification": [
                  {
                    "predefined_metric_type": "ECSServiceAverageCPUUtilization",
                    "resource_label": ""
                  }
                ],
                "scale_in_cooldown": 60,
                "scale_out_cooldown": 60,
                "target_value": 50
              }
            ]
          },
          "sensitive_attributes": [],
          "private": "bnVsbA==",
          "dependencies": [
            "module.alb_client.aws_alb.alb",
            "module.alb_client.aws_alb_listener.http_listener",
            "module.alb_client.aws_alb_listener.https_listener",
            "module.alb_client.aws_alb_target_group.target_group",
            "module.ecr_client.aws_ecr_repository.ecr_repository",
            "module.ecs_autoscaling_client.aws_appautoscaling_target.ecs_target",
            "module.ecs_cluster.aws_ecs_cluster.ecs_cluster",
            "module.ecs_role.aws_iam_role.devops_role",
            "module.ecs_role.aws_iam_role.ecs_task_excecution_role",
            "module.ecs_role.aws_iam_role.ecs_task_role",
            "module.ecs_service_client.aws_ecs_service.ecs_service",
            "module.ecs_taks_definition_client.aws_ecs_task_definition.ecs_task_definition",
            "module.networking.aws_subnet.private_subnets_client",
            "module.networking.aws_subnet.public_subnets",
            "module.networking.aws_vpc.aws_vpc",
            "module.networking.data.aws_availability_zones.az_availables",
            "module.security_group_alb_client.aws_security_group.sg",
            "module.security_group_ecs_task_client.aws_security_group.sg",
            "module.target_group_client_blue.aws_alb_target_group.target_group"
          ]
        }
      ]
    },
    {
      "module": "module.ecs_autoscaling_client",
      "mode": "managed",
      "type": "aws_appautoscaling_policy",
      "name": "memory",
      "provider": "provider[\"registry.terraform.io/hashicorp/aws\"]",
      "instances": [
        {
          "schema_version": 0,
          "attributes": {
            "arn": "arn:aws-us-gov:autoscaling:us-gov-west-1:343663719667:scalingPolicy:8dc164ea-a4bb-43b3-b06d-5af9f7217876:resource/ecs/service/Cluster-soma-deploy/Service-soma-deploy-client:policyName/ecs_scale_memory_service_soma-deploy-client",
            "id": "ecs_scale_memory_service_soma-deploy-client",
            "name": "ecs_scale_memory_service_soma-deploy-client",
            "policy_type": "TargetTrackingScaling",
            "resource_id": "service/Cluster-soma-deploy/Service-soma-deploy-client",
            "scalable_dimension": "ecs:service:DesiredCount",
            "service_namespace": "ecs",
            "step_scaling_policy_configuration": [],
            "target_tracking_scaling_policy_configuration": [
              {
                "customized_metric_specification": [],
                "disable_scale_in": false,
                "predefined_metric_specification": [
                  {
                    "predefined_metric_type": "ECSServiceAverageMemoryUtilization",
                    "resource_label": ""
                  }
                ],
                "scale_in_cooldown": 60,
                "scale_out_cooldown": 60,
                "target_value": 50
              }
            ]
          },
          "sensitive_attributes": [],
          "private": "bnVsbA==",
          "dependencies": [
            "module.alb_client.aws_alb.alb",
            "module.alb_client.aws_alb_listener.http_listener",
            "module.alb_client.aws_alb_listener.https_listener",
            "module.alb_client.aws_alb_target_group.target_group",
            "module.ecr_client.aws_ecr_repository.ecr_repository",
            "module.ecs_autoscaling_client.aws_appautoscaling_target.ecs_target",
            "module.ecs_cluster.aws_ecs_cluster.ecs_cluster",
            "module.ecs_role.aws_iam_role.devops_role",
            "module.ecs_role.aws_iam_role.ecs_task_excecution_role",
            "module.ecs_role.aws_iam_role.ecs_task_role",
            "module.ecs_service_client.aws_ecs_service.ecs_service",
            "module.ecs_taks_definition_client.aws_ecs_task_definition.ecs_task_definition",
            "module.networking.aws_subnet.private_subnets_client",
            "module.networking.aws_subnet.public_subnets",
            "module.networking.aws_vpc.aws_vpc",
            "module.networking.data.aws_availability_zones.az_availables",
            "module.security_group_alb_client.aws_security_group.sg",
            "module.security_group_ecs_task_client.aws_security_group.sg",
            "module.target_group_client_blue.aws_alb_target_group.target_group"
          ]
        }
      ]
    },
    {
      "module": "module.ecs_autoscaling_client",
      "mode": "managed",
      "type": "aws_appautoscaling_target",
      "name": "ecs_target",
      "provider": "provider[\"registry.terraform.io/hashicorp/aws\"]",
      "instances": [
        {
          "schema_version": 0,
          "attributes": {
            "id": "service/Cluster-soma-deploy/Service-soma-deploy-client",
            "max_capacity": 4,
            "min_capacity": 1,
            "resource_id": "service/Cluster-soma-deploy/Service-soma-deploy-client",
            "role_arn": "arn:aws-us-gov:iam::343663719667:role/aws-service-role/ecs.application-autoscaling.amazonaws.com/AWSServiceRoleForApplicationAutoScaling_ECSService",
            "scalable_dimension": "ecs:service:DesiredCount",
            "service_namespace": "ecs"
          },
          "sensitive_attributes": [],
          "private": "bnVsbA==",
          "dependencies": [
            "module.alb_client.aws_alb.alb",
            "module.alb_client.aws_alb_listener.http_listener",
            "module.alb_client.aws_alb_listener.https_listener",
            "module.alb_client.aws_alb_target_group.target_group",
            "module.ecr_client.aws_ecr_repository.ecr_repository",
            "module.ecs_cluster.aws_ecs_cluster.ecs_cluster",
            "module.ecs_role.aws_iam_role.devops_role",
            "module.ecs_role.aws_iam_role.ecs_task_excecution_role",
            "module.ecs_role.aws_iam_role.ecs_task_role",
            "module.ecs_service_client.aws_ecs_service.ecs_service",
            "module.ecs_taks_definition_client.aws_ecs_task_definition.ecs_task_definition",
            "module.networking.aws_subnet.private_subnets_client",
            "module.networking.aws_subnet.public_subnets",
            "module.networking.aws_vpc.aws_vpc",
            "module.networking.data.aws_availability_zones.az_availables",
            "module.security_group_alb_client.aws_security_group.sg",
            "module.security_group_ecs_task_client.aws_security_group.sg",
            "module.target_group_client_blue.aws_alb_target_group.target_group"
          ]
        }
      ]
    },
    {
      "module": "module.ecs_autoscaling_client",
      "mode": "managed",
      "type": "aws_cloudwatch_metric_alarm",
      "name": "high-cpu-policy-alarm",
      "provider": "provider[\"registry.terraform.io/hashicorp/aws\"]",
      "instances": [
        {
          "schema_version": 1,
          "attributes": {
            "actions_enabled": true,
            "alarm_actions": [],
            "alarm_description": "High CPUPolicy Landing Page for ecs service-soma-deploy-client",
            "alarm_name": "high-cpu-ecs-service-soma-deploy-client",
            "arn": "arn:aws-us-gov:cloudwatch:us-gov-west-1:343663719667:alarm:high-cpu-ecs-service-soma-deploy-client",
            "comparison_operator": "GreaterThanOrEqualToThreshold",
            "datapoints_to_alarm": 0,
            "dimensions": {
              "ClusterName": "Cluster-soma-deploy",
              "ServiceName": "Service-soma-deploy-client"
            },
            "evaluate_low_sample_count_percentiles": "",
            "evaluation_periods": 2,
            "extended_statistic": "",
            "id": "high-cpu-ecs-service-soma-deploy-client",
            "insufficient_data_actions": [],
            "metric_name": "CPUUtilization",
            "metric_query": [],
            "namespace": "AWS/ECS",
            "ok_actions": [],
            "period": 60,
            "statistic": "Maximum",
            "tags": {},
            "tags_all": {},
            "threshold": 50,
            "threshold_metric_id": "",
            "treat_missing_data": "missing",
            "unit": ""
          },
          "sensitive_attributes": [],
          "private": "eyJzY2hlbWFfdmVyc2lvbiI6IjEifQ==",
          "dependencies": [
            "module.alb_client.aws_alb.alb",
            "module.alb_client.aws_alb_listener.http_listener",
            "module.alb_client.aws_alb_listener.https_listener",
            "module.alb_client.aws_alb_target_group.target_group",
            "module.ecr_client.aws_ecr_repository.ecr_repository",
            "module.ecs_cluster.aws_ecs_cluster.ecs_cluster",
            "module.ecs_role.aws_iam_role.devops_role",
            "module.ecs_role.aws_iam_role.ecs_task_excecution_role",
            "module.ecs_role.aws_iam_role.ecs_task_role",
            "module.ecs_service_client.aws_ecs_service.ecs_service",
            "module.ecs_taks_definition_client.aws_ecs_task_definition.ecs_task_definition",
            "module.networking.aws_subnet.private_subnets_client",
            "module.networking.aws_subnet.public_subnets",
            "module.networking.aws_vpc.aws_vpc",
            "module.networking.data.aws_availability_zones.az_availables",
            "module.security_group_alb_client.aws_security_group.sg",
            "module.security_group_ecs_task_client.aws_security_group.sg",
            "module.target_group_client_blue.aws_alb_target_group.target_group"
          ]
        }
      ]
    },
    {
      "module": "module.ecs_autoscaling_client",
      "mode": "managed",
      "type": "aws_cloudwatch_metric_alarm",
      "name": "high-memory-policy-alarm",
      "provider": "provider[\"registry.terraform.io/hashicorp/aws\"]",
      "instances": [
        {
          "schema_version": 1,
          "attributes": {
            "actions_enabled": true,
            "alarm_actions": [],
            "alarm_description": "High Memory for ecs service-soma-deploy-client",
            "alarm_name": "high-memory-ecs-service-soma-deploy-client",
            "arn": "arn:aws-us-gov:cloudwatch:us-gov-west-1:343663719667:alarm:high-memory-ecs-service-soma-deploy-client",
            "comparison_operator": "GreaterThanOrEqualToThreshold",
            "datapoints_to_alarm": 0,
            "dimensions": {
              "ClusterName": "Cluster-soma-deploy",
              "ServiceName": "Service-soma-deploy-client"
            },
            "evaluate_low_sample_count_percentiles": "",
            "evaluation_periods": 2,
            "extended_statistic": "",
            "id": "high-memory-ecs-service-soma-deploy-client",
            "insufficient_data_actions": [],
            "metric_name": "MemoryUtilization",
            "metric_query": [],
            "namespace": "AWS/ECS",
            "ok_actions": [],
            "period": 60,
            "statistic": "Maximum",
            "tags": {},
            "tags_all": {},
            "threshold": 50,
            "threshold_metric_id": "",
            "treat_missing_data": "missing",
            "unit": ""
          },
          "sensitive_attributes": [],
          "private": "eyJzY2hlbWFfdmVyc2lvbiI6IjEifQ==",
          "dependencies": [
            "module.alb_client.aws_alb.alb",
            "module.alb_client.aws_alb_listener.http_listener",
            "module.alb_client.aws_alb_listener.https_listener",
            "module.alb_client.aws_alb_target_group.target_group",
            "module.ecr_client.aws_ecr_repository.ecr_repository",
            "module.ecs_cluster.aws_ecs_cluster.ecs_cluster",
            "module.ecs_role.aws_iam_role.devops_role",
            "module.ecs_role.aws_iam_role.ecs_task_excecution_role",
            "module.ecs_role.aws_iam_role.ecs_task_role",
            "module.ecs_service_client.aws_ecs_service.ecs_service",
            "module.ecs_taks_definition_client.aws_ecs_task_definition.ecs_task_definition",
            "module.networking.aws_subnet.private_subnets_client",
            "module.networking.aws_subnet.public_subnets",
            "module.networking.aws_vpc.aws_vpc",
            "module.networking.data.aws_availability_zones.az_availables",
            "module.security_group_alb_client.aws_security_group.sg",
            "module.security_group_ecs_task_client.aws_security_group.sg",
            "module.target_group_client_blue.aws_alb_target_group.target_group"
          ]
        }
      ]
    },
    {
      "module": "module.ecs_autoscaling_server",
      "mode": "managed",
      "type": "aws_appautoscaling_policy",
      "name": "cpu",
      "provider": "provider[\"registry.terraform.io/hashicorp/aws\"]",
      "instances": [
        {
          "schema_version": 0,
          "attributes": {
            "arn": "arn:aws-us-gov:autoscaling:us-gov-west-1:343663719667:scalingPolicy:8f2d99f0-0c0b-425c-a56b-9f5bddd3e28d:resource/ecs/service/Cluster-soma-deploy/Service-soma-deploy-server:policyName/ecs_scale_cpu_service_soma-deploy-server",
            "id": "ecs_scale_cpu_service_soma-deploy-server",
            "name": "ecs_scale_cpu_service_soma-deploy-server",
            "policy_type": "TargetTrackingScaling",
            "resource_id": "service/Cluster-soma-deploy/Service-soma-deploy-server",
            "scalable_dimension": "ecs:service:DesiredCount",
            "service_namespace": "ecs",
            "step_scaling_policy_configuration": [],
            "target_tracking_scaling_policy_configuration": [
              {
                "customized_metric_specification": [],
                "disable_scale_in": false,
                "predefined_metric_specification": [
                  {
                    "predefined_metric_type": "ECSServiceAverageCPUUtilization",
                    "resource_label": ""
                  }
                ],
                "scale_in_cooldown": 60,
                "scale_out_cooldown": 60,
                "target_value": 50
              }
            ]
          },
          "sensitive_attributes": [],
          "private": "bnVsbA==",
          "dependencies": [
            "module.alb_server.aws_alb.alb",
            "module.alb_server.aws_alb_listener.http_listener",
            "module.alb_server.aws_alb_listener.https_listener",
            "module.alb_server.aws_alb_target_group.target_group",
            "module.ecr_server.aws_ecr_repository.ecr_repository",
            "module.ecs_autoscaling_server.aws_appautoscaling_target.ecs_target",
            "module.ecs_cluster.aws_ecs_cluster.ecs_cluster",
            "module.ecs_role.aws_iam_role.devops_role",
            "module.ecs_role.aws_iam_role.ecs_task_excecution_role",
            "module.ecs_role.aws_iam_role.ecs_task_role",
            "module.ecs_service_server.aws_ecs_service.ecs_service",
            "module.ecs_taks_definition_server.aws_ecs_task_definition.ecs_task_definition",
            "module.networking.aws_subnet.private_subnets_server",
            "module.networking.aws_subnet.public_subnets",
            "module.networking.aws_vpc.aws_vpc",
            "module.networking.data.aws_availability_zones.az_availables",
            "module.security_group_alb_server.aws_security_group.sg",
            "module.security_group_ecs_task_server.aws_security_group.sg",
            "module.target_group_server_blue.aws_alb_target_group.target_group"
          ]
        }
      ]
    },
    {
      "module": "module.ecs_autoscaling_server",
      "mode": "managed",
      "type": "aws_appautoscaling_policy",
      "name": "memory",
      "provider": "provider[\"registry.terraform.io/hashicorp/aws\"]",
      "instances": [
        {
          "schema_version": 0,
          "attributes": {
            "arn": "arn:aws-us-gov:autoscaling:us-gov-west-1:343663719667:scalingPolicy:8f2d99f0-0c0b-425c-a56b-9f5bddd3e28d:resource/ecs/service/Cluster-soma-deploy/Service-soma-deploy-server:policyName/ecs_scale_memory_service_soma-deploy-server",
            "id": "ecs_scale_memory_service_soma-deploy-server",
            "name": "ecs_scale_memory_service_soma-deploy-server",
            "policy_type": "TargetTrackingScaling",
            "resource_id": "service/Cluster-soma-deploy/Service-soma-deploy-server",
            "scalable_dimension": "ecs:service:DesiredCount",
            "service_namespace": "ecs",
            "step_scaling_policy_configuration": [],
            "target_tracking_scaling_policy_configuration": [
              {
                "customized_metric_specification": [],
                "disable_scale_in": false,
                "predefined_metric_specification": [
                  {
                    "predefined_metric_type": "ECSServiceAverageMemoryUtilization",
                    "resource_label": ""
                  }
                ],
                "scale_in_cooldown": 60,
                "scale_out_cooldown": 60,
                "target_value": 50
              }
            ]
          },
          "sensitive_attributes": [],
          "private": "bnVsbA==",
          "dependencies": [
            "module.alb_server.aws_alb.alb",
            "module.alb_server.aws_alb_listener.http_listener",
            "module.alb_server.aws_alb_listener.https_listener",
            "module.alb_server.aws_alb_target_group.target_group",
            "module.ecr_server.aws_ecr_repository.ecr_repository",
            "module.ecs_autoscaling_server.aws_appautoscaling_target.ecs_target",
            "module.ecs_cluster.aws_ecs_cluster.ecs_cluster",
            "module.ecs_role.aws_iam_role.devops_role",
            "module.ecs_role.aws_iam_role.ecs_task_excecution_role",
            "module.ecs_role.aws_iam_role.ecs_task_role",
            "module.ecs_service_server.aws_ecs_service.ecs_service",
            "module.ecs_taks_definition_server.aws_ecs_task_definition.ecs_task_definition",
            "module.networking.aws_subnet.private_subnets_server",
            "module.networking.aws_subnet.public_subnets",
            "module.networking.aws_vpc.aws_vpc",
            "module.networking.data.aws_availability_zones.az_availables",
            "module.security_group_alb_server.aws_security_group.sg",
            "module.security_group_ecs_task_server.aws_security_group.sg",
            "module.target_group_server_blue.aws_alb_target_group.target_group"
          ]
        }
      ]
    },
    {
      "module": "module.ecs_autoscaling_server",
      "mode": "managed",
      "type": "aws_appautoscaling_target",
      "name": "ecs_target",
      "provider": "provider[\"registry.terraform.io/hashicorp/aws\"]",
      "instances": [
        {
          "schema_version": 0,
          "attributes": {
            "id": "service/Cluster-soma-deploy/Service-soma-deploy-server",
            "max_capacity": 4,
            "min_capacity": 1,
            "resource_id": "service/Cluster-soma-deploy/Service-soma-deploy-server",
            "role_arn": "arn:aws-us-gov:iam::343663719667:role/aws-service-role/ecs.application-autoscaling.amazonaws.com/AWSServiceRoleForApplicationAutoScaling_ECSService",
            "scalable_dimension": "ecs:service:DesiredCount",
            "service_namespace": "ecs"
          },
          "sensitive_attributes": [],
          "private": "bnVsbA==",
          "dependencies": [
            "module.alb_server.aws_alb.alb",
            "module.alb_server.aws_alb_listener.http_listener",
            "module.alb_server.aws_alb_listener.https_listener",
            "module.alb_server.aws_alb_target_group.target_group",
            "module.ecr_server.aws_ecr_repository.ecr_repository",
            "module.ecs_cluster.aws_ecs_cluster.ecs_cluster",
            "module.ecs_role.aws_iam_role.devops_role",
            "module.ecs_role.aws_iam_role.ecs_task_excecution_role",
            "module.ecs_role.aws_iam_role.ecs_task_role",
            "module.ecs_service_server.aws_ecs_service.ecs_service",
            "module.ecs_taks_definition_server.aws_ecs_task_definition.ecs_task_definition",
            "module.networking.aws_subnet.private_subnets_server",
            "module.networking.aws_subnet.public_subnets",
            "module.networking.aws_vpc.aws_vpc",
            "module.networking.data.aws_availability_zones.az_availables",
            "module.security_group_alb_server.aws_security_group.sg",
            "module.security_group_ecs_task_server.aws_security_group.sg",
            "module.target_group_server_blue.aws_alb_target_group.target_group"
          ]
        }
      ]
    },
    {
      "module": "module.ecs_autoscaling_server",
      "mode": "managed",
      "type": "aws_cloudwatch_metric_alarm",
      "name": "high-cpu-policy-alarm",
      "provider": "provider[\"registry.terraform.io/hashicorp/aws\"]",
      "instances": [
        {
          "schema_version": 1,
          "attributes": {
            "actions_enabled": true,
            "alarm_actions": [],
            "alarm_description": "High CPUPolicy Landing Page for ecs service-soma-deploy-server",
            "alarm_name": "high-cpu-ecs-service-soma-deploy-server",
            "arn": "arn:aws-us-gov:cloudwatch:us-gov-west-1:343663719667:alarm:high-cpu-ecs-service-soma-deploy-server",
            "comparison_operator": "GreaterThanOrEqualToThreshold",
            "datapoints_to_alarm": 0,
            "dimensions": {
              "ClusterName": "Cluster-soma-deploy",
              "ServiceName": "Service-soma-deploy-server"
            },
            "evaluate_low_sample_count_percentiles": "",
            "evaluation_periods": 2,
            "extended_statistic": "",
            "id": "high-cpu-ecs-service-soma-deploy-server",
            "insufficient_data_actions": [],
            "metric_name": "CPUUtilization",
            "metric_query": [],
            "namespace": "AWS/ECS",
            "ok_actions": [],
            "period": 60,
            "statistic": "Maximum",
            "tags": {},
            "tags_all": {},
            "threshold": 50,
            "threshold_metric_id": "",
            "treat_missing_data": "missing",
            "unit": ""
          },
          "sensitive_attributes": [],
          "private": "eyJzY2hlbWFfdmVyc2lvbiI6IjEifQ==",
          "dependencies": [
            "module.alb_server.aws_alb.alb",
            "module.alb_server.aws_alb_listener.http_listener",
            "module.alb_server.aws_alb_listener.https_listener",
            "module.alb_server.aws_alb_target_group.target_group",
            "module.ecr_server.aws_ecr_repository.ecr_repository",
            "module.ecs_cluster.aws_ecs_cluster.ecs_cluster",
            "module.ecs_role.aws_iam_role.devops_role",
            "module.ecs_role.aws_iam_role.ecs_task_excecution_role",
            "module.ecs_role.aws_iam_role.ecs_task_role",
            "module.ecs_service_server.aws_ecs_service.ecs_service",
            "module.ecs_taks_definition_server.aws_ecs_task_definition.ecs_task_definition",
            "module.networking.aws_subnet.private_subnets_server",
            "module.networking.aws_subnet.public_subnets",
            "module.networking.aws_vpc.aws_vpc",
            "module.networking.data.aws_availability_zones.az_availables",
            "module.security_group_alb_server.aws_security_group.sg",
            "module.security_group_ecs_task_server.aws_security_group.sg",
            "module.target_group_server_blue.aws_alb_target_group.target_group"
          ]
        }
      ]
    },
    {
      "module": "module.ecs_autoscaling_server",
      "mode": "managed",
      "type": "aws_cloudwatch_metric_alarm",
      "name": "high-memory-policy-alarm",
      "provider": "provider[\"registry.terraform.io/hashicorp/aws\"]",
      "instances": [
        {
          "schema_version": 1,
          "attributes": {
            "actions_enabled": true,
            "alarm_actions": [],
            "alarm_description": "High Memory for ecs service-soma-deploy-server",
            "alarm_name": "high-memory-ecs-service-soma-deploy-server",
            "arn": "arn:aws-us-gov:cloudwatch:us-gov-west-1:343663719667:alarm:high-memory-ecs-service-soma-deploy-server",
            "comparison_operator": "GreaterThanOrEqualToThreshold",
            "datapoints_to_alarm": 0,
            "dimensions": {
              "ClusterName": "Cluster-soma-deploy",
              "ServiceName": "Service-soma-deploy-server"
            },
            "evaluate_low_sample_count_percentiles": "",
            "evaluation_periods": 2,
            "extended_statistic": "",
            "id": "high-memory-ecs-service-soma-deploy-server",
            "insufficient_data_actions": [],
            "metric_name": "MemoryUtilization",
            "metric_query": [],
            "namespace": "AWS/ECS",
            "ok_actions": [],
            "period": 60,
            "statistic": "Maximum",
            "tags": {},
            "tags_all": {},
            "threshold": 50,
            "threshold_metric_id": "",
            "treat_missing_data": "missing",
            "unit": ""
          },
          "sensitive_attributes": [],
          "private": "eyJzY2hlbWFfdmVyc2lvbiI6IjEifQ==",
          "dependencies": [
            "module.alb_server.aws_alb.alb",
            "module.alb_server.aws_alb_listener.http_listener",
            "module.alb_server.aws_alb_listener.https_listener",
            "module.alb_server.aws_alb_target_group.target_group",
            "module.ecr_server.aws_ecr_repository.ecr_repository",
            "module.ecs_cluster.aws_ecs_cluster.ecs_cluster",
            "module.ecs_role.aws_iam_role.devops_role",
            "module.ecs_role.aws_iam_role.ecs_task_excecution_role",
            "module.ecs_role.aws_iam_role.ecs_task_role",
            "module.ecs_service_server.aws_ecs_service.ecs_service",
            "module.ecs_taks_definition_server.aws_ecs_task_definition.ecs_task_definition",
            "module.networking.aws_subnet.private_subnets_server",
            "module.networking.aws_subnet.public_subnets",
            "module.networking.aws_vpc.aws_vpc",
            "module.networking.data.aws_availability_zones.az_availables",
            "module.security_group_alb_server.aws_security_group.sg",
            "module.security_group_ecs_task_server.aws_security_group.sg",
            "module.target_group_server_blue.aws_alb_target_group.target_group"
          ]
        }
      ]
    },
    {
      "module": "module.ecs_cluster",
      "mode": "managed",
      "type": "aws_ecs_cluster",
      "name": "ecs_cluster",
      "provider": "provider[\"registry.terraform.io/hashicorp/aws\"]",
      "instances": [
        {
          "schema_version": 0,
          "attributes": {
            "arn": "arn:aws-us-gov:ecs:us-gov-west-1:343663719667:cluster/Cluster-soma-deploy",
            "capacity_providers": [],
            "configuration": [],
            "default_capacity_provider_strategy": [],
            "id": "arn:aws-us-gov:ecs:us-gov-west-1:343663719667:cluster/Cluster-soma-deploy",
            "name": "Cluster-soma-deploy",
            "setting": [
              {
                "name": "containerInsights",
                "value": "disabled"
              }
            ],
            "tags": {},
            "tags_all": {}
          },
          "sensitive_attributes": [],
          "private": "bnVsbA==",
          "create_before_destroy": true
        }
      ]
    },
    {
      "module": "module.ecs_role",
      "mode": "data",
      "type": "aws_iam_policy_document",
      "name": "role_policy_devops_role",
      "provider": "provider[\"registry.terraform.io/hashicorp/aws\"]",
      "instances": [
        {
          "schema_version": 0,
          "attributes": {
            "id": "2438220261",
            "json": "{\n  \"Version\": \"2012-10-17\",\n  \"Statement\": [\n    {\n      \"Sid\": \"AllowS3Actions\",\n      \"Effect\": \"Allow\",\n      \"Action\": [\n        \"s3:PutObject\",\n        \"s3:List*\",\n        \"s3:GetObjectVersion\",\n        \"s3:GetObject\",\n        \"s3:GetBucketAcl\"\n      ],\n      \"Resource\": \"*\"\n    },\n    {\n      \"Sid\": \"AllowCodebuildActions\",\n      \"Effect\": \"Allow\",\n      \"Action\": [\n        \"codebuild:StopBuild\",\n        \"codebuild:StartBuildBatch\",\n        \"codebuild:StartBuild\",\n        \"codebuild:BatchGetBuilds\",\n        \"codebuild:BatchGetBuildBatches\"\n      ],\n      \"Resource\": \"*\"\n    },\n    {\n      \"Sid\": \"AllowCodebuildList\",\n      \"Effect\": \"Allow\",\n      \"Action\": \"codebuild:ListBuilds\",\n      \"Resource\": \"*\"\n    },\n    {\n      \"Sid\": \"AllowCodeDeployActions\",\n      \"Effect\": \"Allow\",\n      \"Action\": [\n        \"codedeploy:RegisterApplicationRevision\",\n        \"codedeploy:GetDeploymentGroup\",\n        \"codedeploy:GetDeployment\",\n        \"codedeploy:GetApplicationRevision\",\n        \"codedeploy:GetApplication\",\n        \"codedeploy:CreateDeployment\"\n      ],\n      \"Resource\": \"*\"\n    },\n    {\n      \"Sid\": \"AllowCodeDeployConfigs\",\n      \"Effect\": \"Allow\",\n      \"Action\": [\n        \"codedeploy:StopDeployment\",\n        \"codedeploy:ListDeployments\",\n        \"codedeploy:ListDeploymentGroups\",\n        \"codedeploy:ListDeploymentConfigs\",\n        \"codedeploy:ListApplications\",\n        \"codedeploy:GetDeploymentTarget\",\n        \"codedeploy:GetDeploymentConfig\",\n        \"codedeploy:CreateDeploymentGroup\",\n        \"codedeploy:CreateDeploymentConfig\"\n      ],\n      \"Resource\": \"*\"\n    },\n    {\n      \"Sid\": \"AllowECRActions\",\n      \"Effect\": \"Allow\",\n      \"Action\": [\n        \"ecr:UploadLayerPart\",\n        \"ecr:PutImage\",\n        \"ecr:InitiateLayerUpload\",\n        \"ecr:GetDownloadUrlForLayer\",\n        \"ecr:CompleteLayerUpload\",\n        \"ecr:BatchGetImage\",\n        \"ecr:BatchCheckLayerAvailability\"\n      ],\n      \"Resource\": \"*\"\n    },\n    {\n      \"Sid\": \"AllowECRAuthorization\",\n      \"Effect\": \"Allow\",\n      \"Action\": \"ecr:GetAuthorizationToken\",\n      \"Resource\": \"*\"\n    },\n    {\n      \"Sid\": \"AllowCECSServiceActions\",\n      \"Effect\": \"Allow\",\n      \"Action\": [\n        \"ecs:UpdateTaskSet\",\n        \"ecs:UpdateServicePrimaryTaskSet\",\n        \"ecs:UpdateService\",\n        \"ecs:UpdateCluster\",\n        \"ecs:UpdateCapacityProvider\",\n        \"ecs:StopTask\",\n        \"ecs:StartTask\",\n        \"ecs:RunTask\",\n        \"ecs:RegisterTaskDefinition\",\n        \"ecs:PutClusterCapacityProviders\",\n        \"ecs:ListTasks\",\n        \"ecs:ListServices\",\n        \"ecs:DescribeTasks\",\n        \"ecs:DescribeTaskSets\",\n        \"ecs:DescribeTaskDefinition\",\n        \"ecs:DescribeServices\",\n        \"ecs:DeregisterContainerInstance\",\n        \"ecs:DeleteTaskSet\",\n        \"ecs:CreateTaskSet\"\n      ],\n      \"Resource\": \"*\"\n    },\n    {\n      \"Sid\": \"AllowIAMPassRole\",\n      \"Effect\": \"Allow\",\n      \"Action\": \"iam:PassRole\",\n      \"Resource\": \"*\"\n    },\n    {\n      \"Sid\": \"AllowCloudWatchActions\",\n      \"Effect\": \"Allow\",\n      \"Action\": [\n        \"logs:PutLogEvents\",\n        \"logs:CreateLogStream\",\n        \"logs:CreateLogGroup\"\n      ],\n      \"Resource\": \"*\"\n    }\n  ]\n}",
            "override_json": null,
            "override_policy_documents": null,
            "policy_id": null,
            "source_json": null,
            "source_policy_documents": null,
            "statement": [
              {
                "actions": [
                  "s3:GetBucketAcl",
                  "s3:GetObject",
                  "s3:GetObjectVersion",
                  "s3:List*",
                  "s3:PutObject"
                ],
                "condition": [],
                "effect": "Allow",
                "not_actions": [],
                "not_principals": [],
                "not_resources": [],
                "principals": [],
                "resources": [
                  "*"
                ],
                "sid": "AllowS3Actions"
              },
              {
                "actions": [
                  "codebuild:BatchGetBuildBatches",
                  "codebuild:BatchGetBuilds",
                  "codebuild:StartBuild",
                  "codebuild:StartBuildBatch",
                  "codebuild:StopBuild"
                ],
                "condition": [],
                "effect": "Allow",
                "not_actions": [],
                "not_principals": [],
                "not_resources": [],
                "principals": [],
                "resources": [
                  "*"
                ],
                "sid": "AllowCodebuildActions"
              },
              {
                "actions": [
                  "codebuild:ListBuilds"
                ],
                "condition": [],
                "effect": "Allow",
                "not_actions": [],
                "not_principals": [],
                "not_resources": [],
                "principals": [],
                "resources": [
                  "*"
                ],
                "sid": "AllowCodebuildList"
              },
              {
                "actions": [
                  "codedeploy:CreateDeployment",
                  "codedeploy:GetApplication",
                  "codedeploy:GetApplicationRevision",
                  "codedeploy:GetDeployment",
                  "codedeploy:GetDeploymentGroup",
                  "codedeploy:RegisterApplicationRevision"
                ],
                "condition": [],
                "effect": "Allow",
                "not_actions": [],
                "not_principals": [],
                "not_resources": [],
                "principals": [],
                "resources": [
                  "*"
                ],
                "sid": "AllowCodeDeployActions"
              },
              {
                "actions": [
                  "codedeploy:CreateDeploymentConfig",
                  "codedeploy:CreateDeploymentGroup",
                  "codedeploy:GetDeploymentConfig",
                  "codedeploy:GetDeploymentTarget",
                  "codedeploy:ListApplications",
                  "codedeploy:ListDeploymentConfigs",
                  "codedeploy:ListDeploymentGroups",
                  "codedeploy:ListDeployments",
                  "codedeploy:StopDeployment"
                ],
                "condition": [],
                "effect": "Allow",
                "not_actions": [],
                "not_principals": [],
                "not_resources": [],
                "principals": [],
                "resources": [
                  "*"
                ],
                "sid": "AllowCodeDeployConfigs"
              },
              {
                "actions": [
                  "ecr:BatchCheckLayerAvailability",
                  "ecr:BatchGetImage",
                  "ecr:CompleteLayerUpload",
                  "ecr:GetDownloadUrlForLayer",
                  "ecr:InitiateLayerUpload",
                  "ecr:PutImage",
                  "ecr:UploadLayerPart"
                ],
                "condition": [],
                "effect": "Allow",
                "not_actions": [],
                "not_principals": [],
                "not_resources": [],
                "principals": [],
                "resources": [
                  "*"
                ],
                "sid": "AllowECRActions"
              },
              {
                "actions": [
                  "ecr:GetAuthorizationToken"
                ],
                "condition": [],
                "effect": "Allow",
                "not_actions": [],
                "not_principals": [],
                "not_resources": [],
                "principals": [],
                "resources": [
                  "*"
                ],
                "sid": "AllowECRAuthorization"
              },
              {
                "actions": [
                  "ecs:CreateTaskSet",
                  "ecs:DeleteTaskSet",
                  "ecs:DeregisterContainerInstance",
                  "ecs:DescribeServices",
                  "ecs:DescribeTaskDefinition",
                  "ecs:DescribeTaskSets",
                  "ecs:DescribeTasks",
                  "ecs:ListServices",
                  "ecs:ListTasks",
                  "ecs:PutClusterCapacityProviders",
                  "ecs:RegisterTaskDefinition",
                  "ecs:RunTask",
                  "ecs:StartTask",
                  "ecs:StopTask",
                  "ecs:UpdateCapacityProvider",
                  "ecs:UpdateCluster",
                  "ecs:UpdateService",
                  "ecs:UpdateServicePrimaryTaskSet",
                  "ecs:UpdateTaskSet"
                ],
                "condition": [],
                "effect": "Allow",
                "not_actions": [],
                "not_principals": [],
                "not_resources": [],
                "principals": [],
                "resources": [
                  "*"
                ],
                "sid": "AllowCECSServiceActions"
              },
              {
                "actions": [
                  "iam:PassRole"
                ],
                "condition": [],
                "effect": "Allow",
                "not_actions": [],
                "not_principals": [],
                "not_resources": [],
                "principals": [],
                "resources": [
                  "*"
                ],
                "sid": "AllowIAMPassRole"
              },
              {
                "actions": [
                  "logs:CreateLogGroup",
                  "logs:CreateLogStream",
                  "logs:PutLogEvents"
                ],
                "condition": [],
                "effect": "Allow",
                "not_actions": [],
                "not_principals": [],
                "not_resources": [],
                "principals": [],
                "resources": [
                  "*"
                ],
                "sid": "AllowCloudWatchActions"
              }
            ],
            "version": "2012-10-17"
          },
          "sensitive_attributes": []
        }
      ]
    },
    {
      "module": "module.ecs_role",
      "mode": "data",
      "type": "aws_iam_policy_document",
      "name": "role_policy_ecs_task_role",
      "provider": "provider[\"registry.terraform.io/hashicorp/aws\"]",
      "instances": [
        {
          "schema_version": 0,
          "attributes": {
            "id": "4032712847",
            "json": "{\n  \"Version\": \"2012-10-17\",\n  \"Statement\": [\n    {\n      \"Sid\": \"AllowS3Actions\",\n      \"Effect\": \"Allow\",\n      \"Action\": [\n        \"s3:ListBucket\",\n        \"s3:GetObject\"\n      ],\n      \"Resource\": \"*\"\n    },\n    {\n      \"Sid\": \"AllowIAMPassRole\",\n      \"Effect\": \"Allow\",\n      \"Action\": \"iam:PassRole\",\n      \"Resource\": \"*\"\n    },\n    {\n      \"Sid\": \"AllowDynamodbActions\",\n      \"Effect\": \"Allow\",\n      \"Action\": [\n        \"dynamodb:Scan\",\n        \"dynamodb:Query\",\n        \"dynamodb:List*\",\n        \"dynamodb:GetItem\",\n        \"dynamodb:Describe*\",\n        \"dynamodb:BatchGetItem\"\n      ],\n      \"Resource\": \"arn:aws-us-gov:dynamodb:us-gov-west-1:343663719667:table/assets-table-soma-deploy\"\n    }\n  ]\n}",
            "override_json": null,
            "override_policy_documents": null,
            "policy_id": null,
            "source_json": null,
            "source_policy_documents": null,
            "statement": [
              {
                "actions": [
                  "s3:GetObject",
                  "s3:ListBucket"
                ],
                "condition": [],
                "effect": "Allow",
                "not_actions": [],
                "not_principals": [],
                "not_resources": [],
                "principals": [],
                "resources": [
                  "*"
                ],
                "sid": "AllowS3Actions"
              },
              {
                "actions": [
                  "iam:PassRole"
                ],
                "condition": [],
                "effect": "Allow",
                "not_actions": [],
                "not_principals": [],
                "not_resources": [],
                "principals": [],
                "resources": [
                  "*"
                ],
                "sid": "AllowIAMPassRole"
              },
              {
                "actions": [
                  "dynamodb:BatchGetItem",
                  "dynamodb:Describe*",
                  "dynamodb:GetItem",
                  "dynamodb:List*",
                  "dynamodb:Query",
                  "dynamodb:Scan"
                ],
                "condition": [],
                "effect": "Allow",
                "not_actions": [],
                "not_principals": [],
                "not_resources": [],
                "principals": [],
                "resources": [
                  "arn:aws-us-gov:dynamodb:us-gov-west-1:343663719667:table/assets-table-soma-deploy"
                ],
                "sid": "AllowDynamodbActions"
              }
            ],
            "version": "2012-10-17"
          },
          "sensitive_attributes": []
        }
      ]
    },
    {
      "module": "module.ecs_role",
      "mode": "managed",
      "type": "aws_iam_policy",
      "name": "policy_for_ecs_task_role",
      "provider": "provider[\"registry.terraform.io/hashicorp/aws\"]",
      "instances": [
        {
          "index_key": 0,
          "schema_version": 0,
          "attributes": {
            "arn": "arn:aws-us-gov:iam::343663719667:policy/Policy-ECS-task-Role",
            "description": "IAM Policy for Role ECS-task-Role",
            "id": "arn:aws-us-gov:iam::343663719667:policy/Policy-ECS-task-Role",
            "name": "Policy-ECS-task-Role",
            "name_prefix": null,
            "path": "/",
            "policy": "{\"Statement\":[{\"Action\":[\"s3:ListBucket\",\"s3:GetObject\"],\"Effect\":\"Allow\",\"Resource\":\"*\",\"Sid\":\"AllowS3Actions\"},{\"Action\":\"iam:PassRole\",\"Effect\":\"Allow\",\"Resource\":\"*\",\"Sid\":\"AllowIAMPassRole\"},{\"Action\":[\"dynamodb:Scan\",\"dynamodb:Query\",\"dynamodb:List*\",\"dynamodb:GetItem\",\"dynamodb:Describe*\",\"dynamodb:BatchGetItem\"],\"Effect\":\"Allow\",\"Resource\":\"arn:aws-us-gov:dynamodb:us-gov-west-1:343663719667:table/assets-table-soma-deploy\",\"Sid\":\"AllowDynamodbActions\"}],\"Version\":\"2012-10-17\"}",
            "policy_id": "ANPAVAA7UGTZV427EWQBC",
            "tags": {},
            "tags_all": {}
          },
          "sensitive_attributes": [],
          "private": "bnVsbA==",
          "dependencies": [
            "module.dynamodb_table.aws_dynamodb_table.dynamodb_table",
            "module.ecs_role.data.aws_iam_policy_document.role_policy_ecs_task_role"
          ],
          "create_before_destroy": true
        }
      ]
    },
    {
      "module": "module.ecs_role",
      "mode": "managed",
      "type": "aws_iam_role",
      "name": "ecs_task_excecution_role",
      "provider": "provider[\"registry.terraform.io/hashicorp/aws\"]",
      "instances": [
        {
          "index_key": 0,
          "schema_version": 0,
          "attributes": {
            "arn": "arn:aws-us-gov:iam::343663719667:role/ECS-task-excecution-Role",
            "assume_role_policy": "{\"Version\":\"2012-10-17\",\"Statement\":[{\"Sid\":\"\",\"Effect\":\"Allow\",\"Principal\":{\"Service\":\"ecs-tasks.amazonaws.com\"},\"Action\":\"sts:AssumeRole\"}]}",
            "create_date": "2023-03-03T15:28:22Z",
            "description": "",
            "force_detach_policies": false,
            "id": "ECS-task-excecution-Role",
            "inline_policy": [
              {
                "name": "",
                "policy": ""
              }
            ],
            "managed_policy_arns": [
              "arn:aws-us-gov:iam::343663719667:policy/AdminFullAccess",
              "arn:aws-us-gov:iam::aws:policy/AWSCodeDeployFullAccess",
              "arn:aws-us-gov:iam::aws:policy/AWSCodeDeployRoleForECS",
              "arn:aws-us-gov:iam::aws:policy/AWSCodePipeline_FullAccess",
              "arn:aws-us-gov:iam::aws:policy/service-role/AWSCodeDeployRole",
              "arn:aws-us-gov:iam::aws:policy/service-role/AmazonEC2RoleforAWSCodeDeploy",
              "arn:aws-us-gov:iam::aws:policy/service-role/AmazonECSTaskExecutionRolePolicy"
            ],
            "max_session_duration": 3600,
            "name": "ECS-task-excecution-Role",
            "name_prefix": "",
            "path": "/",
            "permissions_boundary": null,
            "tags": {
              "Name": "ECS-task-excecution-Role"
            },
            "tags_all": {
              "Name": "ECS-task-excecution-Role"
            },
            "unique_id": "AROAVAA7UGTZXM7INFMT4"
          },
          "sensitive_attributes": [],
          "private": "bnVsbA==",
          "create_before_destroy": true
        }
      ]
    },
    {
      "module": "module.ecs_role",
      "mode": "managed",
      "type": "aws_iam_role",
      "name": "ecs_task_role",
      "provider": "provider[\"registry.terraform.io/hashicorp/aws\"]",
      "instances": [
        {
          "index_key": 0,
          "schema_version": 0,
          "attributes": {
            "arn": "arn:aws-us-gov:iam::343663719667:role/ECS-task-Role",
            "assume_role_policy": "{\"Version\":\"2012-10-17\",\"Statement\":[{\"Sid\":\"\",\"Effect\":\"Allow\",\"Principal\":{\"Service\":\"ecs-tasks.amazonaws.com\"},\"Action\":\"sts:AssumeRole\"}]}",
            "create_date": "2023-03-03T15:28:25Z",
            "description": "",
            "force_detach_policies": false,
            "id": "ECS-task-Role",
            "inline_policy": [
              {
                "name": "",
                "policy": ""
              }
            ],
            "managed_policy_arns": [
              "arn:aws-us-gov:iam::343663719667:policy/Policy-ECS-task-Role"
            ],
            "max_session_duration": 3600,
            "name": "ECS-task-Role",
            "name_prefix": "",
            "path": "/",
            "permissions_boundary": null,
            "tags": {
              "Name": "ECS-task-Role"
            },
            "tags_all": {
              "Name": "ECS-task-Role"
            },
            "unique_id": "AROAVAA7UGTZXH2V6MMJQ"
          },
          "sensitive_attributes": [],
          "private": "bnVsbA==",
          "create_before_destroy": true
        }
      ]
    },
    {
      "module": "module.ecs_role",
      "mode": "managed",
      "type": "aws_iam_role_policy_attachment",
      "name": "attachment",
      "provider": "provider[\"registry.terraform.io/hashicorp/aws\"]",
      "instances": [
        {
          "index_key": 0,
          "schema_version": 0,
          "attributes": {
            "id": "ECS-task-excecution-Role-20230307212141153900000001",
            "policy_arn": "arn:aws-us-gov:iam::aws:policy/service-role/AmazonECSTaskExecutionRolePolicy",
            "role": "ECS-task-excecution-Role"
          },
          "sensitive_attributes": [],
          "private": "bnVsbA==",
          "dependencies": [
            "module.ecs_role.aws_iam_role.ecs_task_excecution_role"
          ],
          "create_before_destroy": true
        }
      ]
    },
    {
      "module": "module.ecs_role",
      "mode": "managed",
      "type": "aws_iam_role_policy_attachment",
      "name": "ecs_attachment",
      "provider": "provider[\"registry.terraform.io/hashicorp/aws\"]",
      "instances": [
        {
          "index_key": 0,
          "schema_version": 0,
          "attributes": {
            "id": "ECS-task-Role-20230303152832996400000003",
            "policy_arn": "arn:aws-us-gov:iam::343663719667:policy/Policy-ECS-task-Role",
            "role": "ECS-task-Role"
          },
          "sensitive_attributes": [],
          "private": "bnVsbA==",
          "dependencies": [
            "module.dynamodb_table.aws_dynamodb_table.dynamodb_table",
            "module.ecs_role.aws_iam_policy.policy_for_ecs_task_role",
            "module.ecs_role.aws_iam_role.ecs_task_role",
            "module.ecs_role.data.aws_iam_policy_document.role_policy_ecs_task_role"
          ],
          "create_before_destroy": true
        }
      ]
    },
    {
      "module": "module.ecs_role_policy",
      "mode": "data",
      "type": "aws_iam_policy_document",
      "name": "role_policy_devops_role",
      "provider": "provider[\"registry.terraform.io/hashicorp/aws\"]",
      "instances": [
        {
          "schema_version": 0,
          "attributes": {
            "id": "2438220261",
            "json": "{\n  \"Version\": \"2012-10-17\",\n  \"Statement\": [\n    {\n      \"Sid\": \"AllowS3Actions\",\n      \"Effect\": \"Allow\",\n      \"Action\": [\n        \"s3:PutObject\",\n        \"s3:List*\",\n        \"s3:GetObjectVersion\",\n        \"s3:GetObject\",\n        \"s3:GetBucketAcl\"\n      ],\n      \"Resource\": \"*\"\n    },\n    {\n      \"Sid\": \"AllowCodebuildActions\",\n      \"Effect\": \"Allow\",\n      \"Action\": [\n        \"codebuild:StopBuild\",\n        \"codebuild:StartBuildBatch\",\n        \"codebuild:StartBuild\",\n        \"codebuild:BatchGetBuilds\",\n        \"codebuild:BatchGetBuildBatches\"\n      ],\n      \"Resource\": \"*\"\n    },\n    {\n      \"Sid\": \"AllowCodebuildList\",\n      \"Effect\": \"Allow\",\n      \"Action\": \"codebuild:ListBuilds\",\n      \"Resource\": \"*\"\n    },\n    {\n      \"Sid\": \"AllowCodeDeployActions\",\n      \"Effect\": \"Allow\",\n      \"Action\": [\n        \"codedeploy:RegisterApplicationRevision\",\n        \"codedeploy:GetDeploymentGroup\",\n        \"codedeploy:GetDeployment\",\n        \"codedeploy:GetApplicationRevision\",\n        \"codedeploy:GetApplication\",\n        \"codedeploy:CreateDeployment\"\n      ],\n      \"Resource\": \"*\"\n    },\n    {\n      \"Sid\": \"AllowCodeDeployConfigs\",\n      \"Effect\": \"Allow\",\n      \"Action\": [\n        \"codedeploy:StopDeployment\",\n        \"codedeploy:ListDeployments\",\n        \"codedeploy:ListDeploymentGroups\",\n        \"codedeploy:ListDeploymentConfigs\",\n        \"codedeploy:ListApplications\",\n        \"codedeploy:GetDeploymentTarget\",\n        \"codedeploy:GetDeploymentConfig\",\n        \"codedeploy:CreateDeploymentGroup\",\n        \"codedeploy:CreateDeploymentConfig\"\n      ],\n      \"Resource\": \"*\"\n    },\n    {\n      \"Sid\": \"AllowECRActions\",\n      \"Effect\": \"Allow\",\n      \"Action\": [\n        \"ecr:UploadLayerPart\",\n        \"ecr:PutImage\",\n        \"ecr:InitiateLayerUpload\",\n        \"ecr:GetDownloadUrlForLayer\",\n        \"ecr:CompleteLayerUpload\",\n        \"ecr:BatchGetImage\",\n        \"ecr:BatchCheckLayerAvailability\"\n      ],\n      \"Resource\": \"*\"\n    },\n    {\n      \"Sid\": \"AllowECRAuthorization\",\n      \"Effect\": \"Allow\",\n      \"Action\": \"ecr:GetAuthorizationToken\",\n      \"Resource\": \"*\"\n    },\n    {\n      \"Sid\": \"AllowCECSServiceActions\",\n      \"Effect\": \"Allow\",\n      \"Action\": [\n        \"ecs:UpdateTaskSet\",\n        \"ecs:UpdateServicePrimaryTaskSet\",\n        \"ecs:UpdateService\",\n        \"ecs:UpdateCluster\",\n        \"ecs:UpdateCapacityProvider\",\n        \"ecs:StopTask\",\n        \"ecs:StartTask\",\n        \"ecs:RunTask\",\n        \"ecs:RegisterTaskDefinition\",\n        \"ecs:PutClusterCapacityProviders\",\n        \"ecs:ListTasks\",\n        \"ecs:ListServices\",\n        \"ecs:DescribeTasks\",\n        \"ecs:DescribeTaskSets\",\n        \"ecs:DescribeTaskDefinition\",\n        \"ecs:DescribeServices\",\n        \"ecs:DeregisterContainerInstance\",\n        \"ecs:DeleteTaskSet\",\n        \"ecs:CreateTaskSet\"\n      ],\n      \"Resource\": \"*\"\n    },\n    {\n      \"Sid\": \"AllowIAMPassRole\",\n      \"Effect\": \"Allow\",\n      \"Action\": \"iam:PassRole\",\n      \"Resource\": \"*\"\n    },\n    {\n      \"Sid\": \"AllowCloudWatchActions\",\n      \"Effect\": \"Allow\",\n      \"Action\": [\n        \"logs:PutLogEvents\",\n        \"logs:CreateLogStream\",\n        \"logs:CreateLogGroup\"\n      ],\n      \"Resource\": \"*\"\n    }\n  ]\n}",
            "override_json": null,
            "override_policy_documents": null,
            "policy_id": null,
            "source_json": null,
            "source_policy_documents": null,
            "statement": [
              {
                "actions": [
                  "s3:GetBucketAcl",
                  "s3:GetObject",
                  "s3:GetObjectVersion",
                  "s3:List*",
                  "s3:PutObject"
                ],
                "condition": [],
                "effect": "Allow",
                "not_actions": [],
                "not_principals": [],
                "not_resources": [],
                "principals": [],
                "resources": [
                  "*"
                ],
                "sid": "AllowS3Actions"
              },
              {
                "actions": [
                  "codebuild:BatchGetBuildBatches",
                  "codebuild:BatchGetBuilds",
                  "codebuild:StartBuild",
                  "codebuild:StartBuildBatch",
                  "codebuild:StopBuild"
                ],
                "condition": [],
                "effect": "Allow",
                "not_actions": [],
                "not_principals": [],
                "not_resources": [],
                "principals": [],
                "resources": [
                  "*"
                ],
                "sid": "AllowCodebuildActions"
              },
              {
                "actions": [
                  "codebuild:ListBuilds"
                ],
                "condition": [],
                "effect": "Allow",
                "not_actions": [],
                "not_principals": [],
                "not_resources": [],
                "principals": [],
                "resources": [
                  "*"
                ],
                "sid": "AllowCodebuildList"
              },
              {
                "actions": [
                  "codedeploy:CreateDeployment",
                  "codedeploy:GetApplication",
                  "codedeploy:GetApplicationRevision",
                  "codedeploy:GetDeployment",
                  "codedeploy:GetDeploymentGroup",
                  "codedeploy:RegisterApplicationRevision"
                ],
                "condition": [],
                "effect": "Allow",
                "not_actions": [],
                "not_principals": [],
                "not_resources": [],
                "principals": [],
                "resources": [
                  "*"
                ],
                "sid": "AllowCodeDeployActions"
              },
              {
                "actions": [
                  "codedeploy:CreateDeploymentConfig",
                  "codedeploy:CreateDeploymentGroup",
                  "codedeploy:GetDeploymentConfig",
                  "codedeploy:GetDeploymentTarget",
                  "codedeploy:ListApplications",
                  "codedeploy:ListDeploymentConfigs",
                  "codedeploy:ListDeploymentGroups",
                  "codedeploy:ListDeployments",
                  "codedeploy:StopDeployment"
                ],
                "condition": [],
                "effect": "Allow",
                "not_actions": [],
                "not_principals": [],
                "not_resources": [],
                "principals": [],
                "resources": [
                  "*"
                ],
                "sid": "AllowCodeDeployConfigs"
              },
              {
                "actions": [
                  "ecr:BatchCheckLayerAvailability",
                  "ecr:BatchGetImage",
                  "ecr:CompleteLayerUpload",
                  "ecr:GetDownloadUrlForLayer",
                  "ecr:InitiateLayerUpload",
                  "ecr:PutImage",
                  "ecr:UploadLayerPart"
                ],
                "condition": [],
                "effect": "Allow",
                "not_actions": [],
                "not_principals": [],
                "not_resources": [],
                "principals": [],
                "resources": [
                  "*"
                ],
                "sid": "AllowECRActions"
              },
              {
                "actions": [
                  "ecr:GetAuthorizationToken"
                ],
                "condition": [],
                "effect": "Allow",
                "not_actions": [],
                "not_principals": [],
                "not_resources": [],
                "principals": [],
                "resources": [
                  "*"
                ],
                "sid": "AllowECRAuthorization"
              },
              {
                "actions": [
                  "ecs:CreateTaskSet",
                  "ecs:DeleteTaskSet",
                  "ecs:DeregisterContainerInstance",
                  "ecs:DescribeServices",
                  "ecs:DescribeTaskDefinition",
                  "ecs:DescribeTaskSets",
                  "ecs:DescribeTasks",
                  "ecs:ListServices",
                  "ecs:ListTasks",
                  "ecs:PutClusterCapacityProviders",
                  "ecs:RegisterTaskDefinition",
                  "ecs:RunTask",
                  "ecs:StartTask",
                  "ecs:StopTask",
                  "ecs:UpdateCapacityProvider",
                  "ecs:UpdateCluster",
                  "ecs:UpdateService",
                  "ecs:UpdateServicePrimaryTaskSet",
                  "ecs:UpdateTaskSet"
                ],
                "condition": [],
                "effect": "Allow",
                "not_actions": [],
                "not_principals": [],
                "not_resources": [],
                "principals": [],
                "resources": [
                  "*"
                ],
                "sid": "AllowCECSServiceActions"
              },
              {
                "actions": [
                  "iam:PassRole"
                ],
                "condition": [],
                "effect": "Allow",
                "not_actions": [],
                "not_principals": [],
                "not_resources": [],
                "principals": [],
                "resources": [
                  "*"
                ],
                "sid": "AllowIAMPassRole"
              },
              {
                "actions": [
                  "logs:CreateLogGroup",
                  "logs:CreateLogStream",
                  "logs:PutLogEvents"
                ],
                "condition": [],
                "effect": "Allow",
                "not_actions": [],
                "not_principals": [],
                "not_resources": [],
                "principals": [],
                "resources": [
                  "*"
                ],
                "sid": "AllowCloudWatchActions"
              }
            ],
            "version": "2012-10-17"
          },
          "sensitive_attributes": []
        }
      ]
    },
    {
      "module": "module.ecs_role_policy",
      "mode": "data",
      "type": "aws_iam_policy_document",
      "name": "role_policy_ecs_task_role",
      "provider": "provider[\"registry.terraform.io/hashicorp/aws\"]",
      "instances": [
        {
          "schema_version": 0,
          "attributes": {
            "id": "3542866187",
            "json": "{\n  \"Version\": \"2012-10-17\",\n  \"Statement\": [\n    {\n      \"Sid\": \"AllowS3Actions\",\n      \"Effect\": \"Allow\",\n      \"Action\": [\n        \"s3:ListBucket\",\n        \"s3:GetObject\"\n      ],\n      \"Resource\": \"*\"\n    },\n    {\n      \"Sid\": \"AllowIAMPassRole\",\n      \"Effect\": \"Allow\",\n      \"Action\": \"iam:PassRole\",\n      \"Resource\": \"*\"\n    },\n    {\n      \"Sid\": \"AllowDynamodbActions\",\n      \"Effect\": \"Allow\",\n      \"Action\": [\n        \"dynamodb:Scan\",\n        \"dynamodb:Query\",\n        \"dynamodb:List*\",\n        \"dynamodb:GetItem\",\n        \"dynamodb:Describe*\",\n        \"dynamodb:BatchGetItem\"\n      ],\n      \"Resource\": \"*\"\n    }\n  ]\n}",
            "override_json": null,
            "override_policy_documents": null,
            "policy_id": null,
            "source_json": null,
            "source_policy_documents": null,
            "statement": [
              {
                "actions": [
                  "s3:GetObject",
                  "s3:ListBucket"
                ],
                "condition": [],
                "effect": "Allow",
                "not_actions": [],
                "not_principals": [],
                "not_resources": [],
                "principals": [],
                "resources": [
                  "*"
                ],
                "sid": "AllowS3Actions"
              },
              {
                "actions": [
                  "iam:PassRole"
                ],
                "condition": [],
                "effect": "Allow",
                "not_actions": [],
                "not_principals": [],
                "not_resources": [],
                "principals": [],
                "resources": [
                  "*"
                ],
                "sid": "AllowIAMPassRole"
              },
              {
                "actions": [
                  "dynamodb:BatchGetItem",
                  "dynamodb:Describe*",
                  "dynamodb:GetItem",
                  "dynamodb:List*",
                  "dynamodb:Query",
                  "dynamodb:Scan"
                ],
                "condition": [],
                "effect": "Allow",
                "not_actions": [],
                "not_principals": [],
                "not_resources": [],
                "principals": [],
                "resources": [
                  "*"
                ],
                "sid": "AllowDynamodbActions"
              }
            ],
            "version": "2012-10-17"
          },
          "sensitive_attributes": []
        }
      ]
    },
    {
      "module": "module.ecs_service_client",
      "mode": "managed",
      "type": "aws_ecs_service",
      "name": "ecs_service",
      "provider": "provider[\"registry.terraform.io/hashicorp/aws\"]",
      "instances": [
        {
          "schema_version": 0,
          "attributes": {
            "capacity_provider_strategy": [],
            "cluster": "arn:aws-us-gov:ecs:us-gov-west-1:343663719667:cluster/Cluster-soma-deploy",
            "deployment_circuit_breaker": [],
            "deployment_controller": [
              {
                "type": "CODE_DEPLOY"
              }
            ],
            "deployment_maximum_percent": 200,
            "deployment_minimum_healthy_percent": 100,
            "desired_count": 1,
            "enable_ecs_managed_tags": false,
            "enable_execute_command": false,
            "force_new_deployment": null,
            "health_check_grace_period_seconds": 10,
            "iam_role": "aws-service-role",
            "id": "arn:aws-us-gov:ecs:us-gov-west-1:343663719667:service/Cluster-soma-deploy/Service-soma-deploy-client",
            "launch_type": "FARGATE",
            "load_balancer": [
              {
                "container_name": "Container-client",
                "container_port": 80,
                "elb_name": "",
                "target_group_arn": "arn:aws-us-gov:elasticloadbalancing:us-gov-west-1:343663719667:targetgroup/tg-soma-deploy-c-g/eeaafb5168e80d21"
              }
            ],
            "name": "Service-soma-deploy-client",
            "network_configuration": [
              {
                "assign_public_ip": false,
                "security_groups": [
                  "sg-06ed7791f063d0f16"
                ],
                "subnets": [
                  "subnet-02d46b2d5789367dc",
                  "subnet-0d7999214859b2dbd"
                ]
              }
            ],
            "ordered_placement_strategy": [],
            "placement_constraints": [],
            "platform_version": "1.4.0",
            "propagate_tags": "NONE",
            "scheduling_strategy": "REPLICA",
            "service_registries": [],
            "tags": {},
            "tags_all": {},
            "task_definition": "arn:aws-us-gov:ecs:us-gov-west-1:343663719667:task-definition/task-definition-soma-deploy-client:13",
            "timeouts": null,
            "wait_for_steady_state": false
          },
          "sensitive_attributes": [],
          "private": "eyJlMmJmYjczMC1lY2FhLTExZTYtOGY4OC0zNDM2M2JjN2M0YzAiOnsiZGVsZXRlIjoxMjAwMDAwMDAwMDAwfX0=",
          "dependencies": [
            "module.alb_client.aws_alb.alb",
            "module.alb_client.aws_alb_listener.http_listener",
            "module.alb_client.aws_alb_listener.https_listener",
            "module.alb_client.aws_alb_target_group.target_group",
            "module.ecr_client.aws_ecr_repository.ecr_repository",
            "module.ecs_cluster.aws_ecs_cluster.ecs_cluster",
            "module.ecs_role.aws_iam_role.devops_role",
            "module.ecs_role.aws_iam_role.ecs_task_excecution_role",
            "module.ecs_role.aws_iam_role.ecs_task_role",
            "module.ecs_taks_definition_client.aws_ecs_task_definition.ecs_task_definition",
            "module.networking.aws_subnet.private_subnets_client",
            "module.networking.aws_subnet.public_subnets",
            "module.networking.aws_vpc.aws_vpc",
            "module.networking.data.aws_availability_zones.az_availables",
            "module.security_group_alb_client.aws_security_group.sg",
            "module.security_group_ecs_task_client.aws_security_group.sg",
            "module.target_group_client_blue.aws_alb_target_group.target_group"
          ],
          "create_before_destroy": true
        }
      ]
    },
    {
      "module": "module.ecs_service_server",
      "mode": "managed",
      "type": "aws_ecs_service",
      "name": "ecs_service",
      "provider": "provider[\"registry.terraform.io/hashicorp/aws\"]",
      "instances": [
        {
          "schema_version": 0,
          "attributes": {
            "capacity_provider_strategy": [],
            "cluster": "arn:aws-us-gov:ecs:us-gov-west-1:343663719667:cluster/Cluster-soma-deploy",
            "deployment_circuit_breaker": [],
            "deployment_controller": [
              {
                "type": "CODE_DEPLOY"
              }
            ],
            "deployment_maximum_percent": 200,
            "deployment_minimum_healthy_percent": 100,
            "desired_count": 1,
            "enable_ecs_managed_tags": false,
            "enable_execute_command": false,
            "force_new_deployment": null,
            "health_check_grace_period_seconds": 10,
            "iam_role": "aws-service-role",
            "id": "arn:aws-us-gov:ecs:us-gov-west-1:343663719667:service/Cluster-soma-deploy/Service-soma-deploy-server",
            "launch_type": "FARGATE",
            "load_balancer": [
              {
                "container_name": "Container-server",
                "container_port": 3001,
                "elb_name": "",
                "target_group_arn": "arn:aws-us-gov:elasticloadbalancing:us-gov-west-1:343663719667:targetgroup/tg-soma-deploy-s-g/2ba2de18a21735a8"
              }
            ],
            "name": "Service-soma-deploy-server",
            "network_configuration": [
              {
                "assign_public_ip": false,
                "security_groups": [
                  "sg-0626756e266027d14"
                ],
                "subnets": [
                  "subnet-01c78c699cb9efbe5",
                  "subnet-0dce3ee8e489cbc66"
                ]
              }
            ],
            "ordered_placement_strategy": [],
            "placement_constraints": [],
            "platform_version": "1.4.0",
            "propagate_tags": "NONE",
            "scheduling_strategy": "REPLICA",
            "service_registries": [],
            "tags": {},
            "tags_all": {},
            "task_definition": "arn:aws-us-gov:ecs:us-gov-west-1:343663719667:task-definition/task-definition-soma-deploy-server:2",
            "timeouts": null,
            "wait_for_steady_state": false
          },
          "sensitive_attributes": [],
          "private": "eyJlMmJmYjczMC1lY2FhLTExZTYtOGY4OC0zNDM2M2JjN2M0YzAiOnsiZGVsZXRlIjoxMjAwMDAwMDAwMDAwfX0=",
          "dependencies": [
            "module.alb_server.aws_alb.alb",
            "module.alb_server.aws_alb_listener.http_listener",
            "module.alb_server.aws_alb_listener.https_listener",
            "module.alb_server.aws_alb_target_group.target_group",
            "module.ecr_server.aws_ecr_repository.ecr_repository",
            "module.ecs_cluster.aws_ecs_cluster.ecs_cluster",
            "module.ecs_role.aws_iam_role.devops_role",
            "module.ecs_role.aws_iam_role.ecs_task_excecution_role",
            "module.ecs_role.aws_iam_role.ecs_task_role",
            "module.ecs_taks_definition_server.aws_ecs_task_definition.ecs_task_definition",
            "module.networking.aws_subnet.private_subnets_server",
            "module.networking.aws_subnet.public_subnets",
            "module.networking.aws_vpc.aws_vpc",
            "module.networking.data.aws_availability_zones.az_availables",
            "module.security_group_alb_server.aws_security_group.sg",
            "module.security_group_ecs_task_server.aws_security_group.sg",
            "module.target_group_server_blue.aws_alb_target_group.target_group"
          ],
          "create_before_destroy": true
        }
      ]
    },
    {
      "module": "module.ecs_taks_definition_client",
      "mode": "managed",
      "type": "aws_cloudwatch_log_group",
      "name": "TaskDF-Log_Group",
      "provider": "provider[\"registry.terraform.io/hashicorp/aws\"]",
      "instances": [
        {
          "schema_version": 0,
          "attributes": {
            "arn": "arn:aws-us-gov:logs:us-gov-west-1:343663719667:log-group:/ecs/task-definition-soma-deploy-client",
            "id": "/ecs/task-definition-soma-deploy-client",
            "kms_key_id": "",
            "name": "/ecs/task-definition-soma-deploy-client",
            "name_prefix": null,
            "retention_in_days": 30,
            "tags": {},
            "tags_all": {}
          },
          "sensitive_attributes": [],
          "private": "bnVsbA=="
        }
      ]
    },
    {
      "module": "module.ecs_taks_definition_client",
      "mode": "managed",
      "type": "aws_ecs_task_definition",
      "name": "ecs_task_definition",
      "provider": "provider[\"registry.terraform.io/hashicorp/aws\"]",
      "instances": [
        {
          "schema_version": 1,
          "attributes": {
            "arn": "arn:aws-us-gov:ecs:us-gov-west-1:343663719667:task-definition/task-definition-soma-deploy-client:1",
            "container_definitions": "[{\"cpu\":0,\"environment\":[],\"essential\":true,\"image\":\"343663719667.dkr.ecr.us-gov-west-1.amazonaws.com/repo-client\",\"logConfiguration\":{\"logDriver\":\"awslogs\",\"options\":{\"awslogs-group\":\"/ecs/task-definition-soma-deploy-client\",\"awslogs-region\":\"us-gov-west-1\",\"awslogs-stream-prefix\":\"ecs\"}},\"mountPoints\":[],\"name\":\"Container-client\",\"portMappings\":[{\"containerPort\":80,\"hostPort\":80,\"protocol\":\"tcp\"}],\"volumesFrom\":[]}]",
            "cpu": "256",
            "ephemeral_storage": [],
            "execution_role_arn": "arn:aws-us-gov:iam::343663719667:role/ECS-task-excecution-Role",
            "family": "task-definition-soma-deploy-client",
            "id": "task-definition-soma-deploy-client",
            "inference_accelerator": [],
            "ipc_mode": "",
            "memory": "512",
            "network_mode": "awsvpc",
            "pid_mode": "",
            "placement_constraints": [],
            "proxy_configuration": [],
            "requires_compatibilities": [
              "FARGATE"
            ],
            "revision": 1,
            "runtime_platform": [],
            "skip_destroy": false,
            "tags": {},
            "tags_all": {},
            "task_role_arn": "arn:aws-us-gov:iam::343663719667:role/ECS-task-Role",
            "volume": []
          },
          "sensitive_attributes": [],
          "private": "eyJzY2hlbWFfdmVyc2lvbiI6IjEifQ==",
          "dependencies": [
            "module.ecr_client.aws_ecr_repository.ecr_repository",
            "module.ecs_role.aws_iam_role.devops_role",
            "module.ecs_role.aws_iam_role.ecs_task_excecution_role",
            "module.ecs_role.aws_iam_role.ecs_task_role"
          ],
          "create_before_destroy": true
        }
      ]
    },
    {
      "module": "module.ecs_taks_definition_server",
      "mode": "managed",
      "type": "aws_cloudwatch_log_group",
      "name": "TaskDF-Log_Group",
      "provider": "provider[\"registry.terraform.io/hashicorp/aws\"]",
      "instances": [
        {
          "schema_version": 0,
          "attributes": {
            "arn": "arn:aws-us-gov:logs:us-gov-west-1:343663719667:log-group:/ecs/task-definition-soma-deploy-server",
            "id": "/ecs/task-definition-soma-deploy-server",
            "kms_key_id": "",
            "name": "/ecs/task-definition-soma-deploy-server",
            "name_prefix": null,
            "retention_in_days": 30,
            "tags": {},
            "tags_all": {}
          },
          "sensitive_attributes": [],
          "private": "bnVsbA=="
        }
      ]
    },
    {
      "module": "module.ecs_taks_definition_server",
      "mode": "managed",
      "type": "aws_ecs_task_definition",
      "name": "ecs_task_definition",
      "provider": "provider[\"registry.terraform.io/hashicorp/aws\"]",
      "instances": [
        {
          "schema_version": 1,
          "attributes": {
            "arn": "arn:aws-us-gov:ecs:us-gov-west-1:343663719667:task-definition/task-definition-soma-deploy-server:1",
            "container_definitions": "[{\"cpu\":0,\"environment\":[],\"essential\":true,\"image\":\"343663719667.dkr.ecr.us-gov-west-1.amazonaws.com/repo-server\",\"logConfiguration\":{\"logDriver\":\"awslogs\",\"options\":{\"awslogs-group\":\"/ecs/task-definition-soma-deploy-server\",\"awslogs-region\":\"us-gov-west-1\",\"awslogs-stream-prefix\":\"ecs\"}},\"mountPoints\":[],\"name\":\"Container-server\",\"portMappings\":[{\"containerPort\":3001,\"hostPort\":3001,\"protocol\":\"tcp\"}],\"volumesFrom\":[]}]",
            "cpu": "256",
            "ephemeral_storage": [],
            "execution_role_arn": "arn:aws-us-gov:iam::343663719667:role/ECS-task-excecution-Role",
            "family": "task-definition-soma-deploy-server",
            "id": "task-definition-soma-deploy-server",
            "inference_accelerator": [],
            "ipc_mode": "",
            "memory": "512",
            "network_mode": "awsvpc",
            "pid_mode": "",
            "placement_constraints": [],
            "proxy_configuration": [],
            "requires_compatibilities": [
              "FARGATE"
            ],
            "revision": 1,
            "runtime_platform": [],
            "skip_destroy": false,
            "tags": {},
            "tags_all": {},
            "task_role_arn": "arn:aws-us-gov:iam::343663719667:role/ECS-task-Role",
            "volume": []
          },
          "sensitive_attributes": [],
          "private": "eyJzY2hlbWFfdmVyc2lvbiI6IjEifQ==",
          "dependencies": [
            "module.ecr_server.aws_ecr_repository.ecr_repository",
            "module.ecs_role.aws_iam_role.devops_role",
            "module.ecs_role.aws_iam_role.ecs_task_excecution_role",
            "module.ecs_role.aws_iam_role.ecs_task_role"
          ],
          "create_before_destroy": true
        }
      ]
    },
    {
      "module": "module.networking",
      "mode": "data",
      "type": "aws_availability_zones",
      "name": "az_availables",
      "provider": "provider[\"registry.terraform.io/hashicorp/aws\"]",
      "instances": [
        {
          "schema_version": 0,
          "attributes": {
            "all_availability_zones": null,
            "exclude_names": null,
            "exclude_zone_ids": null,
            "filter": null,
            "group_names": [
              "us-gov-west-1"
            ],
            "id": "us-gov-west-1",
            "names": [
              "us-gov-west-1a",
              "us-gov-west-1b",
              "us-gov-west-1c"
            ],
            "state": "available",
            "zone_ids": [
              "usgw1-az1",
              "usgw1-az2",
              "usgw1-az3"
            ]
          },
          "sensitive_attributes": []
        }
      ]
    },
    {
      "module": "module.networking",
      "mode": "managed",
      "type": "aws_default_route_table",
      "name": "rt_public",
      "provider": "provider[\"registry.terraform.io/hashicorp/aws\"]",
      "instances": [
        {
          "schema_version": 0,
          "attributes": {
            "arn": "arn:aws-us-gov:ec2:us-gov-west-1:343663719667:route-table/rtb-056b95a14542ebaf0",
            "default_route_table_id": "rtb-056b95a14542ebaf0",
            "id": "rtb-056b95a14542ebaf0",
            "owner_id": "343663719667",
            "propagating_vgws": [],
            "route": [
              {
                "cidr_block": "0.0.0.0/0",
                "destination_prefix_list_id": "",
                "egress_only_gateway_id": "",
                "gateway_id": "igw-06b0296897e98887e",
                "instance_id": "",
                "ipv6_cidr_block": "",
                "nat_gateway_id": "",
                "network_interface_id": "",
                "transit_gateway_id": "",
                "vpc_endpoint_id": "",
                "vpc_peering_connection_id": ""
              }
            ],
            "tags": {
              "Name": "public_rt_soma-deploy"
            },
            "tags_all": {
              "Name": "public_rt_soma-deploy"
            },
            "timeouts": null,
            "vpc_id": "vpc-0de999c9252cc5dee"
          },
          "sensitive_attributes": [],
          "private": "eyJlMmJmYjczMC1lY2FhLTExZTYtOGY4OC0zNDM2M2JjN2M0YzAiOnsiY3JlYXRlIjoxMjAwMDAwMDAwMDAsInVwZGF0ZSI6MTIwMDAwMDAwMDAwfX0=",
          "dependencies": [
            "module.networking.aws_internet_gateway.igw",
            "module.networking.aws_vpc.aws_vpc"
          ]
        }
      ]
    },
    {
      "module": "module.networking",
      "mode": "managed",
      "type": "aws_eip",
      "name": "eip",
      "provider": "provider[\"registry.terraform.io/hashicorp/aws\"]",
      "instances": [
        {
          "schema_version": 0,
          "attributes": {
            "address": null,
            "allocation_id": "eipalloc-001ca26a547eb3063",
            "associate_with_private_ip": null,
            "association_id": "eipassoc-01e87474a9b4e13b5",
            "carrier_ip": "",
            "customer_owned_ip": "",
            "customer_owned_ipv4_pool": "",
            "domain": "vpc",
            "id": "eipalloc-001ca26a547eb3063",
            "instance": "",
            "network_border_group": "us-gov-west-1",
            "network_interface": "eni-0fc2e489cd90d5e43",
            "private_dns": "ip-10-120-2-32.us-gov-west-1.compute.internal",
            "private_ip": "10.120.2.32",
            "public_dns": "ec2-15-200-117-87.us-gov-west-1.compute.amazonaws.com",
            "public_ip": "15.200.117.87",
            "public_ipv4_pool": "amazon",
            "tags": {
              "Name": "eip-soma-deploy"
            },
            "tags_all": {
              "Name": "eip-soma-deploy"
            },
            "timeouts": null,
            "vpc": true
          },
          "sensitive_attributes": [],
          "private": "eyJlMmJmYjczMC1lY2FhLTExZTYtOGY4OC0zNDM2M2JjN2M0YzAiOnsiZGVsZXRlIjoxODAwMDAwMDAwMDAsInJlYWQiOjkwMDAwMDAwMDAwMCwidXBkYXRlIjozMDAwMDAwMDAwMDB9fQ=="
        }
      ]
    },
    {
      "module": "module.networking",
      "mode": "managed",
      "type": "aws_internet_gateway",
      "name": "igw",
      "provider": "provider[\"registry.terraform.io/hashicorp/aws\"]",
      "instances": [
        {
          "schema_version": 0,
          "attributes": {
            "arn": "arn:aws-us-gov:ec2:us-gov-west-1:343663719667:internet-gateway/igw-06b0296897e98887e",
            "id": "igw-06b0296897e98887e",
            "owner_id": "343663719667",
            "tags": {
              "Name": "igw_soma-deploy"
            },
            "tags_all": {
              "Name": "igw_soma-deploy"
            },
            "vpc_id": "vpc-0de999c9252cc5dee"
          },
          "sensitive_attributes": [],
          "private": "bnVsbA==",
          "dependencies": [
            "module.networking.aws_vpc.aws_vpc"
          ]
        }
      ]
    },
    {
      "module": "module.networking",
      "mode": "managed",
      "type": "aws_nat_gateway",
      "name": "natgw",
      "provider": "provider[\"registry.terraform.io/hashicorp/aws\"]",
      "instances": [
        {
          "schema_version": 0,
          "attributes": {
            "allocation_id": "eipalloc-001ca26a547eb3063",
            "connectivity_type": "public",
            "id": "nat-0d0f11a107b7cc0ca",
            "network_interface_id": "eni-0fc2e489cd90d5e43",
            "private_ip": "10.120.2.32",
            "public_ip": "15.200.117.87",
            "subnet_id": "subnet-082461e00ea4f3e1d",
            "tags": {
              "Name": "nat_soma-deploy"
            },
            "tags_all": {
              "Name": "nat_soma-deploy"
            }
          },
          "sensitive_attributes": [],
          "private": "bnVsbA==",
          "dependencies": [
            "module.networking.aws_eip.eip",
            "module.networking.aws_subnet.public_subnets",
            "module.networking.aws_vpc.aws_vpc",
            "module.networking.data.aws_availability_zones.az_availables"
          ]
        }
      ]
    },
    {
      "module": "module.networking",
      "mode": "managed",
      "type": "aws_route_table",
      "name": "rt_private",
      "provider": "provider[\"registry.terraform.io/hashicorp/aws\"]",
      "instances": [
        {
          "schema_version": 0,
          "attributes": {
            "arn": "arn:aws-us-gov:ec2:us-gov-west-1:343663719667:route-table/rtb-0dbcb9cb06eaa3cc1",
            "id": "rtb-0dbcb9cb06eaa3cc1",
            "owner_id": "343663719667",
            "propagating_vgws": [],
            "route": [
              {
                "carrier_gateway_id": "",
                "cidr_block": "0.0.0.0/0",
                "destination_prefix_list_id": "",
                "egress_only_gateway_id": "",
                "gateway_id": "nat-0d0f11a107b7cc0ca",
                "instance_id": "",
                "ipv6_cidr_block": "",
                "local_gateway_id": "",
                "nat_gateway_id": "",
                "network_interface_id": "",
                "transit_gateway_id": "",
                "vpc_endpoint_id": "",
                "vpc_peering_connection_id": ""
              }
            ],
            "tags": {
              "Name": "private_rt_soma-deploy"
            },
            "tags_all": {
              "Name": "private_rt_soma-deploy"
            },
            "timeouts": null,
            "vpc_id": "vpc-0de999c9252cc5dee"
          },
          "sensitive_attributes": [],
          "private": "eyJlMmJmYjczMC1lY2FhLTExZTYtOGY4OC0zNDM2M2JjN2M0YzAiOnsiY3JlYXRlIjozMDAwMDAwMDAwMDAsImRlbGV0ZSI6MzAwMDAwMDAwMDAwLCJ1cGRhdGUiOjEyMDAwMDAwMDAwMH19",
          "dependencies": [
            "module.networking.aws_nat_gateway.natgw",
            "module.networking.aws_vpc.aws_vpc"
          ]
        }
      ]
    },
    {
      "module": "module.networking",
      "mode": "managed",
      "type": "aws_route_table_association",
      "name": "rt_assoc_priv_subnets_client",
      "provider": "provider[\"registry.terraform.io/hashicorp/aws\"]",
      "instances": [
        {
          "index_key": 0,
          "schema_version": 0,
          "attributes": {
            "gateway_id": "",
            "id": "rtbassoc-0a6a16359c11faf62",
            "route_table_id": "rtb-0dbcb9cb06eaa3cc1",
            "subnet_id": "subnet-0d7999214859b2dbd"
          },
          "sensitive_attributes": [],
          "private": "bnVsbA==",
          "dependencies": [
            "module.networking.aws_eip.eip",
            "module.networking.aws_nat_gateway.natgw",
            "module.networking.aws_route_table.rt_private",
            "module.networking.aws_subnet.private_subnets_client",
            "module.networking.aws_subnet.public_subnets",
            "module.networking.aws_vpc.aws_vpc",
            "module.networking.data.aws_availability_zones.az_availables"
          ]
        },
        {
          "index_key": 1,
          "schema_version": 0,
          "attributes": {
            "gateway_id": "",
            "id": "rtbassoc-0be4336bb2bded026",
            "route_table_id": "rtb-0dbcb9cb06eaa3cc1",
            "subnet_id": "subnet-02d46b2d5789367dc"
          },
          "sensitive_attributes": [],
          "private": "bnVsbA==",
          "dependencies": [
            "module.networking.aws_eip.eip",
            "module.networking.aws_nat_gateway.natgw",
            "module.networking.aws_route_table.rt_private",
            "module.networking.aws_subnet.private_subnets_client",
            "module.networking.aws_subnet.public_subnets",
            "module.networking.aws_vpc.aws_vpc",
            "module.networking.data.aws_availability_zones.az_availables"
          ]
        }
      ]
    },
    {
      "module": "module.networking",
      "mode": "managed",
      "type": "aws_route_table_association",
      "name": "rt_assoc_priv_subnets_server",
      "provider": "provider[\"registry.terraform.io/hashicorp/aws\"]",
      "instances": [
        {
          "index_key": 0,
          "schema_version": 0,
          "attributes": {
            "gateway_id": "",
            "id": "rtbassoc-060d0ae9e85587abc",
            "route_table_id": "rtb-0dbcb9cb06eaa3cc1",
            "subnet_id": "subnet-01c78c699cb9efbe5"
          },
          "sensitive_attributes": [],
          "private": "bnVsbA==",
          "dependencies": [
            "module.networking.aws_eip.eip",
            "module.networking.aws_nat_gateway.natgw",
            "module.networking.aws_route_table.rt_private",
            "module.networking.aws_subnet.private_subnets_server",
            "module.networking.aws_subnet.public_subnets",
            "module.networking.aws_vpc.aws_vpc",
            "module.networking.data.aws_availability_zones.az_availables"
          ]
        },
        {
          "index_key": 1,
          "schema_version": 0,
          "attributes": {
            "gateway_id": "",
            "id": "rtbassoc-0ef330a4fef2f8dad",
            "route_table_id": "rtb-0dbcb9cb06eaa3cc1",
            "subnet_id": "subnet-0dce3ee8e489cbc66"
          },
          "sensitive_attributes": [],
          "private": "bnVsbA==",
          "dependencies": [
            "module.networking.aws_eip.eip",
            "module.networking.aws_nat_gateway.natgw",
            "module.networking.aws_route_table.rt_private",
            "module.networking.aws_subnet.private_subnets_server",
            "module.networking.aws_subnet.public_subnets",
            "module.networking.aws_vpc.aws_vpc",
            "module.networking.data.aws_availability_zones.az_availables"
          ]
        }
      ]
    },
    {
      "module": "module.networking",
      "mode": "managed",
      "type": "aws_route_table_association",
      "name": "rt_assoc_pub_subnets",
      "provider": "provider[\"registry.terraform.io/hashicorp/aws\"]",
      "instances": [
        {
          "index_key": 0,
          "schema_version": 0,
          "attributes": {
            "gateway_id": "",
            "id": "rtbassoc-0564845d9da3143f3",
            "route_table_id": "rtb-056b95a14542ebaf0",
            "subnet_id": "subnet-082461e00ea4f3e1d"
          },
          "sensitive_attributes": [],
          "private": "bnVsbA==",
          "dependencies": [
            "module.networking.aws_subnet.public_subnets",
            "module.networking.aws_vpc.aws_vpc",
            "module.networking.data.aws_availability_zones.az_availables"
          ]
        },
        {
          "index_key": 1,
          "schema_version": 0,
          "attributes": {
            "gateway_id": "",
            "id": "rtbassoc-023953896841c8c44",
            "route_table_id": "rtb-056b95a14542ebaf0",
            "subnet_id": "subnet-006f056179cfcbdbf"
          },
          "sensitive_attributes": [],
          "private": "bnVsbA==",
          "dependencies": [
            "module.networking.aws_subnet.public_subnets",
            "module.networking.aws_vpc.aws_vpc",
            "module.networking.data.aws_availability_zones.az_availables"
          ]
        }
      ]
    },
    {
      "module": "module.networking",
      "mode": "managed",
      "type": "aws_subnet",
      "name": "private_subnets_client",
      "provider": "provider[\"registry.terraform.io/hashicorp/aws\"]",
      "instances": [
        {
          "index_key": 0,
          "schema_version": 1,
          "attributes": {
            "arn": "arn:aws-us-gov:ec2:us-gov-west-1:343663719667:subnet/subnet-0d7999214859b2dbd",
            "assign_ipv6_address_on_creation": false,
            "availability_zone": "us-gov-west-1a",
            "availability_zone_id": "usgw1-az1",
            "cidr_block": "10.120.6.0/23",
            "customer_owned_ipv4_pool": "",
            "enable_dns64": false,
            "enable_resource_name_dns_a_record_on_launch": false,
            "enable_resource_name_dns_aaaa_record_on_launch": false,
            "id": "subnet-0d7999214859b2dbd",
            "ipv6_cidr_block": "",
            "ipv6_cidr_block_association_id": "",
            "ipv6_native": false,
            "map_customer_owned_ip_on_launch": false,
            "map_public_ip_on_launch": false,
            "outpost_arn": "",
            "owner_id": "343663719667",
            "private_dns_hostname_type_on_launch": "ip-name",
            "tags": {
              "Name": "private_subnet_client_0_soma-deploy"
            },
            "tags_all": {
              "Name": "private_subnet_client_0_soma-deploy"
            },
            "timeouts": null,
            "vpc_id": "vpc-0de999c9252cc5dee"
          },
          "sensitive_attributes": [],
          "private": "eyJlMmJmYjczMC1lY2FhLTExZTYtOGY4OC0zNDM2M2JjN2M0YzAiOnsiY3JlYXRlIjo2MDAwMDAwMDAwMDAsImRlbGV0ZSI6MTIwMDAwMDAwMDAwMH0sInNjaGVtYV92ZXJzaW9uIjoiMSJ9",
          "dependencies": [
            "module.networking.aws_vpc.aws_vpc",
            "module.networking.data.aws_availability_zones.az_availables"
          ],
          "create_before_destroy": true
        },
        {
          "index_key": 1,
          "schema_version": 1,
          "attributes": {
            "arn": "arn:aws-us-gov:ec2:us-gov-west-1:343663719667:subnet/subnet-02d46b2d5789367dc",
            "assign_ipv6_address_on_creation": false,
            "availability_zone": "us-gov-west-1b",
            "availability_zone_id": "usgw1-az2",
            "cidr_block": "10.120.8.0/23",
            "customer_owned_ipv4_pool": "",
            "enable_dns64": false,
            "enable_resource_name_dns_a_record_on_launch": false,
            "enable_resource_name_dns_aaaa_record_on_launch": false,
            "id": "subnet-02d46b2d5789367dc",
            "ipv6_cidr_block": "",
            "ipv6_cidr_block_association_id": "",
            "ipv6_native": false,
            "map_customer_owned_ip_on_launch": false,
            "map_public_ip_on_launch": false,
            "outpost_arn": "",
            "owner_id": "343663719667",
            "private_dns_hostname_type_on_launch": "ip-name",
            "tags": {
              "Name": "private_subnet_client_1_soma-deploy"
            },
            "tags_all": {
              "Name": "private_subnet_client_1_soma-deploy"
            },
            "timeouts": null,
            "vpc_id": "vpc-0de999c9252cc5dee"
          },
          "sensitive_attributes": [],
          "private": "eyJlMmJmYjczMC1lY2FhLTExZTYtOGY4OC0zNDM2M2JjN2M0YzAiOnsiY3JlYXRlIjo2MDAwMDAwMDAwMDAsImRlbGV0ZSI6MTIwMDAwMDAwMDAwMH0sInNjaGVtYV92ZXJzaW9uIjoiMSJ9",
          "dependencies": [
            "module.networking.aws_vpc.aws_vpc",
            "module.networking.data.aws_availability_zones.az_availables"
          ],
          "create_before_destroy": true
        }
      ]
    },
    {
      "module": "module.networking",
      "mode": "managed",
      "type": "aws_subnet",
      "name": "private_subnets_server",
      "provider": "provider[\"registry.terraform.io/hashicorp/aws\"]",
      "instances": [
        {
          "index_key": 0,
          "schema_version": 1,
          "attributes": {
            "arn": "arn:aws-us-gov:ec2:us-gov-west-1:343663719667:subnet/subnet-01c78c699cb9efbe5",
            "assign_ipv6_address_on_creation": false,
            "availability_zone": "us-gov-west-1a",
            "availability_zone_id": "usgw1-az1",
            "cidr_block": "10.120.10.0/23",
            "customer_owned_ipv4_pool": "",
            "enable_dns64": false,
            "enable_resource_name_dns_a_record_on_launch": false,
            "enable_resource_name_dns_aaaa_record_on_launch": false,
            "id": "subnet-01c78c699cb9efbe5",
            "ipv6_cidr_block": "",
            "ipv6_cidr_block_association_id": "",
            "ipv6_native": false,
            "map_customer_owned_ip_on_launch": false,
            "map_public_ip_on_launch": false,
            "outpost_arn": "",
            "owner_id": "343663719667",
            "private_dns_hostname_type_on_launch": "ip-name",
            "tags": {
              "Name": "private_subnet_server_0_soma-deploy"
            },
            "tags_all": {
              "Name": "private_subnet_server_0_soma-deploy"
            },
            "timeouts": null,
            "vpc_id": "vpc-0de999c9252cc5dee"
          },
          "sensitive_attributes": [],
          "private": "eyJlMmJmYjczMC1lY2FhLTExZTYtOGY4OC0zNDM2M2JjN2M0YzAiOnsiY3JlYXRlIjo2MDAwMDAwMDAwMDAsImRlbGV0ZSI6MTIwMDAwMDAwMDAwMH0sInNjaGVtYV92ZXJzaW9uIjoiMSJ9",
          "dependencies": [
            "module.networking.aws_vpc.aws_vpc",
            "module.networking.data.aws_availability_zones.az_availables"
          ],
          "create_before_destroy": true
        },
        {
          "index_key": 1,
          "schema_version": 1,
          "attributes": {
            "arn": "arn:aws-us-gov:ec2:us-gov-west-1:343663719667:subnet/subnet-0dce3ee8e489cbc66",
            "assign_ipv6_address_on_creation": false,
            "availability_zone": "us-gov-west-1b",
            "availability_zone_id": "usgw1-az2",
            "cidr_block": "10.120.12.0/23",
            "customer_owned_ipv4_pool": "",
            "enable_dns64": false,
            "enable_resource_name_dns_a_record_on_launch": false,
            "enable_resource_name_dns_aaaa_record_on_launch": false,
            "id": "subnet-0dce3ee8e489cbc66",
            "ipv6_cidr_block": "",
            "ipv6_cidr_block_association_id": "",
            "ipv6_native": false,
            "map_customer_owned_ip_on_launch": false,
            "map_public_ip_on_launch": false,
            "outpost_arn": "",
            "owner_id": "343663719667",
            "private_dns_hostname_type_on_launch": "ip-name",
            "tags": {
              "Name": "private_subnet_server_1_soma-deploy"
            },
            "tags_all": {
              "Name": "private_subnet_server_1_soma-deploy"
            },
            "timeouts": null,
            "vpc_id": "vpc-0de999c9252cc5dee"
          },
          "sensitive_attributes": [],
          "private": "eyJlMmJmYjczMC1lY2FhLTExZTYtOGY4OC0zNDM2M2JjN2M0YzAiOnsiY3JlYXRlIjo2MDAwMDAwMDAwMDAsImRlbGV0ZSI6MTIwMDAwMDAwMDAwMH0sInNjaGVtYV92ZXJzaW9uIjoiMSJ9",
          "dependencies": [
            "module.networking.aws_vpc.aws_vpc",
            "module.networking.data.aws_availability_zones.az_availables"
          ],
          "create_before_destroy": true
        }
      ]
    },
    {
      "module": "module.networking",
      "mode": "managed",
      "type": "aws_subnet",
      "name": "public_subnets",
      "provider": "provider[\"registry.terraform.io/hashicorp/aws\"]",
      "instances": [
        {
          "index_key": 0,
          "schema_version": 1,
          "attributes": {
            "arn": "arn:aws-us-gov:ec2:us-gov-west-1:343663719667:subnet/subnet-082461e00ea4f3e1d",
            "assign_ipv6_address_on_creation": false,
            "availability_zone": "us-gov-west-1a",
            "availability_zone_id": "usgw1-az1",
            "cidr_block": "10.120.2.0/23",
            "customer_owned_ipv4_pool": "",
            "enable_dns64": false,
            "enable_resource_name_dns_a_record_on_launch": false,
            "enable_resource_name_dns_aaaa_record_on_launch": false,
            "id": "subnet-082461e00ea4f3e1d",
            "ipv6_cidr_block": "",
            "ipv6_cidr_block_association_id": "",
            "ipv6_native": false,
            "map_customer_owned_ip_on_launch": false,
            "map_public_ip_on_launch": true,
            "outpost_arn": "",
            "owner_id": "343663719667",
            "private_dns_hostname_type_on_launch": "ip-name",
            "tags": {
              "Name": "public_subnet_0_soma-deploy"
            },
            "tags_all": {
              "Name": "public_subnet_0_soma-deploy"
            },
            "timeouts": null,
            "vpc_id": "vpc-0de999c9252cc5dee"
          },
          "sensitive_attributes": [],
          "private": "eyJlMmJmYjczMC1lY2FhLTExZTYtOGY4OC0zNDM2M2JjN2M0YzAiOnsiY3JlYXRlIjo2MDAwMDAwMDAwMDAsImRlbGV0ZSI6MTIwMDAwMDAwMDAwMH0sInNjaGVtYV92ZXJzaW9uIjoiMSJ9",
          "dependencies": [
            "module.networking.aws_vpc.aws_vpc",
            "module.networking.data.aws_availability_zones.az_availables"
          ],
          "create_before_destroy": true
        },
        {
          "index_key": 1,
          "schema_version": 1,
          "attributes": {
            "arn": "arn:aws-us-gov:ec2:us-gov-west-1:343663719667:subnet/subnet-006f056179cfcbdbf",
            "assign_ipv6_address_on_creation": false,
            "availability_zone": "us-gov-west-1b",
            "availability_zone_id": "usgw1-az2",
            "cidr_block": "10.120.4.0/23",
            "customer_owned_ipv4_pool": "",
            "enable_dns64": false,
            "enable_resource_name_dns_a_record_on_launch": false,
            "enable_resource_name_dns_aaaa_record_on_launch": false,
            "id": "subnet-006f056179cfcbdbf",
            "ipv6_cidr_block": "",
            "ipv6_cidr_block_association_id": "",
            "ipv6_native": false,
            "map_customer_owned_ip_on_launch": false,
            "map_public_ip_on_launch": true,
            "outpost_arn": "",
            "owner_id": "343663719667",
            "private_dns_hostname_type_on_launch": "ip-name",
            "tags": {
              "Name": "public_subnet_1_soma-deploy"
            },
            "tags_all": {
              "Name": "public_subnet_1_soma-deploy"
            },
            "timeouts": null,
            "vpc_id": "vpc-0de999c9252cc5dee"
          },
          "sensitive_attributes": [],
          "private": "eyJlMmJmYjczMC1lY2FhLTExZTYtOGY4OC0zNDM2M2JjN2M0YzAiOnsiY3JlYXRlIjo2MDAwMDAwMDAwMDAsImRlbGV0ZSI6MTIwMDAwMDAwMDAwMH0sInNjaGVtYV92ZXJzaW9uIjoiMSJ9",
          "dependencies": [
            "module.networking.aws_vpc.aws_vpc",
            "module.networking.data.aws_availability_zones.az_availables"
          ],
          "create_before_destroy": true
        }
      ]
    },
    {
      "module": "module.networking",
      "mode": "managed",
      "type": "aws_vpc",
      "name": "aws_vpc",
      "provider": "provider[\"registry.terraform.io/hashicorp/aws\"]",
      "instances": [
        {
          "schema_version": 1,
          "attributes": {
            "arn": "arn:aws-us-gov:ec2:us-gov-west-1:343663719667:vpc/vpc-0de999c9252cc5dee",
            "assign_generated_ipv6_cidr_block": false,
            "cidr_block": "10.120.0.0/16",
            "default_network_acl_id": "acl-0a1f99c4664dda239",
            "default_route_table_id": "rtb-056b95a14542ebaf0",
            "default_security_group_id": "sg-07b676382be46f399",
            "dhcp_options_id": "dopt-7443a710",
            "enable_classiclink": false,
            "enable_classiclink_dns_support": false,
            "enable_dns_hostnames": true,
            "enable_dns_support": true,
            "id": "vpc-0de999c9252cc5dee",
            "instance_tenancy": "default",
            "ipv4_ipam_pool_id": null,
            "ipv4_netmask_length": null,
            "ipv6_association_id": "",
            "ipv6_cidr_block": "",
            "ipv6_cidr_block_network_border_group": "",
            "ipv6_ipam_pool_id": "",
            "ipv6_netmask_length": 0,
            "main_route_table_id": "rtb-056b95a14542ebaf0",
            "owner_id": "343663719667",
            "tags": {
              "Name": "vpc_soma-deploy"
            },
            "tags_all": {
              "Name": "vpc_soma-deploy"
            }
          },
          "sensitive_attributes": [],
          "private": "eyJzY2hlbWFfdmVyc2lvbiI6IjEifQ==",
          "create_before_destroy": true
        }
      ]
    },
    {
      "module": "module.policy_devops_role",
      "mode": "data",
      "type": "aws_iam_policy_document",
      "name": "role_policy_devops_role",
      "provider": "provider[\"registry.terraform.io/hashicorp/aws\"]",
      "instances": [
        {
          "schema_version": 0,
          "attributes": {
            "id": "2719373533",
            "json": "{\n  \"Version\": \"2012-10-17\",\n  \"Statement\": [\n    {\n      \"Sid\": \"AllowS3Actions\",\n      \"Effect\": \"Allow\",\n      \"Action\": [\n        \"s3:PutObject\",\n        \"s3:List*\",\n        \"s3:GetObjectVersion\",\n        \"s3:GetObject\",\n        \"s3:GetBucketAcl\"\n      ],\n      \"Resource\": \"*\"\n    },\n    {\n      \"Sid\": \"AllowCodebuildActions\",\n      \"Effect\": \"Allow\",\n      \"Action\": [\n        \"codebuild:StopBuild\",\n        \"codebuild:StartBuildBatch\",\n        \"codebuild:StartBuild\",\n        \"codebuild:BatchGetBuilds\",\n        \"codebuild:BatchGetBuildBatches\"\n      ],\n      \"Resource\": [\n        \"arn:aws-us-gov:codebuild:us-gov-west-1:343663719667:project/codebuild-soma-deploy-server\",\n        \"arn:aws-us-gov:codebuild:us-gov-west-1:343663719667:project/codebuild-soma-deploy-client\"\n      ]\n    },\n    {\n      \"Sid\": \"AllowCodebuildList\",\n      \"Effect\": \"Allow\",\n      \"Action\": \"codebuild:ListBuilds\",\n      \"Resource\": \"*\"\n    },\n    {\n      \"Sid\": \"AllowCodeDeployActions\",\n      \"Effect\": \"Allow\",\n      \"Action\": [\n        \"codedeploy:RegisterApplicationRevision\",\n        \"codedeploy:GetDeploymentGroup\",\n        \"codedeploy:GetDeployment\",\n        \"codedeploy:GetApplicationRevision\",\n        \"codedeploy:GetApplication\",\n        \"codedeploy:CreateDeployment\"\n      ],\n      \"Resource\": [\n        \"arn:aws-us-gov:codedeploy:us-gov-west-1:343663719667:deploymentgroup:Deploy-soma-deploy-server/deployment-group-Deploy-soma-deploy-server\",\n        \"arn:aws-us-gov:codedeploy:us-gov-west-1:343663719667:deploymentgroup:Deploy-soma-deploy-client/deployment-group-Deploy-soma-deploy-client\",\n        \"arn:aws-us-gov:codedeploy:us-gov-west-1:343663719667:application:Deploy-soma-deploy-server\",\n        \"arn:aws-us-gov:codedeploy:us-gov-west-1:343663719667:application:Deploy-soma-deploy-client\"\n      ]\n    },\n    {\n      \"Sid\": \"AllowCodeDeployConfigs\",\n      \"Effect\": \"Allow\",\n      \"Action\": [\n        \"codedeploy:StopDeployment\",\n        \"codedeploy:ListDeployments\",\n        \"codedeploy:ListDeploymentGroups\",\n        \"codedeploy:ListDeploymentConfigs\",\n        \"codedeploy:ListApplications\",\n        \"codedeploy:GetDeploymentTarget\",\n        \"codedeploy:GetDeploymentConfig\",\n        \"codedeploy:CreateDeploymentGroup\",\n        \"codedeploy:CreateDeploymentConfig\"\n      ],\n      \"Resource\": \"*\"\n    },\n    {\n      \"Sid\": \"AllowECRActions\",\n      \"Effect\": \"Allow\",\n      \"Action\": [\n        \"ecr:UploadLayerPart\",\n        \"ecr:PutImage\",\n        \"ecr:InitiateLayerUpload\",\n        \"ecr:GetDownloadUrlForLayer\",\n        \"ecr:CompleteLayerUpload\",\n        \"ecr:BatchGetImage\",\n        \"ecr:BatchCheckLayerAvailability\"\n      ],\n      \"Resource\": [\n        \"arn:aws-us-gov:ecr:us-gov-west-1:343663719667:repository/repo-server\",\n        \"arn:aws-us-gov:ecr:us-gov-west-1:343663719667:repository/repo-client\"\n      ]\n    },\n    {\n      \"Sid\": \"AllowECRAuthorization\",\n      \"Effect\": \"Allow\",\n      \"Action\": \"ecr:GetAuthorizationToken\",\n      \"Resource\": \"*\"\n    },\n    {\n      \"Sid\": \"AllowCECSServiceActions\",\n      \"Effect\": \"Allow\",\n      \"Action\": [\n        \"ecs:UpdateTaskSet\",\n        \"ecs:UpdateServicePrimaryTaskSet\",\n        \"ecs:UpdateService\",\n        \"ecs:UpdateCluster\",\n        \"ecs:UpdateCapacityProvider\",\n        \"ecs:StopTask\",\n        \"ecs:StartTask\",\n        \"ecs:RunTask\",\n        \"ecs:RegisterTaskDefinition\",\n        \"ecs:PutClusterCapacityProviders\",\n        \"ecs:ListTasks\",\n        \"ecs:ListServices\",\n        \"ecs:DescribeTasks\",\n        \"ecs:DescribeTaskSets\",\n        \"ecs:DescribeTaskDefinition\",\n        \"ecs:DescribeServices\",\n        \"ecs:DeregisterContainerInstance\",\n        \"ecs:DeleteTaskSet\",\n        \"ecs:CreateTaskSet\"\n      ],\n      \"Resource\": \"*\"\n    },\n    {\n      \"Sid\": \"AllowIAMPassRole\",\n      \"Effect\": \"Allow\",\n      \"Action\": \"iam:PassRole\",\n      \"Resource\": \"*\"\n    },\n    {\n      \"Sid\": \"AllowCloudWatchActions\",\n      \"Effect\": \"Allow\",\n      \"Action\": [\n        \"logs:PutLogEvents\",\n        \"logs:CreateLogStream\",\n        \"logs:CreateLogGroup\"\n      ],\n      \"Resource\": \"*\"\n    }\n  ]\n}",
            "override_json": null,
            "override_policy_documents": null,
            "policy_id": null,
            "source_json": null,
            "source_policy_documents": null,
            "statement": [
              {
                "actions": [
                  "s3:GetBucketAcl",
                  "s3:GetObject",
                  "s3:GetObjectVersion",
                  "s3:List*",
                  "s3:PutObject"
                ],
                "condition": [],
                "effect": "Allow",
                "not_actions": [],
                "not_principals": [],
                "not_resources": [],
                "principals": [],
                "resources": [
                  "*"
                ],
                "sid": "AllowS3Actions"
              },
              {
                "actions": [
                  "codebuild:BatchGetBuildBatches",
                  "codebuild:BatchGetBuilds",
                  "codebuild:StartBuild",
                  "codebuild:StartBuildBatch",
                  "codebuild:StopBuild"
                ],
                "condition": [],
                "effect": "Allow",
                "not_actions": [],
                "not_principals": [],
                "not_resources": [],
                "principals": [],
                "resources": [
                  "arn:aws-us-gov:codebuild:us-gov-west-1:343663719667:project/codebuild-soma-deploy-client",
                  "arn:aws-us-gov:codebuild:us-gov-west-1:343663719667:project/codebuild-soma-deploy-server"
                ],
                "sid": "AllowCodebuildActions"
              },
              {
                "actions": [
                  "codebuild:ListBuilds"
                ],
                "condition": [],
                "effect": "Allow",
                "not_actions": [],
                "not_principals": [],
                "not_resources": [],
                "principals": [],
                "resources": [
                  "*"
                ],
                "sid": "AllowCodebuildList"
              },
              {
                "actions": [
                  "codedeploy:CreateDeployment",
                  "codedeploy:GetApplication",
                  "codedeploy:GetApplicationRevision",
                  "codedeploy:GetDeployment",
                  "codedeploy:GetDeploymentGroup",
                  "codedeploy:RegisterApplicationRevision"
                ],
                "condition": [],
                "effect": "Allow",
                "not_actions": [],
                "not_principals": [],
                "not_resources": [],
                "principals": [],
                "resources": [
                  "arn:aws-us-gov:codedeploy:us-gov-west-1:343663719667:application:Deploy-soma-deploy-client",
                  "arn:aws-us-gov:codedeploy:us-gov-west-1:343663719667:application:Deploy-soma-deploy-server",
                  "arn:aws-us-gov:codedeploy:us-gov-west-1:343663719667:deploymentgroup:Deploy-soma-deploy-client/deployment-group-Deploy-soma-deploy-client",
                  "arn:aws-us-gov:codedeploy:us-gov-west-1:343663719667:deploymentgroup:Deploy-soma-deploy-server/deployment-group-Deploy-soma-deploy-server"
                ],
                "sid": "AllowCodeDeployActions"
              },
              {
                "actions": [
                  "codedeploy:CreateDeploymentConfig",
                  "codedeploy:CreateDeploymentGroup",
                  "codedeploy:GetDeploymentConfig",
                  "codedeploy:GetDeploymentTarget",
                  "codedeploy:ListApplications",
                  "codedeploy:ListDeploymentConfigs",
                  "codedeploy:ListDeploymentGroups",
                  "codedeploy:ListDeployments",
                  "codedeploy:StopDeployment"
                ],
                "condition": [],
                "effect": "Allow",
                "not_actions": [],
                "not_principals": [],
                "not_resources": [],
                "principals": [],
                "resources": [
                  "*"
                ],
                "sid": "AllowCodeDeployConfigs"
              },
              {
                "actions": [
                  "ecr:BatchCheckLayerAvailability",
                  "ecr:BatchGetImage",
                  "ecr:CompleteLayerUpload",
                  "ecr:GetDownloadUrlForLayer",
                  "ecr:InitiateLayerUpload",
                  "ecr:PutImage",
                  "ecr:UploadLayerPart"
                ],
                "condition": [],
                "effect": "Allow",
                "not_actions": [],
                "not_principals": [],
                "not_resources": [],
                "principals": [],
                "resources": [
                  "arn:aws-us-gov:ecr:us-gov-west-1:343663719667:repository/repo-client",
                  "arn:aws-us-gov:ecr:us-gov-west-1:343663719667:repository/repo-server"
                ],
                "sid": "AllowECRActions"
              },
              {
                "actions": [
                  "ecr:GetAuthorizationToken"
                ],
                "condition": [],
                "effect": "Allow",
                "not_actions": [],
                "not_principals": [],
                "not_resources": [],
                "principals": [],
                "resources": [
                  "*"
                ],
                "sid": "AllowECRAuthorization"
              },
              {
                "actions": [
                  "ecs:CreateTaskSet",
                  "ecs:DeleteTaskSet",
                  "ecs:DeregisterContainerInstance",
                  "ecs:DescribeServices",
                  "ecs:DescribeTaskDefinition",
                  "ecs:DescribeTaskSets",
                  "ecs:DescribeTasks",
                  "ecs:ListServices",
                  "ecs:ListTasks",
                  "ecs:PutClusterCapacityProviders",
                  "ecs:RegisterTaskDefinition",
                  "ecs:RunTask",
                  "ecs:StartTask",
                  "ecs:StopTask",
                  "ecs:UpdateCapacityProvider",
                  "ecs:UpdateCluster",
                  "ecs:UpdateService",
                  "ecs:UpdateServicePrimaryTaskSet",
                  "ecs:UpdateTaskSet"
                ],
                "condition": [],
                "effect": "Allow",
                "not_actions": [],
                "not_principals": [],
                "not_resources": [],
                "principals": [],
                "resources": [
                  "*"
                ],
                "sid": "AllowCECSServiceActions"
              },
              {
                "actions": [
                  "iam:PassRole"
                ],
                "condition": [],
                "effect": "Allow",
                "not_actions": [],
                "not_principals": [],
                "not_resources": [],
                "principals": [],
                "resources": [
                  "*"
                ],
                "sid": "AllowIAMPassRole"
              },
              {
                "actions": [
                  "logs:CreateLogGroup",
                  "logs:CreateLogStream",
                  "logs:PutLogEvents"
                ],
                "condition": [],
                "effect": "Allow",
                "not_actions": [],
                "not_principals": [],
                "not_resources": [],
                "principals": [],
                "resources": [
                  "*"
                ],
                "sid": "AllowCloudWatchActions"
              }
            ],
            "version": "2012-10-17"
          },
          "sensitive_attributes": []
        }
      ]
    },
    {
      "module": "module.policy_devops_role",
      "mode": "data",
      "type": "aws_iam_policy_document",
      "name": "role_policy_ecs_task_role",
      "provider": "provider[\"registry.terraform.io/hashicorp/aws\"]",
      "instances": [
        {
          "schema_version": 0,
          "attributes": {
            "id": "3542866187",
            "json": "{\n  \"Version\": \"2012-10-17\",\n  \"Statement\": [\n    {\n      \"Sid\": \"AllowS3Actions\",\n      \"Effect\": \"Allow\",\n      \"Action\": [\n        \"s3:ListBucket\",\n        \"s3:GetObject\"\n      ],\n      \"Resource\": \"*\"\n    },\n    {\n      \"Sid\": \"AllowIAMPassRole\",\n      \"Effect\": \"Allow\",\n      \"Action\": \"iam:PassRole\",\n      \"Resource\": \"*\"\n    },\n    {\n      \"Sid\": \"AllowDynamodbActions\",\n      \"Effect\": \"Allow\",\n      \"Action\": [\n        \"dynamodb:Scan\",\n        \"dynamodb:Query\",\n        \"dynamodb:List*\",\n        \"dynamodb:GetItem\",\n        \"dynamodb:Describe*\",\n        \"dynamodb:BatchGetItem\"\n      ],\n      \"Resource\": \"*\"\n    }\n  ]\n}",
            "override_json": null,
            "override_policy_documents": null,
            "policy_id": null,
            "source_json": null,
            "source_policy_documents": null,
            "statement": [
              {
                "actions": [
                  "s3:GetObject",
                  "s3:ListBucket"
                ],
                "condition": [],
                "effect": "Allow",
                "not_actions": [],
                "not_principals": [],
                "not_resources": [],
                "principals": [],
                "resources": [
                  "*"
                ],
                "sid": "AllowS3Actions"
              },
              {
                "actions": [
                  "iam:PassRole"
                ],
                "condition": [],
                "effect": "Allow",
                "not_actions": [],
                "not_principals": [],
                "not_resources": [],
                "principals": [],
                "resources": [
                  "*"
                ],
                "sid": "AllowIAMPassRole"
              },
              {
                "actions": [
                  "dynamodb:BatchGetItem",
                  "dynamodb:Describe*",
                  "dynamodb:GetItem",
                  "dynamodb:List*",
                  "dynamodb:Query",
                  "dynamodb:Scan"
                ],
                "condition": [],
                "effect": "Allow",
                "not_actions": [],
                "not_principals": [],
                "not_resources": [],
                "principals": [],
                "resources": [
                  "*"
                ],
                "sid": "AllowDynamodbActions"
              }
            ],
            "version": "2012-10-17"
          },
          "sensitive_attributes": []
        }
      ]
    },
    {
      "module": "module.policy_devops_role",
      "mode": "managed",
      "type": "aws_iam_policy",
      "name": "policy_for_role",
      "provider": "provider[\"registry.terraform.io/hashicorp/aws\"]",
      "instances": [
        {
          "index_key": 0,
          "schema_version": 0,
          "attributes": {
            "arn": "arn:aws-us-gov:iam::343663719667:policy/Policy-devops-soma-deploy",
            "description": "IAM Policy for Role devops-soma-deploy",
            "id": "arn:aws-us-gov:iam::343663719667:policy/Policy-devops-soma-deploy",
            "name": "Policy-devops-soma-deploy",
            "name_prefix": null,
            "path": "/",
            "policy": "{\"Statement\":[{\"Action\":[\"s3:PutObject\",\"s3:List*\",\"s3:GetObjectVersion\",\"s3:GetObject\",\"s3:GetBucketAcl\"],\"Effect\":\"Allow\",\"Resource\":\"*\",\"Sid\":\"AllowS3Actions\"},{\"Action\":[\"codebuild:StopBuild\",\"codebuild:StartBuildBatch\",\"codebuild:StartBuild\",\"codebuild:BatchGetBuilds\",\"codebuild:BatchGetBuildBatches\"],\"Effect\":\"Allow\",\"Resource\":[\"arn:aws-us-gov:codebuild:us-gov-west-1:343663719667:project/codebuild-soma-deploy-server\",\"arn:aws-us-gov:codebuild:us-gov-west-1:343663719667:project/codebuild-soma-deploy-client\"],\"Sid\":\"AllowCodebuildActions\"},{\"Action\":\"codebuild:ListBuilds\",\"Effect\":\"Allow\",\"Resource\":\"*\",\"Sid\":\"AllowCodebuildList\"},{\"Action\":[\"codedeploy:RegisterApplicationRevision\",\"codedeploy:GetDeploymentGroup\",\"codedeploy:GetDeployment\",\"codedeploy:GetApplicationRevision\",\"codedeploy:GetApplication\",\"codedeploy:CreateDeployment\"],\"Effect\":\"Allow\",\"Resource\":[\"arn:aws-us-gov:codedeploy:us-gov-west-1:343663719667:deploymentgroup:Deploy-soma-deploy-server/deployment-group-Deploy-soma-deploy-server\",\"arn:aws-us-gov:codedeploy:us-gov-west-1:343663719667:deploymentgroup:Deploy-soma-deploy-client/deployment-group-Deploy-soma-deploy-client\",\"arn:aws-us-gov:codedeploy:us-gov-west-1:343663719667:application:Deploy-soma-deploy-server\",\"arn:aws-us-gov:codedeploy:us-gov-west-1:343663719667:application:Deploy-soma-deploy-client\"],\"Sid\":\"AllowCodeDeployActions\"},{\"Action\":[\"codedeploy:StopDeployment\",\"codedeploy:ListDeployments\",\"codedeploy:ListDeploymentGroups\",\"codedeploy:ListDeploymentConfigs\",\"codedeploy:ListApplications\",\"codedeploy:GetDeploymentTarget\",\"codedeploy:GetDeploymentConfig\",\"codedeploy:CreateDeploymentGroup\",\"codedeploy:CreateDeploymentConfig\"],\"Effect\":\"Allow\",\"Resource\":\"*\",\"Sid\":\"AllowCodeDeployConfigs\"},{\"Action\":[\"ecr:UploadLayerPart\",\"ecr:PutImage\",\"ecr:InitiateLayerUpload\",\"ecr:GetDownloadUrlForLayer\",\"ecr:CompleteLayerUpload\",\"ecr:BatchGetImage\",\"ecr:BatchCheckLayerAvailability\"],\"Effect\":\"Allow\",\"Resource\":[\"arn:aws-us-gov:ecr:us-gov-west-1:343663719667:repository/repo-server\",\"arn:aws-us-gov:ecr:us-gov-west-1:343663719667:repository/repo-client\"],\"Sid\":\"AllowECRActions\"},{\"Action\":\"ecr:GetAuthorizationToken\",\"Effect\":\"Allow\",\"Resource\":\"*\",\"Sid\":\"AllowECRAuthorization\"},{\"Action\":[\"ecs:UpdateTaskSet\",\"ecs:UpdateServicePrimaryTaskSet\",\"ecs:UpdateService\",\"ecs:UpdateCluster\",\"ecs:UpdateCapacityProvider\",\"ecs:StopTask\",\"ecs:StartTask\",\"ecs:RunTask\",\"ecs:RegisterTaskDefinition\",\"ecs:PutClusterCapacityProviders\",\"ecs:ListTasks\",\"ecs:ListServices\",\"ecs:DescribeTasks\",\"ecs:DescribeTaskSets\",\"ecs:DescribeTaskDefinition\",\"ecs:DescribeServices\",\"ecs:DeregisterContainerInstance\",\"ecs:DeleteTaskSet\",\"ecs:CreateTaskSet\"],\"Effect\":\"Allow\",\"Resource\":\"*\",\"Sid\":\"AllowCECSServiceActions\"},{\"Action\":\"iam:PassRole\",\"Effect\":\"Allow\",\"Resource\":\"*\",\"Sid\":\"AllowIAMPassRole\"},{\"Action\":[\"logs:PutLogEvents\",\"logs:CreateLogStream\",\"logs:CreateLogGroup\"],\"Effect\":\"Allow\",\"Resource\":\"*\",\"Sid\":\"AllowCloudWatchActions\"}],\"Version\":\"2012-10-17\"}",
            "policy_id": "ANPAVAA7UGTZWHOGIGWMX",
            "tags": {},
            "tags_all": {}
          },
          "sensitive_attributes": [],
          "private": "bnVsbA==",
          "dependencies": [
            "data.aws_caller_identity.id_current_account",
            "module.alb_client.aws_alb.alb",
            "module.alb_client.aws_alb_listener.http_listener",
            "module.alb_client.aws_alb_listener.https_listener",
            "module.alb_client.aws_alb_target_group.target_group",
            "module.alb_server.aws_alb.alb",
            "module.alb_server.aws_alb_listener.http_listener",
            "module.alb_server.aws_alb_listener.https_listener",
            "module.alb_server.aws_alb_target_group.target_group",
            "module.codebuild_client.aws_codebuild_project.aws_codebuild",
            "module.codebuild_server.aws_codebuild_project.aws_codebuild",
            "module.codedeploy_client.aws_codedeploy_app.main",
            "module.codedeploy_client.aws_codedeploy_deployment_group.main",
            "module.codedeploy_role.aws_iam_role.codedeploy_role",
            "module.codedeploy_server.aws_codedeploy_app.main",
            "module.codedeploy_server.aws_codedeploy_deployment_group.main",
            "module.devops_role.aws_iam_role.devops_role",
            "module.devops_role.aws_iam_role.ecs_task_excecution_role",
            "module.dynamodb_table.aws_dynamodb_table.dynamodb_table",
            "module.ecr_client.aws_ecr_repository.ecr_repository",
            "module.ecr_server.aws_ecr_repository.ecr_repository",
            "module.ecs_cluster.aws_ecs_cluster.ecs_cluster",
            "module.ecs_role.aws_iam_role.devops_role",
            "module.ecs_role.aws_iam_role.ecs_task_excecution_role",
            "module.ecs_role.aws_iam_role.ecs_task_role",
            "module.ecs_service_client.aws_ecs_service.ecs_service",
            "module.ecs_service_server.aws_ecs_service.ecs_service",
            "module.ecs_taks_definition_client.aws_ecs_task_definition.ecs_task_definition",
            "module.ecs_taks_definition_server.aws_ecs_task_definition.ecs_task_definition",
            "module.networking.aws_subnet.private_subnets_client",
            "module.networking.aws_subnet.private_subnets_server",
            "module.networking.aws_subnet.public_subnets",
            "module.networking.aws_vpc.aws_vpc",
            "module.networking.data.aws_availability_zones.az_availables",
            "module.policy_devops_role.data.aws_iam_policy_document.role_policy_devops_role",
            "module.security_group_alb_client.aws_security_group.sg",
            "module.security_group_alb_server.aws_security_group.sg",
            "module.security_group_ecs_task_client.aws_security_group.sg",
            "module.security_group_ecs_task_server.aws_security_group.sg",
            "module.sns.aws_sns_topic.sns_notifications",
            "module.target_group_client_blue.aws_alb_target_group.target_group",
            "module.target_group_client_green.aws_alb_target_group.target_group",
            "module.target_group_server_blue.aws_alb_target_group.target_group",
            "module.target_group_server_green.aws_alb_target_group.target_group"
          ],
          "create_before_destroy": true
        }
      ]
    },
    {
      "module": "module.policy_devops_role",
      "mode": "managed",
      "type": "aws_iam_role_policy_attachment",
      "name": "attachment2",
      "provider": "provider[\"registry.terraform.io/hashicorp/aws\"]",
      "instances": [
        {
          "index_key": 0,
          "schema_version": 0,
          "attributes": {
            "id": "DevOps-Role-20230303153140623400000006",
            "policy_arn": "arn:aws-us-gov:iam::343663719667:policy/Policy-devops-soma-deploy",
            "role": "DevOps-Role"
          },
          "sensitive_attributes": [],
          "private": "bnVsbA==",
          "dependencies": [
            "data.aws_caller_identity.id_current_account",
            "module.alb_client.aws_alb.alb",
            "module.alb_client.aws_alb_listener.http_listener",
            "module.alb_client.aws_alb_listener.https_listener",
            "module.alb_client.aws_alb_target_group.target_group",
            "module.alb_server.aws_alb.alb",
            "module.alb_server.aws_alb_listener.http_listener",
            "module.alb_server.aws_alb_listener.https_listener",
            "module.alb_server.aws_alb_target_group.target_group",
            "module.codebuild_client.aws_codebuild_project.aws_codebuild",
            "module.codebuild_server.aws_codebuild_project.aws_codebuild",
            "module.codedeploy_client.aws_codedeploy_app.main",
            "module.codedeploy_client.aws_codedeploy_deployment_group.main",
            "module.codedeploy_role.aws_iam_role.codedeploy_role",
            "module.codedeploy_server.aws_codedeploy_app.main",
            "module.codedeploy_server.aws_codedeploy_deployment_group.main",
            "module.devops_role.aws_iam_role.devops_role",
            "module.devops_role.aws_iam_role.ecs_task_excecution_role",
            "module.dynamodb_table.aws_dynamodb_table.dynamodb_table",
            "module.ecr_client.aws_ecr_repository.ecr_repository",
            "module.ecr_server.aws_ecr_repository.ecr_repository",
            "module.ecs_cluster.aws_ecs_cluster.ecs_cluster",
            "module.ecs_role.aws_iam_role.devops_role",
            "module.ecs_role.aws_iam_role.ecs_task_excecution_role",
            "module.ecs_role.aws_iam_role.ecs_task_role",
            "module.ecs_service_client.aws_ecs_service.ecs_service",
            "module.ecs_service_server.aws_ecs_service.ecs_service",
            "module.ecs_taks_definition_client.aws_ecs_task_definition.ecs_task_definition",
            "module.ecs_taks_definition_server.aws_ecs_task_definition.ecs_task_definition",
            "module.networking.aws_subnet.private_subnets_client",
            "module.networking.aws_subnet.private_subnets_server",
            "module.networking.aws_subnet.public_subnets",
            "module.networking.aws_vpc.aws_vpc",
            "module.networking.data.aws_availability_zones.az_availables",
            "module.policy_devops_role.aws_iam_policy.policy_for_role",
            "module.policy_devops_role.data.aws_iam_policy_document.role_policy_devops_role",
            "module.security_group_alb_client.aws_security_group.sg",
            "module.security_group_alb_server.aws_security_group.sg",
            "module.security_group_ecs_task_client.aws_security_group.sg",
            "module.security_group_ecs_task_server.aws_security_group.sg",
            "module.sns.aws_sns_topic.sns_notifications",
            "module.target_group_client_blue.aws_alb_target_group.target_group",
            "module.target_group_client_green.aws_alb_target_group.target_group",
            "module.target_group_server_blue.aws_alb_target_group.target_group",
            "module.target_group_server_green.aws_alb_target_group.target_group"
          ],
          "create_before_destroy": true
        }
      ]
    },
    {
      "module": "module.s3_assets",
      "mode": "managed",
      "type": "aws_s3_bucket",
      "name": "s3_bucket",
      "provider": "provider[\"registry.terraform.io/hashicorp/aws\"]",
      "instances": [
        {
          "schema_version": 0,
          "attributes": {
            "acceleration_status": "",
            "acl": "private",
            "arn": "arn:aws-us-gov:s3:::assets-us-gov-west-1-70dd",
            "bucket": "assets-us-gov-west-1-70dd",
            "bucket_domain_name": "assets-us-gov-west-1-70dd.s3.amazonaws.com",
            "bucket_prefix": null,
            "bucket_regional_domain_name": "assets-us-gov-west-1-70dd.s3.us-gov-west-1.amazonaws.com",
            "cors_rule": [],
            "force_destroy": true,
            "grant": [],
            "hosted_zone_id": "Z31GFT0UA1I2HV",
            "id": "assets-us-gov-west-1-70dd",
            "lifecycle_rule": [],
            "logging": [],
            "object_lock_configuration": [],
            "object_lock_enabled": false,
            "policy": null,
            "region": "us-gov-west-1",
            "replication_configuration": [],
            "request_payer": "BucketOwner",
            "server_side_encryption_configuration": [
              {
                "rule": [
                  {
                    "apply_server_side_encryption_by_default": [
                      {
                        "kms_master_key_id": "",
                        "sse_algorithm": "AES256"
                      }
                    ],
                    "bucket_key_enabled": false
                  }
                ]
              }
            ],
            "tags": {
              "Name": "assets-us-gov-west-1-70dd"
            },
            "tags_all": {
              "Name": "assets-us-gov-west-1-70dd"
            },
            "versioning": [
              {
                "enabled": false,
                "mfa_delete": false
              }
            ],
            "website": [],
            "website_domain": null,
            "website_endpoint": null
          },
          "sensitive_attributes": [],
          "private": "bnVsbA==",
          "dependencies": [
            "random_id.RANDOM_ID"
          ]
        }
      ]
    },
    {
      "module": "module.s3_codepipeline",
      "mode": "managed",
      "type": "aws_s3_bucket",
      "name": "s3_bucket",
      "provider": "provider[\"registry.terraform.io/hashicorp/aws\"]",
      "instances": [
        {
          "schema_version": 0,
          "attributes": {
            "acceleration_status": "",
            "acl": "private",
            "arn": "arn:aws-us-gov:s3:::codepipeline-us-gov-west-1-70dd",
            "bucket": "codepipeline-us-gov-west-1-70dd",
            "bucket_domain_name": "codepipeline-us-gov-west-1-70dd.s3.amazonaws.com",
            "bucket_prefix": null,
            "bucket_regional_domain_name": "codepipeline-us-gov-west-1-70dd.s3.us-gov-west-1.amazonaws.com",
            "cors_rule": [],
            "force_destroy": true,
            "grant": [],
            "hosted_zone_id": "Z31GFT0UA1I2HV",
            "id": "codepipeline-us-gov-west-1-70dd",
            "lifecycle_rule": [],
            "logging": [],
            "object_lock_configuration": [],
            "object_lock_enabled": false,
            "policy": null,
            "region": "us-gov-west-1",
            "replication_configuration": [],
            "request_payer": "BucketOwner",
            "server_side_encryption_configuration": [
              {
                "rule": [
                  {
                    "apply_server_side_encryption_by_default": [
                      {
                        "kms_master_key_id": "",
                        "sse_algorithm": "AES256"
                      }
                    ],
                    "bucket_key_enabled": false
                  }
                ]
              }
            ],
            "tags": {
              "Name": "codepipeline-us-gov-west-1-70dd"
            },
            "tags_all": {
              "Name": "codepipeline-us-gov-west-1-70dd"
            },
            "versioning": [
              {
                "enabled": false,
                "mfa_delete": false
              }
            ],
            "website": [],
            "website_domain": null,
            "website_endpoint": null
          },
          "sensitive_attributes": [],
          "private": "bnVsbA==",
          "dependencies": [
            "random_id.RANDOM_ID"
          ]
        }
      ]
    },
    {
      "module": "module.security_group_alb_client",
      "mode": "managed",
      "type": "aws_security_group",
      "name": "sg",
      "provider": "provider[\"registry.terraform.io/hashicorp/aws\"]",
      "instances": [
        {
          "schema_version": 1,
          "attributes": {
            "arn": "arn:aws-us-gov:ec2:us-gov-west-1:343663719667:security-group/sg-0169ae8c53a30e548",
            "description": "Controls access to the client ALB",
            "egress": [
              {
                "cidr_blocks": [
                  "0.0.0.0/0"
                ],
                "description": "",
                "from_port": 0,
                "ipv6_cidr_blocks": [],
                "prefix_list_ids": [],
                "protocol": "-1",
                "security_groups": [],
                "self": false,
                "to_port": 0
              }
            ],
            "id": "sg-0169ae8c53a30e548",
            "ingress": [
              {
                "cidr_blocks": [
                  "0.0.0.0/0"
                ],
                "description": "",
                "from_port": 80,
                "ipv6_cidr_blocks": [],
                "prefix_list_ids": [],
                "protocol": "tcp",
                "security_groups": [],
                "self": false,
                "to_port": 80
              }
            ],
            "name": "alb-soma-deploy-client",
            "name_prefix": "",
            "owner_id": "343663719667",
            "revoke_rules_on_delete": false,
            "tags": {
              "Name": "alb-soma-deploy-client"
            },
            "tags_all": {
              "Name": "alb-soma-deploy-client"
            },
            "timeouts": null,
            "vpc_id": "vpc-0de999c9252cc5dee"
          },
          "sensitive_attributes": [],
          "private": "eyJlMmJmYjczMC1lY2FhLTExZTYtOGY4OC0zNDM2M2JjN2M0YzAiOnsiY3JlYXRlIjo2MDAwMDAwMDAwMDAsImRlbGV0ZSI6OTAwMDAwMDAwMDAwfSwic2NoZW1hX3ZlcnNpb24iOiIxIn0=",
          "dependencies": [
            "module.networking.aws_vpc.aws_vpc"
          ],
          "create_before_destroy": true
        }
      ]
    },
    {
      "module": "module.security_group_alb_server",
      "mode": "managed",
      "type": "aws_security_group",
      "name": "sg",
      "provider": "provider[\"registry.terraform.io/hashicorp/aws\"]",
      "instances": [
        {
          "schema_version": 1,
          "attributes": {
            "arn": "arn:aws-us-gov:ec2:us-gov-west-1:343663719667:security-group/sg-042c21e476e10e4f8",
            "description": "Controls access to the server ALB",
            "egress": [
              {
                "cidr_blocks": [
                  "0.0.0.0/0"
                ],
                "description": "",
                "from_port": 0,
                "ipv6_cidr_blocks": [],
                "prefix_list_ids": [],
                "protocol": "-1",
                "security_groups": [],
                "self": false,
                "to_port": 0
              }
            ],
            "id": "sg-042c21e476e10e4f8",
            "ingress": [
              {
                "cidr_blocks": [
                  "0.0.0.0/0"
                ],
                "description": "",
                "from_port": 80,
                "ipv6_cidr_blocks": [],
                "prefix_list_ids": [],
                "protocol": "tcp",
                "security_groups": [],
                "self": false,
                "to_port": 80
              }
            ],
            "name": "alb-soma-deploy-server",
            "name_prefix": "",
            "owner_id": "343663719667",
            "revoke_rules_on_delete": false,
            "tags": {
              "Name": "alb-soma-deploy-server"
            },
            "tags_all": {
              "Name": "alb-soma-deploy-server"
            },
            "timeouts": null,
            "vpc_id": "vpc-0de999c9252cc5dee"
          },
          "sensitive_attributes": [],
          "private": "eyJlMmJmYjczMC1lY2FhLTExZTYtOGY4OC0zNDM2M2JjN2M0YzAiOnsiY3JlYXRlIjo2MDAwMDAwMDAwMDAsImRlbGV0ZSI6OTAwMDAwMDAwMDAwfSwic2NoZW1hX3ZlcnNpb24iOiIxIn0=",
          "dependencies": [
            "module.networking.aws_vpc.aws_vpc"
          ],
          "create_before_destroy": true
        }
      ]
    },
    {
      "module": "module.security_group_ecs_task_client",
      "mode": "managed",
      "type": "aws_security_group",
      "name": "sg",
      "provider": "provider[\"registry.terraform.io/hashicorp/aws\"]",
      "instances": [
        {
          "schema_version": 1,
          "attributes": {
            "arn": "arn:aws-us-gov:ec2:us-gov-west-1:343663719667:security-group/sg-06ed7791f063d0f16",
            "description": "Controls access to the client ECS task",
            "egress": [
              {
                "cidr_blocks": [
                  "0.0.0.0/0"
                ],
                "description": "",
                "from_port": 0,
                "ipv6_cidr_blocks": [],
                "prefix_list_ids": [],
                "protocol": "-1",
                "security_groups": [],
                "self": false,
                "to_port": 0
              }
            ],
            "id": "sg-06ed7791f063d0f16",
            "ingress": [
              {
                "cidr_blocks": [],
                "description": "",
                "from_port": 80,
                "ipv6_cidr_blocks": [],
                "prefix_list_ids": [],
                "protocol": "tcp",
                "security_groups": [
                  "sg-0169ae8c53a30e548"
                ],
                "self": false,
                "to_port": 80
              }
            ],
            "name": "ecs-task-soma-deploy-client",
            "name_prefix": "",
            "owner_id": "343663719667",
            "revoke_rules_on_delete": false,
            "tags": {
              "Name": "ecs-task-soma-deploy-client"
            },
            "tags_all": {
              "Name": "ecs-task-soma-deploy-client"
            },
            "timeouts": null,
            "vpc_id": "vpc-0de999c9252cc5dee"
          },
          "sensitive_attributes": [],
          "private": "eyJlMmJmYjczMC1lY2FhLTExZTYtOGY4OC0zNDM2M2JjN2M0YzAiOnsiY3JlYXRlIjo2MDAwMDAwMDAwMDAsImRlbGV0ZSI6OTAwMDAwMDAwMDAwfSwic2NoZW1hX3ZlcnNpb24iOiIxIn0=",
          "dependencies": [
            "module.networking.aws_vpc.aws_vpc",
            "module.security_group_alb_client.aws_security_group.sg"
          ],
          "create_before_destroy": true
        }
      ]
    },
    {
      "module": "module.security_group_ecs_task_server",
      "mode": "managed",
      "type": "aws_security_group",
      "name": "sg",
      "provider": "provider[\"registry.terraform.io/hashicorp/aws\"]",
      "instances": [
        {
          "schema_version": 1,
          "attributes": {
            "arn": "arn:aws-us-gov:ec2:us-gov-west-1:343663719667:security-group/sg-0626756e266027d14",
            "description": "Controls access to the server ECS task",
            "egress": [
              {
                "cidr_blocks": [
                  "0.0.0.0/0"
                ],
                "description": "",
                "from_port": 0,
                "ipv6_cidr_blocks": [],
                "prefix_list_ids": [],
                "protocol": "-1",
                "security_groups": [],
                "self": false,
                "to_port": 0
              }
            ],
            "id": "sg-0626756e266027d14",
            "ingress": [
              {
                "cidr_blocks": [],
                "description": "",
                "from_port": 3001,
                "ipv6_cidr_blocks": [],
                "prefix_list_ids": [],
                "protocol": "tcp",
                "security_groups": [
                  "sg-042c21e476e10e4f8"
                ],
                "self": false,
                "to_port": 3001
              }
            ],
            "name": "ecs-task-soma-deploy-server",
            "name_prefix": "",
            "owner_id": "343663719667",
            "revoke_rules_on_delete": false,
            "tags": {
              "Name": "ecs-task-soma-deploy-server"
            },
            "tags_all": {
              "Name": "ecs-task-soma-deploy-server"
            },
            "timeouts": null,
            "vpc_id": "vpc-0de999c9252cc5dee"
          },
          "sensitive_attributes": [],
          "private": "eyJlMmJmYjczMC1lY2FhLTExZTYtOGY4OC0zNDM2M2JjN2M0YzAiOnsiY3JlYXRlIjo2MDAwMDAwMDAwMDAsImRlbGV0ZSI6OTAwMDAwMDAwMDAwfSwic2NoZW1hX3ZlcnNpb24iOiIxIn0=",
          "dependencies": [
            "module.networking.aws_vpc.aws_vpc",
            "module.security_group_alb_server.aws_security_group.sg"
          ],
          "create_before_destroy": true
        }
      ]
    },
    {
      "module": "module.sns",
      "mode": "managed",
      "type": "aws_sns_topic",
      "name": "sns_notifications",
      "provider": "provider[\"registry.terraform.io/hashicorp/aws\"]",
      "instances": [
        {
          "schema_version": 0,
          "attributes": {
            "application_failure_feedback_role_arn": "",
            "application_success_feedback_role_arn": "",
            "application_success_feedback_sample_rate": 0,
            "arn": "arn:aws-us-gov:sns:us-gov-west-1:343663719667:sns-soma-deploy",
            "content_based_deduplication": false,
            "delivery_policy": "",
            "display_name": "",
            "fifo_topic": false,
            "firehose_failure_feedback_role_arn": "",
            "firehose_success_feedback_role_arn": "",
            "firehose_success_feedback_sample_rate": 0,
            "http_failure_feedback_role_arn": "",
            "http_success_feedback_role_arn": "",
            "http_success_feedback_sample_rate": 0,
            "id": "arn:aws-us-gov:sns:us-gov-west-1:343663719667:sns-soma-deploy",
            "kms_master_key_id": "",
            "lambda_failure_feedback_role_arn": "",
            "lambda_success_feedback_role_arn": "",
            "lambda_success_feedback_sample_rate": 0,
            "name": "sns-soma-deploy",
            "name_prefix": "",
            "owner": "343663719667",
            "policy": "{\"Version\":\"2008-10-17\",\"Id\":\"__default_policy_ID\",\"Statement\":[{\"Sid\":\"__default_statement_ID\",\"Effect\":\"Allow\",\"Principal\":{\"AWS\":\"*\"},\"Action\":[\"SNS:GetTopicAttributes\",\"SNS:SetTopicAttributes\",\"SNS:AddPermission\",\"SNS:RemovePermission\",\"SNS:DeleteTopic\",\"SNS:Subscribe\",\"SNS:ListSubscriptionsByTopic\",\"SNS:Publish\"],\"Resource\":\"arn:aws-us-gov:sns:us-gov-west-1:343663719667:sns-soma-deploy\",\"Condition\":{\"StringEquals\":{\"AWS:SourceOwner\":\"343663719667\"}}}]}",
            "sqs_failure_feedback_role_arn": "",
            "sqs_success_feedback_role_arn": "",
            "sqs_success_feedback_sample_rate": 0,
            "tags": {},
            "tags_all": {}
          },
          "sensitive_attributes": [],
          "private": "bnVsbA==",
          "create_before_destroy": true
        }
      ]
    },
    {
      "module": "module.target_group_client_blue",
      "mode": "managed",
      "type": "aws_alb_target_group",
      "name": "target_group",
      "provider": "provider[\"registry.terraform.io/hashicorp/aws\"]",
      "instances": [
        {
          "index_key": 0,
          "schema_version": 0,
          "attributes": {
            "arn": "arn:aws-us-gov:elasticloadbalancing:us-gov-west-1:343663719667:targetgroup/tg-soma-deploy-c-b/a951904d52987582",
            "arn_suffix": "targetgroup/tg-soma-deploy-c-b/a951904d52987582",
            "connection_termination": false,
            "deregistration_delay": "5",
            "health_check": [
              {
                "enabled": true,
                "healthy_threshold": 2,
                "interval": 15,
                "matcher": "200",
                "path": "/",
                "port": "80",
                "protocol": "HTTP",
                "timeout": 10,
                "unhealthy_threshold": 3
              }
            ],
            "id": "arn:aws-us-gov:elasticloadbalancing:us-gov-west-1:343663719667:targetgroup/tg-soma-deploy-c-b/a951904d52987582",
            "lambda_multi_value_headers_enabled": false,
            "load_balancing_algorithm_type": "round_robin",
            "name": "tg-soma-deploy-c-b",
            "name_prefix": null,
            "port": 80,
            "preserve_client_ip": null,
            "protocol": "HTTP",
            "protocol_version": "HTTP1",
            "proxy_protocol_v2": false,
            "slow_start": 0,
            "stickiness": [
              {
                "cookie_duration": 86400,
                "cookie_name": "",
                "enabled": false,
                "type": "lb_cookie"
              }
            ],
            "tags": {},
            "tags_all": {},
            "target_type": "ip",
            "vpc_id": "vpc-0de999c9252cc5dee"
          },
          "sensitive_attributes": [],
          "private": "bnVsbA==",
          "dependencies": [
            "module.networking.aws_vpc.aws_vpc"
          ],
          "create_before_destroy": true
        }
      ]
    },
    {
      "module": "module.target_group_client_green",
      "mode": "managed",
      "type": "aws_alb_target_group",
      "name": "target_group",
      "provider": "provider[\"registry.terraform.io/hashicorp/aws\"]",
      "instances": [
        {
          "index_key": 0,
          "schema_version": 0,
          "attributes": {
            "arn": "arn:aws-us-gov:elasticloadbalancing:us-gov-west-1:343663719667:targetgroup/tg-soma-deploy-c-g/eeaafb5168e80d21",
            "arn_suffix": "targetgroup/tg-soma-deploy-c-g/eeaafb5168e80d21",
            "connection_termination": false,
            "deregistration_delay": "5",
            "health_check": [
              {
                "enabled": true,
                "healthy_threshold": 2,
                "interval": 15,
                "matcher": "200",
                "path": "/",
                "port": "80",
                "protocol": "HTTP",
                "timeout": 10,
                "unhealthy_threshold": 3
              }
            ],
            "id": "arn:aws-us-gov:elasticloadbalancing:us-gov-west-1:343663719667:targetgroup/tg-soma-deploy-c-g/eeaafb5168e80d21",
            "lambda_multi_value_headers_enabled": false,
            "load_balancing_algorithm_type": "round_robin",
            "name": "tg-soma-deploy-c-g",
            "name_prefix": null,
            "port": 80,
            "preserve_client_ip": null,
            "protocol": "HTTP",
            "protocol_version": "HTTP1",
            "proxy_protocol_v2": false,
            "slow_start": 0,
            "stickiness": [
              {
                "cookie_duration": 86400,
                "cookie_name": "",
                "enabled": false,
                "type": "lb_cookie"
              }
            ],
            "tags": {},
            "tags_all": {},
            "target_type": "ip",
            "vpc_id": "vpc-0de999c9252cc5dee"
          },
          "sensitive_attributes": [],
          "private": "bnVsbA==",
          "dependencies": [
            "module.networking.aws_vpc.aws_vpc"
          ],
          "create_before_destroy": true
        }
      ]
    },
    {
      "module": "module.target_group_server_blue",
      "mode": "managed",
      "type": "aws_alb_target_group",
      "name": "target_group",
      "provider": "provider[\"registry.terraform.io/hashicorp/aws\"]",
      "instances": [
        {
          "index_key": 0,
          "schema_version": 0,
          "attributes": {
            "arn": "arn:aws-us-gov:elasticloadbalancing:us-gov-west-1:343663719667:targetgroup/tg-soma-deploy-s-b/14464744ea6a2b26",
            "arn_suffix": "targetgroup/tg-soma-deploy-s-b/14464744ea6a2b26",
            "connection_termination": false,
            "deregistration_delay": "5",
            "health_check": [
              {
                "enabled": true,
                "healthy_threshold": 2,
                "interval": 15,
                "matcher": "200",
                "path": "/status",
                "port": "3001",
                "protocol": "HTTP",
                "timeout": 10,
                "unhealthy_threshold": 3
              }
            ],
            "id": "arn:aws-us-gov:elasticloadbalancing:us-gov-west-1:343663719667:targetgroup/tg-soma-deploy-s-b/14464744ea6a2b26",
            "lambda_multi_value_headers_enabled": false,
            "load_balancing_algorithm_type": "round_robin",
            "name": "tg-soma-deploy-s-b",
            "name_prefix": null,
            "port": 80,
            "preserve_client_ip": null,
            "protocol": "HTTP",
            "protocol_version": "HTTP1",
            "proxy_protocol_v2": false,
            "slow_start": 0,
            "stickiness": [
              {
                "cookie_duration": 86400,
                "cookie_name": "",
                "enabled": false,
                "type": "lb_cookie"
              }
            ],
            "tags": {},
            "tags_all": {},
            "target_type": "ip",
            "vpc_id": "vpc-0de999c9252cc5dee"
          },
          "sensitive_attributes": [],
          "private": "bnVsbA==",
          "dependencies": [
            "module.networking.aws_vpc.aws_vpc"
          ],
          "create_before_destroy": true
        }
      ]
    },
    {
      "module": "module.target_group_server_green",
      "mode": "managed",
      "type": "aws_alb_target_group",
      "name": "target_group",
      "provider": "provider[\"registry.terraform.io/hashicorp/aws\"]",
      "instances": [
        {
          "index_key": 0,
          "schema_version": 0,
          "attributes": {
            "arn": "arn:aws-us-gov:elasticloadbalancing:us-gov-west-1:343663719667:targetgroup/tg-soma-deploy-s-g/2ba2de18a21735a8",
            "arn_suffix": "targetgroup/tg-soma-deploy-s-g/2ba2de18a21735a8",
            "connection_termination": false,
            "deregistration_delay": "5",
            "health_check": [
              {
                "enabled": true,
                "healthy_threshold": 2,
                "interval": 15,
                "matcher": "200",
                "path": "/status",
                "port": "3001",
                "protocol": "HTTP",
                "timeout": 10,
                "unhealthy_threshold": 3
              }
            ],
            "id": "arn:aws-us-gov:elasticloadbalancing:us-gov-west-1:343663719667:targetgroup/tg-soma-deploy-s-g/2ba2de18a21735a8",
            "lambda_multi_value_headers_enabled": false,
            "load_balancing_algorithm_type": "round_robin",
            "name": "tg-soma-deploy-s-g",
            "name_prefix": null,
            "port": 80,
            "preserve_client_ip": null,
            "protocol": "HTTP",
            "protocol_version": "HTTP1",
            "proxy_protocol_v2": false,
            "slow_start": 0,
            "stickiness": [
              {
                "cookie_duration": 86400,
                "cookie_name": "",
                "enabled": false,
                "type": "lb_cookie"
              }
            ],
            "tags": {},
            "tags_all": {},
            "target_type": "ip",
            "vpc_id": "vpc-0de999c9252cc5dee"
          },
          "sensitive_attributes": [],
          "private": "bnVsbA==",
          "dependencies": [
            "module.networking.aws_vpc.aws_vpc"
          ],
          "create_before_destroy": true
        }
      ]
    }
  ]
}

